{
  "version": 4,
  "terraform_version": "0.14.3",
  "serial": 44,
  "lineage": "3bed38a2-a6d7-2dd3-36d7-9108266066a2",
  "outputs": {
    "function_result": {
      "value": {
        "base64_encode_content": false,
        "content": "{\"message\": \"Hello Oracle\"}",
        "fn_intent": "cloudevent",
        "fn_invoke_type": "sync",
        "function_id": "ocid1.fnfunc.oc1.ap-sydney-1.aaaaaaaaac5qhzauokuijike7k7yyw2lea67b65cwr3i4v3les6t2lvohtpq",
        "id": "2021-02-01 04:20:37.046543 +0000 UTC",
        "input_body_source_path": null,
        "invoke_endpoint": "https://hro5ctlqozq.ap-sydney-1.functions.oci.oraclecloud.com",
        "invoke_function_body": "{\"name\":\"Oracle\"}",
        "invoke_function_body_base64_encoded": null,
        "timeouts": null
      },
      "type": [
        "object",
        {
          "base64_encode_content": "bool",
          "content": "string",
          "fn_intent": "string",
          "fn_invoke_type": "string",
          "function_id": "string",
          "id": "string",
          "input_body_source_path": "string",
          "invoke_endpoint": "string",
          "invoke_function_body": "string",
          "invoke_function_body_base64_encoded": "string",
          "timeouts": [
            "object",
            {
              "create": "string",
              "delete": "string",
              "update": "string"
            }
          ]
        }
      ]
    },
    "functions_config": {
      "value": {
        "compartments": {},
        "dynamic_groups": {},
        "groups_and_users": {
          "groups": {
            "Functions-Group": {
              "compartment_id": "ocid1.tenancy.oc1..aaaaaaaaa3qmjxr43tjexx75r6gwk6vjw22ermohbw2vbxyhczksgjir7xdq",
              "defined_tags": {
                "A-Team.Creator": "oracleidentitycloudservice/venugopal.naik@oracle.com"
              },
              "description": "Functions Group",
              "freeform_tags": {},
              "id": "ocid1.group.oc1..aaaaaaaaap5y55k77ehgskq5dn4ppmemw7tsvzssk2jdlhtbgoev5pf4jqva",
              "name": "Functions-Group",
              "state": "ACTIVE",
              "time_created": "2021-02-01 04:20:06.549 +0000 UTC"
            }
          },
          "users": {
            "Functions-User-01": {
              "capabilities": [
                {
                  "can_use_api_keys": true,
                  "can_use_auth_tokens": true,
                  "can_use_console_password": true,
                  "can_use_customer_secret_keys": true,
                  "can_use_oauth2client_credentials": true,
                  "can_use_smtp_credentials": true
                }
              ],
              "compartment_id": "ocid1.tenancy.oc1..aaaaaaaaa3qmjxr43tjexx75r6gwk6vjw22ermohbw2vbxyhczksgjir7xdq",
              "defined_tags": {
                "A-Team.Creator": "oracleidentitycloudservice/venugopal.naik@oracle.com"
              },
              "description": "Functions User",
              "email": "\u003cYour-Functions-User@oracle.com\u003e",
              "freeform_tags": {},
              "groups": [
                {
                  "group_id": "ocid1.group.oc1..aaaaaaaaap5y55k77ehgskq5dn4ppmemw7tsvzssk2jdlhtbgoev5pf4jqva",
                  "group_name": "Functions-Group"
                }
              ],
              "id": "ocid1.user.oc1..aaaaaaaahah2npmc2lc4lqffcbx7ayrue6towzao4prvui52ijkun65gvcrq",
              "name": "Functions-User-01",
              "state": "ACTIVE"
            }
          }
        },
        "policies": {
          "Functions-Policy": {
            "ETag": "c7c05f4df0cb966f150b42d5df665f73523fe745",
            "compartment_id": "ocid1.tenancy.oc1..aaaaaaaaa3qmjxr43tjexx75r6gwk6vjw22ermohbw2vbxyhczksgjir7xdq",
            "defined_tags": {
              "A-Team.Creator": "oracleidentitycloudservice/venugopal.naik@oracle.com"
            },
            "description": "Functions Policy",
            "freeform_tags": {},
            "id": "ocid1.policy.oc1..aaaaaaaadvd6y7mmpmtz6jnr3xl4a6igk54jiszri2i2zojr6db455jyttnq",
            "lastUpdateETag": "c7c05f4df0cb966f150b42d5df665f73523fe745",
            "name": "Functions-Policy",
            "policyHash": "3254a9ae32e49ba515883bd4e093f3ff",
            "state": "ACTIVE",
            "statements": [
              "allow group Functions-Group to use cloud-shell in tenancy",
              "allow group Functions-Group to manage repos in tenancy",
              "allow group Functions-Group to read objectstorage-namespaces in tenancy",
              "allow group Functions-Group to read metrics in tenancy",
              "allow group Functions-Group to manage functions-family in tenancy",
              "allow group Functions-Group to use virtual-network-family in tenancy"
            ],
            "time_created": "2021-02-01 04:20:10.967 +0000 UTC",
            "version_date": "2021-02-01"
          }
        }
      },
      "type": [
        "object",
        {
          "compartments": [
            "object",
            {}
          ],
          "dynamic_groups": [
            "object",
            {}
          ],
          "groups_and_users": [
            "object",
            {
              "groups": [
                "object",
                {
                  "Functions-Group": [
                    "object",
                    {
                      "compartment_id": "string",
                      "defined_tags": [
                        "map",
                        "string"
                      ],
                      "description": "string",
                      "freeform_tags": [
                        "map",
                        "string"
                      ],
                      "id": "string",
                      "name": "string",
                      "state": "string",
                      "time_created": "string"
                    }
                  ]
                }
              ],
              "users": [
                "object",
                {
                  "Functions-User-01": [
                    "object",
                    {
                      "capabilities": [
                        "list",
                        [
                          "object",
                          {
                            "can_use_api_keys": "bool",
                            "can_use_auth_tokens": "bool",
                            "can_use_console_password": "bool",
                            "can_use_customer_secret_keys": "bool",
                            "can_use_oauth2client_credentials": "bool",
                            "can_use_smtp_credentials": "bool"
                          }
                        ]
                      ],
                      "compartment_id": "string",
                      "defined_tags": [
                        "map",
                        "string"
                      ],
                      "description": "string",
                      "email": "string",
                      "freeform_tags": [
                        "map",
                        "string"
                      ],
                      "groups": [
                        "tuple",
                        [
                          [
                            "object",
                            {
                              "group_id": "string",
                              "group_name": "string"
                            }
                          ]
                        ]
                      ],
                      "id": "string",
                      "name": "string",
                      "state": "string"
                    }
                  ]
                }
              ]
            }
          ],
          "policies": [
            "object",
            {
              "Functions-Policy": [
                "object",
                {
                  "ETag": "string",
                  "compartment_id": "string",
                  "defined_tags": [
                    "map",
                    "string"
                  ],
                  "description": "string",
                  "freeform_tags": [
                    "map",
                    "string"
                  ],
                  "id": "string",
                  "lastUpdateETag": "string",
                  "name": "string",
                  "policyHash": "string",
                  "state": "string",
                  "statements": [
                    "list",
                    "string"
                  ],
                  "time_created": "string",
                  "version_date": "string"
                }
              ]
            }
          ]
        }
      ]
    }
  },
  "resources": [
    {
      "mode": "data",
      "type": "oci_identity_region_subscriptions",
      "name": "this",
      "provider": "provider[\"registry.terraform.io/hashicorp/oci\"]",
      "instances": [
        {
          "schema_version": 0,
          "attributes": {
            "filter": null,
            "id": "IdentityRegionSubscriptionsDataSource-358839365",
            "region_subscriptions": [
              {
                "is_home_region": false,
                "region_key": "AMS",
                "region_name": "eu-amsterdam-1",
                "state": "READY",
                "tenancy_id": ""
              },
              {
                "is_home_region": false,
                "region_key": "BOM",
                "region_name": "ap-mumbai-1",
                "state": "READY",
                "tenancy_id": ""
              },
              {
                "is_home_region": false,
                "region_key": "CWL",
                "region_name": "uk-cardiff-1",
                "state": "READY",
                "tenancy_id": ""
              },
              {
                "is_home_region": false,
                "region_key": "DXB",
                "region_name": "me-dubai-1",
                "state": "READY",
                "tenancy_id": ""
              },
              {
                "is_home_region": false,
                "region_key": "FRA",
                "region_name": "eu-frankfurt-1",
                "state": "READY",
                "tenancy_id": ""
              },
              {
                "is_home_region": false,
                "region_key": "GRU",
                "region_name": "sa-saopaulo-1",
                "state": "READY",
                "tenancy_id": ""
              },
              {
                "is_home_region": false,
                "region_key": "HYD",
                "region_name": "ap-hyderabad-1",
                "state": "READY",
                "tenancy_id": ""
              },
              {
                "is_home_region": true,
                "region_key": "IAD",
                "region_name": "us-ashburn-1",
                "state": "READY",
                "tenancy_id": ""
              },
              {
                "is_home_region": false,
                "region_key": "ICN",
                "region_name": "ap-seoul-1",
                "state": "READY",
                "tenancy_id": ""
              },
              {
                "is_home_region": false,
                "region_key": "JED",
                "region_name": "me-jeddah-1",
                "state": "READY",
                "tenancy_id": ""
              },
              {
                "is_home_region": false,
                "region_key": "KIX",
                "region_name": "ap-osaka-1",
                "state": "READY",
                "tenancy_id": ""
              },
              {
                "is_home_region": false,
                "region_key": "LHR",
                "region_name": "uk-london-1",
                "state": "READY",
                "tenancy_id": ""
              },
              {
                "is_home_region": false,
                "region_key": "MEL",
                "region_name": "ap-melbourne-1",
                "state": "READY",
                "tenancy_id": ""
              },
              {
                "is_home_region": false,
                "region_key": "NRT",
                "region_name": "ap-tokyo-1",
                "state": "READY",
                "tenancy_id": ""
              },
              {
                "is_home_region": false,
                "region_key": "PHX",
                "region_name": "us-phoenix-1",
                "state": "READY",
                "tenancy_id": ""
              },
              {
                "is_home_region": false,
                "region_key": "SCL",
                "region_name": "sa-santiago-1",
                "state": "READY",
                "tenancy_id": ""
              },
              {
                "is_home_region": false,
                "region_key": "SJC",
                "region_name": "us-sanjose-1",
                "state": "READY",
                "tenancy_id": ""
              },
              {
                "is_home_region": false,
                "region_key": "SYD",
                "region_name": "ap-sydney-1",
                "state": "READY",
                "tenancy_id": ""
              },
              {
                "is_home_region": false,
                "region_key": "YNY",
                "region_name": "ap-chuncheon-1",
                "state": "READY",
                "tenancy_id": ""
              },
              {
                "is_home_region": false,
                "region_key": "YUL",
                "region_name": "ca-montreal-1",
                "state": "READY",
                "tenancy_id": ""
              },
              {
                "is_home_region": false,
                "region_key": "YYZ",
                "region_name": "ca-toronto-1",
                "state": "READY",
                "tenancy_id": ""
              },
              {
                "is_home_region": false,
                "region_key": "ZRH",
                "region_name": "eu-zurich-1",
                "state": "READY",
                "tenancy_id": ""
              }
            ],
            "tenancy_id": "ocid1.tenancy.oc1..aaaaaaaaa3qmjxr43tjexx75r6gwk6vjw22ermohbw2vbxyhczksgjir7xdq"
          },
          "sensitive_attributes": []
        }
      ]
    },
    {
      "mode": "managed",
      "type": "oci_functions_application",
      "name": "this",
      "provider": "provider[\"registry.terraform.io/hashicorp/oci\"]",
      "instances": [
        {
          "schema_version": 0,
          "attributes": {
            "compartment_id": "ocid1.compartment.oc1..aaaaaaaacnmuyhg2mpb3z6v6egermq47nai3jk5qaoieg3ztinqhamalealq",
            "config": {
              "name": "Oracle"
            },
            "defined_tags": {
              "A-Team.Creator": "oracleidentitycloudservice/venugopal.naik@oracle.com",
              "A-Team.Owner": "oracleidentitycloudservice/venugopal.naik@oracle.com"
            },
            "display_name": "test_app",
            "freeform_tags": {},
            "id": "ocid1.fnapp.oc1.ap-sydney-1.aaaaaaaaah3euyaobee6ie4xaxlxlpdmdgauibbb2mkygwaxthro5ctlqozq",
            "state": "ACTIVE",
            "subnet_ids": [
              "ocid1.subnet.oc1.ap-sydney-1.aaaaaaaa4pvggrwhir5fz3jp4zv3yfrcfaaykhqx4adgl7fx4blzqep7rraq"
            ],
            "syslog_url": "",
            "time_created": "2021-02-01 04:20:14.752 +0000 UTC",
            "time_updated": "2021-02-01 04:20:14.752 +0000 UTC",
            "timeouts": null
          },
          "sensitive_attributes": [],
          "private": "eyJlMmJmYjczMC1lY2FhLTExZTYtOGY4OC0zNDM2M2JjN2M0YzAiOnsiY3JlYXRlIjoxMjAwMDAwMDAwMDAwLCJkZWxldGUiOjEyMDAwMDAwMDAwMDAsInVwZGF0ZSI6MTIwMDAwMDAwMDAwMH19",
          "dependencies": [
            "module.oci_network.oci_core_internet_gateway.this",
            "module.oci_network.oci_core_route_table.this",
            "module.oci_network.oci_core_vcn.this",
            "module.oci_subnets.data.oci_identity_availability_domains.this",
            "module.oci_subnets.oci_core_subnet.this"
          ]
        }
      ]
    },
    {
      "mode": "managed",
      "type": "oci_functions_function",
      "name": "this",
      "provider": "provider[\"registry.terraform.io/hashicorp/oci\"]",
      "instances": [
        {
          "schema_version": 0,
          "attributes": {
            "application_id": "ocid1.fnapp.oc1.ap-sydney-1.aaaaaaaaah3euyaobee6ie4xaxlxlpdmdgauibbb2mkygwaxthro5ctlqozq",
            "compartment_id": "ocid1.compartment.oc1..aaaaaaaacnmuyhg2mpb3z6v6egermq47nai3jk5qaoieg3ztinqhamalealq",
            "config": {
              "name": "Oracle"
            },
            "defined_tags": {
              "A-Team.Creator": "oracleidentitycloudservice/venugopal.naik@oracle.com",
              "A-Team.Owner": "oracleidentitycloudservice/venugopal.naik@oracle.com"
            },
            "display_name": "hello_world",
            "freeform_tags": {},
            "id": "ocid1.fnfunc.oc1.ap-sydney-1.aaaaaaaaac5qhzauokuijike7k7yyw2lea67b65cwr3i4v3les6t2lvohtpq",
            "image": "syd.ocir.io/ociateam/venu-helloworld:0.0.1",
            "image_digest": "sha256:cd356145740992ac1aa74a3efb151ee9abfa44643e1a525e07ab20f5e436ece4",
            "invoke_endpoint": "https://hro5ctlqozq.ap-sydney-1.functions.oci.oraclecloud.com",
            "memory_in_mbs": "128",
            "state": "ACTIVE",
            "time_created": "2021-02-01 04:20:15.587 +0000 UTC",
            "time_updated": "2021-02-01 04:20:15.587 +0000 UTC",
            "timeout_in_seconds": 120,
            "timeouts": null
          },
          "sensitive_attributes": [],
          "private": "eyJlMmJmYjczMC1lY2FhLTExZTYtOGY4OC0zNDM2M2JjN2M0YzAiOnsiY3JlYXRlIjoxMjAwMDAwMDAwMDAwLCJkZWxldGUiOjEyMDAwMDAwMDAwMDAsInVwZGF0ZSI6MTIwMDAwMDAwMDAwMH19",
          "dependencies": [
            "module.oci_network.oci_core_internet_gateway.this",
            "module.oci_network.oci_core_route_table.this",
            "module.oci_network.oci_core_vcn.this",
            "module.oci_subnets.data.oci_identity_availability_domains.this",
            "module.oci_subnets.oci_core_subnet.this",
            "oci_functions_application.this"
          ]
        }
      ]
    },
    {
      "mode": "managed",
      "type": "oci_functions_invoke_function",
      "name": "this",
      "provider": "provider[\"registry.terraform.io/hashicorp/oci\"]",
      "instances": [
        {
          "schema_version": 0,
          "attributes": {
            "base64_encode_content": false,
            "content": "{\"message\": \"Hello Oracle\"}",
            "fn_intent": "cloudevent",
            "fn_invoke_type": "sync",
            "function_id": "ocid1.fnfunc.oc1.ap-sydney-1.aaaaaaaaac5qhzauokuijike7k7yyw2lea67b65cwr3i4v3les6t2lvohtpq",
            "id": "2021-02-01 04:20:37.046543 +0000 UTC",
            "input_body_source_path": null,
            "invoke_endpoint": "https://hro5ctlqozq.ap-sydney-1.functions.oci.oraclecloud.com",
            "invoke_function_body": "{\"name\":\"Oracle\"}",
            "invoke_function_body_base64_encoded": null,
            "timeouts": null
          },
          "sensitive_attributes": [],
          "private": "eyJlMmJmYjczMC1lY2FhLTExZTYtOGY4OC0zNDM2M2JjN2M0YzAiOnsiY3JlYXRlIjoxMjAwMDAwMDAwMDAwLCJkZWxldGUiOjEyMDAwMDAwMDAwMDAsInVwZGF0ZSI6MTIwMDAwMDAwMDAwMH19",
          "dependencies": [
            "module.oci_network.oci_core_internet_gateway.this",
            "module.oci_network.oci_core_route_table.this",
            "module.oci_network.oci_core_vcn.this",
            "module.oci_subnets.data.oci_identity_availability_domains.this",
            "module.oci_subnets.oci_core_subnet.this",
            "oci_functions_application.this",
            "oci_functions_function.this"
          ]
        }
      ]
    },
    {
      "module": "module.functions_compartment",
      "mode": "data",
      "type": "oci_identity_groups",
      "name": "groups",
      "provider": "provider[\"registry.terraform.io/hashicorp/oci\"].home",
      "instances": [
        {
          "schema_version": 0,
          "attributes": {
            "compartment_id": "ocid1.tenancy.oc1..aaaaaaaaa3qmjxr43tjexx75r6gwk6vjw22ermohbw2vbxyhczksgjir7xdq",
            "filter": null,
            "groups": [
              {
                "compartment_id": "ocid1.tenancy.oc1..aaaaaaaaa3qmjxr43tjexx75r6gwk6vjw22ermohbw2vbxyhczksgjir7xdq",
                "defined_tags": {},
                "description": "Administrators",
                "freeform_tags": {},
                "id": "ocid1.group.oc1..aaaaaaaa2pyncdt6xgrguak5w3zqh36kncsvha2dmektjeugz5caolb57naq",
                "inactive_state": "",
                "name": "Administrators",
                "state": "ACTIVE",
                "time_created": "2019-01-15 23:43:47.715 +0000 UTC"
              },
              {
                "compartment_id": "ocid1.tenancy.oc1..aaaaaaaaa3qmjxr43tjexx75r6gwk6vjw22ermohbw2vbxyhczksgjir7xdq",
                "defined_tags": {
                  "A-Team.Creator": "andre.correa@oracle.com",
                  "A-Team.Expires": "2020-10-13",
                  "A-Team.Owner": "andre.correa@oracle.com"
                },
                "description": "Andre's group for DB backups",
                "freeform_tags": {},
                "id": "ocid1.group.oc1..aaaaaaaakahrpoux4tgdmminjua3rvvk3nkedkbceyd6ibtrs45vbawcfmwq",
                "inactive_state": "",
                "name": "andre-db-backups-group",
                "state": "ACTIVE",
                "time_created": "2020-07-13 13:12:06.801 +0000 UTC"
              },
              {
                "compartment_id": "ocid1.tenancy.oc1..aaaaaaaaa3qmjxr43tjexx75r6gwk6vjw22ermohbw2vbxyhczksgjir7xdq",
                "defined_tags": {
                  "A-Team.Creator": "andre",
                  "A-Team.Expires": "2020-12-09"
                },
                "description": "Managers of Object Storage",
                "freeform_tags": {},
                "id": "ocid1.group.oc1..aaaaaaaalfbus4hrtbn2gaxinmr6oy2o7locvoczcqzm4o6r4iwyy4jedywa",
                "inactive_state": "",
                "name": "andre-oss-managers",
                "state": "ACTIVE",
                "time_created": "2020-09-09 12:42:04.785 +0000 UTC"
              },
              {
                "compartment_id": "ocid1.tenancy.oc1..aaaaaaaaa3qmjxr43tjexx75r6gwk6vjw22ermohbw2vbxyhczksgjir7xdq",
                "defined_tags": {
                  "A-Team.Expires": "2020-12-31",
                  "A-Team.Owner": "andre.correa@oracle.com"
                },
                "description": "Function developers, created by Andre",
                "freeform_tags": {},
                "id": "ocid1.group.oc1..aaaaaaaa6bw3jhewk2bsgwpsvduubwc75kfx3wyxd5hncc6yqlif6phun5jq",
                "inactive_state": "",
                "name": "andrecorrea-fn-dev",
                "state": "ACTIVE",
                "time_created": "2019-07-29 20:11:24.421 +0000 UTC"
              },
              {
                "compartment_id": "ocid1.tenancy.oc1..aaaaaaaaa3qmjxr43tjexx75r6gwk6vjw22ermohbw2vbxyhczksgjir7xdq",
                "defined_tags": {
                  "A-Team.Expires": "2020-10-10",
                  "A-Team.Owner": "adao.junior@oracle.com"
                },
                "description": "OCI APIGW developers",
                "freeform_tags": {},
                "id": "ocid1.group.oc1..aaaaaaaanacx2mb5qb5jjrm6w6jxerpl3havjl6kd5eqlbkyioxluh3ecykq",
                "inactive_state": "",
                "name": "API_Developers",
                "state": "ACTIVE",
                "time_created": "2019-08-06 04:41:24.774 +0000 UTC"
              },
              {
                "compartment_id": "ocid1.tenancy.oc1..aaaaaaaaa3qmjxr43tjexx75r6gwk6vjw22ermohbw2vbxyhczksgjir7xdq",
                "defined_tags": {
                  "A-Team.Creator": " ocid1.saml2idp.oc1..aaaaaaaa64zc64fobwcuqyaspdxvddy26fbn3jmgn7cscufrlobsnli4l46q/julian.ortiz@oracle.com",
                  "A-Team.Expires": "2020-05-26",
                  "A-Team.Owner": "julian.ortiz@oracle.com"
                },
                "description": "Julian's Group",
                "freeform_tags": {},
                "id": "ocid1.group.oc1..aaaaaaaaiudipy6bdw67b65zp6xirr725iu3bdoiqtgp57dz4hcuzeb5igna",
                "inactive_state": "",
                "name": "atjulian",
                "state": "ACTIVE",
                "time_created": "2020-02-25 23:04:22.282 +0000 UTC"
              },
              {
                "compartment_id": "ocid1.tenancy.oc1..aaaaaaaaa3qmjxr43tjexx75r6gwk6vjw22ermohbw2vbxyhczksgjir7xdq",
                "defined_tags": {
                  "A-Team.Expires": "2019-12-03",
                  "A-Team.Owner": "tim.melander@oracle.com"
                },
                "description": "Audit event logs in tenancy",
                "freeform_tags": {},
                "id": "ocid1.group.oc1..aaaaaaaas5omdoc2sm73mmmlcphcfqlr6lyjlplralv2nybjtcjugdv6vkga",
                "inactive_state": "",
                "name": "Auditors",
                "state": "ACTIVE",
                "time_created": "2019-09-03 16:07:07.056 +0000 UTC"
              },
              {
                "compartment_id": "ocid1.tenancy.oc1..aaaaaaaaa3qmjxr43tjexx75r6gwk6vjw22ermohbw2vbxyhczksgjir7xdq",
                "defined_tags": {
                  "A-Team.Creator": "oracleidentitycloudservice/babu.rallapalli@oracle.com",
                  "A-Team.Expires": "2020-12-10",
                  "A-Team.Owner": "babu.rallapalli@oracle.com"
                },
                "description": "Readonly account for Babu",
                "freeform_tags": {},
                "id": "ocid1.group.oc1..aaaaaaaaxc4xmcjsggkbfedvhzb3g6cvcuhiol4slsowyrnggiugjunxnaga",
                "inactive_state": "",
                "name": "babu_readonly",
                "state": "ACTIVE",
                "time_created": "2020-09-10 16:36:26.741 +0000 UTC"
              },
              {
                "compartment_id": "ocid1.tenancy.oc1..aaaaaaaaa3qmjxr43tjexx75r6gwk6vjw22ermohbw2vbxyhczksgjir7xdq",
                "defined_tags": {
                  "A-Team.Creator": "oracleidentitycloudservice/babu.rallapalli@oracle.com",
                  "A-Team.Expires": "2020-07-17",
                  "A-Team.Owner": "babu.rallapalli@oracle.com"
                },
                "description": "PM Team.",
                "freeform_tags": {},
                "id": "ocid1.group.oc1..aaaaaaaaksrbmq22vqbt4stwh6lvtfafcysnb2zbuwfnmftvewz3yruxeptq",
                "inactive_state": "",
                "name": "BabuPMTeam",
                "state": "ACTIVE",
                "time_created": "2020-04-17 16:20:29.812 +0000 UTC"
              },
              {
                "compartment_id": "ocid1.tenancy.oc1..aaaaaaaaa3qmjxr43tjexx75r6gwk6vjw22ermohbw2vbxyhczksgjir7xdq",
                "defined_tags": {
                  "A-Team.Creator": "jim.prantzalos@oracle.com",
                  "A-Team.Expires": "2020-08-06"
                },
                "description": "bds_jim",
                "freeform_tags": {},
                "id": "ocid1.group.oc1..aaaaaaaaholgly4kezxno32xmup5tlt73si4rhumrfwxpoyo2nkllih2b7vq",
                "inactive_state": "",
                "name": "bds_jim",
                "state": "ACTIVE",
                "time_created": "2020-05-06 19:30:44.672 +0000 UTC"
              },
              {
                "compartment_id": "ocid1.tenancy.oc1..aaaaaaaaa3qmjxr43tjexx75r6gwk6vjw22ermohbw2vbxyhczksgjir7xdq",
                "defined_tags": {
                  "A-Team.Creator": "jim.prantzalos@oracle.com",
                  "A-Team.Expires": "2020-08-06"
                },
                "description": "siebel users",
                "freeform_tags": {},
                "id": "ocid1.group.oc1..aaaaaaaa3k3rq4czaqgt7572qztznwzp4k3hhbnpe6i2wciyvhlnbhzwk3nq",
                "inactive_state": "",
                "name": "bds_siebel",
                "state": "ACTIVE",
                "time_created": "2020-05-06 16:04:36.207 +0000 UTC"
              },
              {
                "compartment_id": "ocid1.tenancy.oc1..aaaaaaaaa3qmjxr43tjexx75r6gwk6vjw22ermohbw2vbxyhczksgjir7xdq",
                "defined_tags": {
                  "A-Team.Creator": "ocid1.saml2idp.oc1..aaaaaaaa64zc64fobwcuqyaspdxvddy26fbn3jmgn7cscufrlobsnli4l46q/jim.prantzalos@oracle.com",
                  "A-Team.Expires": "2020-04-09",
                  "A-Team.Owner": "jim.prantzalos@oracle.com"
                },
                "description": "Admins for BigData compartment",
                "freeform_tags": {},
                "id": "ocid1.group.oc1..aaaaaaaahr4wx4a52tid5fgvtoyfaxvexsdsgpm5kv7obl6vysrsw75ybsca",
                "inactive_state": "",
                "name": "BigDataAdmins",
                "state": "ACTIVE",
                "time_created": "2020-01-09 01:21:01.738 +0000 UTC"
              },
              {
                "compartment_id": "ocid1.tenancy.oc1..aaaaaaaaa3qmjxr43tjexx75r6gwk6vjw22ermohbw2vbxyhczksgjir7xdq",
                "defined_tags": {
                  "A-Team.Creator": "ocid1.saml2idp.oc1..aaaaaaaa64zc64fobwcuqyaspdxvddy26fbn3jmgn7cscufrlobsnli4l46q/christopher.johnson@oracle.com",
                  "A-Team.Expires": "2021-06-07",
                  "A-Team.Owner": "christopher.johnson@oracle.com"
                },
                "description": "Cloud Guard Users",
                "freeform_tags": {},
                "id": "ocid1.group.oc1..aaaaaaaax27j4vyed4vx7ne7lvgbp6fwv7f7p36bmthh4egtjy7fsn2lmaka",
                "inactive_state": "",
                "name": "CloudGuardUsers",
                "state": "ACTIVE",
                "time_created": "2020-03-06 22:20:25.456 +0000 UTC"
              },
              {
                "compartment_id": "ocid1.tenancy.oc1..aaaaaaaaa3qmjxr43tjexx75r6gwk6vjw22ermohbw2vbxyhczksgjir7xdq",
                "defined_tags": {
                  "A-Team.Expires": "2020-01-17"
                },
                "description": "cotud-orm-admin-group ",
                "freeform_tags": {},
                "id": "ocid1.group.oc1..aaaaaaaaglhghnj5n7wklo575tsujsspxxulvxrk3mkvsahktrzlwphqqeaa",
                "inactive_state": "",
                "name": "cotud-orm-admin-group",
                "state": "ACTIVE",
                "time_created": "2019-10-17 07:54:37.297 +0000 UTC"
              },
              {
                "compartment_id": "ocid1.tenancy.oc1..aaaaaaaaa3qmjxr43tjexx75r6gwk6vjw22ermohbw2vbxyhczksgjir7xdq",
                "defined_tags": {
                  "A-Team.Expires": "2019-12-20",
                  "A-Team.Owner": "cosmin.tudor@oracle.com"
                },
                "description": "test cotud",
                "freeform_tags": {},
                "id": "ocid1.group.oc1..aaaaaaaabisbnzo3s5p3lvox4axybnqalldxiukdzdi5yya2k3w4ogstv4lq",
                "inactive_state": "",
                "name": "cotud_test",
                "state": "ACTIVE",
                "time_created": "2019-09-20 06:47:36.223 +0000 UTC"
              },
              {
                "compartment_id": "ocid1.tenancy.oc1..aaaaaaaaa3qmjxr43tjexx75r6gwk6vjw22ermohbw2vbxyhczksgjir7xdq",
                "defined_tags": {
                  "A-Team.Creator": "ocid1.saml2idp.oc1..aaaaaaaa64zc64fobwcuqyaspdxvddy26fbn3jmgn7cscufrlobsnli4l46q/tim.melander@oracle.com",
                  "A-Team.Expires": "2020-04-13",
                  "A-Team.Owner": "tim.melander@oracle.com"
                },
                "description": "Owner - Tim Melander",
                "freeform_tags": {},
                "id": "ocid1.group.oc1..aaaaaaaafzczuxkt4cghx35ttfliln5ejq2x2qqbi4zbxtqfbskeu4zeojja",
                "inactive_state": "",
                "name": "CustomImages",
                "state": "ACTIVE",
                "time_created": "2020-01-13 20:28:25.696 +0000 UTC"
              },
              {
                "compartment_id": "ocid1.tenancy.oc1..aaaaaaaaa3qmjxr43tjexx75r6gwk6vjw22ermohbw2vbxyhczksgjir7xdq",
                "defined_tags": {
                  "A-Team.Creator": "oracleidentitycloudservice/pulkit.sharma@oracle.com",
                  "A-Team.Expires": "2025-12-31",
                  "A-Team.Owner": "pulkit.sharma@oracle.com"
                },
                "description": "Data-Safe-Admins",
                "freeform_tags": {},
                "id": "ocid1.group.oc1..aaaaaaaaxl55wjhegosjx5r72sdwsx3g4xx7wnor3ehppn6n65mtsueopg7a",
                "inactive_state": "",
                "name": "Data-Safe-Admins",
                "state": "ACTIVE",
                "time_created": "2020-08-24 21:32:44.28 +0000 UTC"
              },
              {
                "compartment_id": "ocid1.tenancy.oc1..aaaaaaaaa3qmjxr43tjexx75r6gwk6vjw22ermohbw2vbxyhczksgjir7xdq",
                "defined_tags": {
                  "A-Team.Creator": "oracleidentitycloudservice/lyudmil.x.pelov@oracle.com",
                  "A-Team.Expires": "2020-11-06",
                  "A-Team.Owner": "lyudmil.x.pelov@oracle.com"
                },
                "description": "Data Science Group",
                "freeform_tags": {},
                "id": "ocid1.group.oc1..aaaaaaaaldfbtchboqqyqzezssbqasqkqo3fpqhxydcjqamg4q2h5zdh7e6q",
                "inactive_state": "",
                "name": "DataScienceGroup",
                "state": "ACTIVE",
                "time_created": "2020-08-06 14:35:54.686 +0000 UTC"
              },
              {
                "compartment_id": "ocid1.tenancy.oc1..aaaaaaaaa3qmjxr43tjexx75r6gwk6vjw22ermohbw2vbxyhczksgjir7xdq",
                "defined_tags": {
                  "A-Team.Expires": "2020-01-01",
                  "A-Team.Owner": "flavius.sana@oracle.com"
                },
                "description": "Group for DevCS users",
                "freeform_tags": {},
                "id": "ocid1.group.oc1..aaaaaaaakd5hd6jjf6uz3djq3o334oq6cfxz6pjv3jw3mzkmfqtlajzbnkza",
                "inactive_state": "",
                "name": "DevCSGroup",
                "state": "ACTIVE",
                "time_created": "2019-10-01 12:45:48.659 +0000 UTC"
              },
              {
                "compartment_id": "ocid1.tenancy.oc1..aaaaaaaaa3qmjxr43tjexx75r6gwk6vjw22ermohbw2vbxyhczksgjir7xdq",
                "defined_tags": {
                  "A-Team.Creator": "oracleidentitycloudservice/manasi.vaishampayan@oracle.com",
                  "A-Team.Expires": "2020-11-06",
                  "A-Team.Owner": "manasi.vaishampayan@oracle.com"
                },
                "description": "To test resource move usecase",
                "freeform_tags": {},
                "id": "ocid1.group.oc1..aaaaaaaatjseyei2ntohrhfn277k3lxruqikbpjems5evvaoabzrywkpxzaq",
                "inactive_state": "",
                "name": "DevGroup",
                "state": "ACTIVE",
                "time_created": "2020-08-06 15:58:56.473 +0000 UTC"
              },
              {
                "compartment_id": "ocid1.tenancy.oc1..aaaaaaaaa3qmjxr43tjexx75r6gwk6vjw22ermohbw2vbxyhczksgjir7xdq",
                "defined_tags": {
                  "A-Team.Creator": "oracleidentitycloudservice/manasi.vaishampayan@oracle.com",
                  "A-Team.Expires": "2020-11-12",
                  "A-Team.Owner": "manasi.vaishampayan@oracle.com"
                },
                "description": "Group to allow full access to Domenic Curty to his compartment",
                "freeform_tags": {},
                "id": "ocid1.group.oc1..aaaaaaaa7oaidxsal5xlz4j4wabb2w7w4vsh6p3wtpoaklytv65mtyepmvkq",
                "inactive_state": "",
                "name": "Domenic_Cutry_Group",
                "state": "ACTIVE",
                "time_created": "2020-08-12 15:22:22.731 +0000 UTC"
              },
              {
                "compartment_id": "ocid1.tenancy.oc1..aaaaaaaaa3qmjxr43tjexx75r6gwk6vjw22ermohbw2vbxyhczksgjir7xdq",
                "defined_tags": {
                  "A-Team.Expires": "2020-03-05"
                },
                "description": "DS_FUNCTIONS",
                "freeform_tags": {},
                "id": "ocid1.group.oc1..aaaaaaaajvahmiv7aud7dz4bvqda67l4lc3xbk7ljzugqz4bslarbhbqrnxa",
                "inactive_state": "",
                "name": "DS_FUNCTIONS",
                "state": "ACTIVE",
                "time_created": "2019-12-05 15:18:58.929 +0000 UTC"
              },
              {
                "compartment_id": "ocid1.tenancy.oc1..aaaaaaaaa3qmjxr43tjexx75r6gwk6vjw22ermohbw2vbxyhczksgjir7xdq",
                "defined_tags": {
                  "A-Team.Creator": "oracleidentitycloudservice/mitsu.mehta@oracle.com",
                  "A-Team.Expires": "2021-03-10",
                  "A-Team.Owner": "mitsu.mehta@oracle.com"
                },
                "description": "User group for data safe user 1",
                "freeform_tags": {},
                "id": "ocid1.group.oc1..aaaaaaaa2zbidpbzaxtoixi6hjruz37c5fodhlyfwaoontwi45n75l3wi5qa",
                "inactive_state": "",
                "name": "dsg01",
                "state": "ACTIVE",
                "time_created": "2020-12-10 14:31:30.553 +0000 UTC"
              },
              {
                "compartment_id": "ocid1.tenancy.oc1..aaaaaaaaa3qmjxr43tjexx75r6gwk6vjw22ermohbw2vbxyhczksgjir7xdq",
                "defined_tags": {
                  "A-Team.Creator": "oracleidentitycloudservice/devashish.bhargava@oracle.com",
                  "A-Team.Expires": "2021-03-23",
                  "A-Team.Owner": "devashish.bhargava@oracle.com"
                },
                "description": "ebscmadmin-dap-grp",
                "freeform_tags": {},
                "id": "ocid1.group.oc1..aaaaaaaakehjdyh6xwppkprrqo6vnpa3i2qz6535kwzkvcwegaagvx3sof6a",
                "inactive_state": "",
                "name": "ebscmadmin-dap-grp",
                "state": "ACTIVE",
                "time_created": "2020-12-23 16:32:54.136 +0000 UTC"
              },
              {
                "compartment_id": "ocid1.tenancy.oc1..aaaaaaaaa3qmjxr43tjexx75r6gwk6vjw22ermohbw2vbxyhczksgjir7xdq",
                "defined_tags": {
                  "A-Team.Creator": "oracleidentitycloudservice/aj.kurzman@oracle.com",
                  "A-Team.Expires": "2021-03-07",
                  "A-Team.Owner": "aj.kurzman@oracle.com"
                },
                "description": "Group created by EBSCM Stack",
                "freeform_tags": {},
                "id": "ocid1.group.oc1..aaaaaaaa7yhgwz2goqfxdaor6gjn5niei5lma7iv6wnb4qtctz5rwno4aheq",
                "inactive_state": "",
                "name": "ebsholAJ_group",
                "state": "ACTIVE",
                "time_created": "2020-12-07 20:48:39.747 +0000 UTC"
              },
              {
                "compartment_id": "ocid1.tenancy.oc1..aaaaaaaaa3qmjxr43tjexx75r6gwk6vjw22ermohbw2vbxyhczksgjir7xdq",
                "defined_tags": {
                  "A-Team.Creator": "oracleidentitycloudservice/jb.anderson@oracle.com",
                  "A-Team.Expires": "2021-04-25",
                  "A-Team.Owner": "jb.anderson@oracle.com"
                },
                "description": "Group created by EBSCM Stack",
                "freeform_tags": {},
                "id": "ocid1.group.oc1..aaaaaaaam5rq6ly4c5a372thhap4uogtiqfqleolwwmabqvtuizcuteqdriq",
                "inactive_state": "",
                "name": "ebsholJB_group",
                "state": "ACTIVE",
                "time_created": "2021-01-25 17:06:25.628 +0000 UTC"
              },
              {
                "compartment_id": "ocid1.tenancy.oc1..aaaaaaaaa3qmjxr43tjexx75r6gwk6vjw22ermohbw2vbxyhczksgjir7xdq",
                "defined_tags": {
                  "A-Team.Creator": "oracleidentitycloudservice/quintin.hill@oracle.com",
                  "A-Team.Expires": "2021-04-15",
                  "A-Team.Owner": "quintin.hill@oracle.com"
                },
                "description": "Group created by EBSCM Stack",
                "freeform_tags": {},
                "id": "ocid1.group.oc1..aaaaaaaazsyvca5vlwogmp4g7cdfxttdzaqbc4gx74zdo6n2g7cr3yqcidjq",
                "inactive_state": "",
                "name": "ebsholq_group",
                "state": "ACTIVE",
                "time_created": "2021-01-15 01:35:20.358 +0000 UTC"
              },
              {
                "compartment_id": "ocid1.tenancy.oc1..aaaaaaaaa3qmjxr43tjexx75r6gwk6vjw22ermohbw2vbxyhczksgjir7xdq",
                "defined_tags": {
                  "A-Team.Creator": "oracleidentitycloudservice/william.masdon@oracle.com",
                  "A-Team.Expires": "2021-04-27",
                  "A-Team.Owner": "william.masdon@oracle.com"
                },
                "description": "Group created by EBSCM Stack",
                "freeform_tags": {},
                "id": "ocid1.group.oc1..aaaaaaaauzjagxw32udmztyb2vceyoolvqnhkv7fmgji7voon2rlyajyluva",
                "inactive_state": "",
                "name": "ebswjm_group",
                "state": "ACTIVE",
                "time_created": "2021-01-27 22:27:02.438 +0000 UTC"
              },
              {
                "compartment_id": "ocid1.tenancy.oc1..aaaaaaaaa3qmjxr43tjexx75r6gwk6vjw22ermohbw2vbxyhczksgjir7xdq",
                "defined_tags": {
                  "A-Team.Creator": "oracleidentitycloudservice/markus.taugwalder@oracle.com",
                  "A-Team.Expires": "2020-12-30",
                  "A-Team.Owner": "markus.taugwalder@oracle.com",
                  "ESC-Tags.CostCenter": "133",
                  "ESC-Tags.Project": "Databases"
                },
                "description": "Temporary Exercise Group",
                "freeform_tags": {},
                "id": "ocid1.group.oc1..aaaaaaaaf4a7tvpjymyle2d5nvq5tx2zmohfgt7yw5sy2aqhno2c5lqnn5ha",
                "inactive_state": "",
                "name": "ESC-DBAs",
                "state": "ACTIVE",
                "time_created": "2020-04-30 12:26:31.415 +0000 UTC"
              },
              {
                "compartment_id": "ocid1.tenancy.oc1..aaaaaaaaa3qmjxr43tjexx75r6gwk6vjw22ermohbw2vbxyhczksgjir7xdq",
                "defined_tags": {
                  "A-Team.Creator": "oracleidentitycloudservice/markus.taugwalder@oracle.com",
                  "A-Team.Expires": "2020-12-30",
                  "A-Team.Owner": "markus.taugwalder@oracle.com",
                  "ESC-Tags.CostCenter": "133",
                  "ESC-Tags.Project": "Networks"
                },
                "description": "Temporary Exercise Group",
                "freeform_tags": {},
                "id": "ocid1.group.oc1..aaaaaaaaph7477wqwfa3zo7qnkynwb3dyc2wozzkbomxvgyxjscyu6j2isja",
                "inactive_state": "",
                "name": "ESC-NetAdmin",
                "state": "ACTIVE",
                "time_created": "2020-04-30 12:24:14.284 +0000 UTC"
              },
              {
                "compartment_id": "ocid1.tenancy.oc1..aaaaaaaaa3qmjxr43tjexx75r6gwk6vjw22ermohbw2vbxyhczksgjir7xdq",
                "defined_tags": {
                  "A-Team.Creator": "oracleidentitycloudservice/markus.taugwalder@oracle.com",
                  "A-Team.Expires": "2020-12-30",
                  "A-Team.Owner": "markus.taugwalder@oracle.com",
                  "ESC-Tags.CostCenter": "133",
                  "ESC-Tags.Project": "Security"
                },
                "description": "Temporary Exercise Group",
                "freeform_tags": {},
                "id": "ocid1.group.oc1..aaaaaaaammicoo5fmqihvesq6xyipp7425g7d33rhgrtqkqy6l3rvx5a5qbq",
                "inactive_state": "",
                "name": "ESC-SecAdmins",
                "state": "ACTIVE",
                "time_created": "2020-04-30 12:27:18.017 +0000 UTC"
              },
              {
                "compartment_id": "ocid1.tenancy.oc1..aaaaaaaaa3qmjxr43tjexx75r6gwk6vjw22ermohbw2vbxyhczksgjir7xdq",
                "defined_tags": {
                  "A-Team.Creator": "oracleidentitycloudservice/markus.taugwalder@oracle.com",
                  "A-Team.Expires": "2020-12-30",
                  "A-Team.Owner": "markus.taugwalder@oracle.com",
                  "ESC-Tags.CostCenter": "133",
                  "ESC-Tags.Project": "Storage"
                },
                "description": "Temporary Exercise Group",
                "freeform_tags": {},
                "id": "ocid1.group.oc1..aaaaaaaatgklptbg2brqb2z3zherptwhpdfxarw6iycmskqets7xzxfhjbmq",
                "inactive_state": "",
                "name": "ESC-StorAdmin",
                "state": "ACTIVE",
                "time_created": "2020-04-30 12:25:13.858 +0000 UTC"
              },
              {
                "compartment_id": "ocid1.tenancy.oc1..aaaaaaaaa3qmjxr43tjexx75r6gwk6vjw22ermohbw2vbxyhczksgjir7xdq",
                "defined_tags": {
                  "A-Team.Creator": "oracleidentitycloudservice/markus.taugwalder@oracle.com",
                  "A-Team.Expires": "2020-12-30",
                  "A-Team.Owner": "markus.taugwalder@oracle.com",
                  "ESC-Tags.CostCenter": "133",
                  "ESC-Tags.Project": "Systems"
                },
                "description": "Temporary Exercise Group",
                "freeform_tags": {},
                "id": "ocid1.group.oc1..aaaaaaaaw72ktwslpsagpcehneu6v7wp7cslcn2fxcmc3cxbty7af6zezxsa",
                "inactive_state": "",
                "name": "ESC-SysAdmins",
                "state": "ACTIVE",
                "time_created": "2020-04-30 12:25:50.753 +0000 UTC"
              },
              {
                "compartment_id": "ocid1.tenancy.oc1..aaaaaaaaa3qmjxr43tjexx75r6gwk6vjw22ermohbw2vbxyhczksgjir7xdq",
                "defined_tags": {
                  "A-Team.Creator": "oracleidentitycloudservice/gustavo.saurez@oracle.com",
                  "A-Team.Expires": "2020-09-01",
                  "A-Team.Owner": "gustavo.saurez@oracle.com"
                },
                "description": "fedex group",
                "freeform_tags": {},
                "id": "ocid1.group.oc1..aaaaaaaatpt3sc77zvuzruox4q7kxplo3da77yxeld5qace4vpmt7vx2bemq",
                "inactive_state": "",
                "name": "fedexgroup",
                "state": "ACTIVE",
                "time_created": "2020-06-01 16:45:21.716 +0000 UTC"
              },
              {
                "compartment_id": "ocid1.tenancy.oc1..aaaaaaaaa3qmjxr43tjexx75r6gwk6vjw22ermohbw2vbxyhczksgjir7xdq",
                "defined_tags": {
                  "A-Team.Creator": " ocid1.saml2idp.oc1..aaaaaaaa64zc64fobwcuqyaspdxvddy26fbn3jmgn7cscufrlobsnli4l46q/babu.rallapalli@oracle.com",
                  "A-Team.Expires": "2020-05-05",
                  "A-Team.Owner": "babu.rallapalli@oracle.com"
                },
                "description": "group for functions developers",
                "freeform_tags": {},
                "id": "ocid1.group.oc1..aaaaaaaazq46dez7c2uqioztp6hwwbkm37nfsxckb6q3452xw3xbavwupa2a",
                "inactive_state": "",
                "name": "functions-developers",
                "state": "ACTIVE",
                "time_created": "2020-02-05 17:11:40.599 +0000 UTC"
              },
              {
                "compartment_id": "ocid1.tenancy.oc1..aaaaaaaaa3qmjxr43tjexx75r6gwk6vjw22ermohbw2vbxyhczksgjir7xdq",
                "defined_tags": {
                  "A-Team.Creator": "andre",
                  "A-Team.Expires": "2020-11-10",
                  "A-Team.Owner": "andre.correa@oracle.com"
                },
                "description": "group-y",
                "freeform_tags": {},
                "id": "ocid1.group.oc1..aaaaaaaarm242tz42g24znp7vlsuax75zte4tje4jbmlglgekulzt5t4tyrq",
                "inactive_state": "",
                "name": "group-y",
                "state": "ACTIVE",
                "time_created": "2020-08-10 18:47:16.191 +0000 UTC"
              },
              {
                "compartment_id": "ocid1.tenancy.oc1..aaaaaaaaa3qmjxr43tjexx75r6gwk6vjw22ermohbw2vbxyhczksgjir7xdq",
                "defined_tags": {
                  "A-Team.Creator": "oracleidentitycloudservice/adao.junior@oracle.com",
                  "A-Team.Expires": "2020-08-14",
                  "A-Team.Owner": "adao.junior@oracle.com"
                },
                "description": "Test Group One",
                "freeform_tags": {},
                "id": "ocid1.group.oc1..aaaaaaaaae7fg75leqolh4luqr7hwrugqphcky737w4yvo4kynyqatqki7ma",
                "inactive_state": "",
                "name": "group1",
                "state": "ACTIVE",
                "time_created": "2020-05-14 21:02:27.266 +0000 UTC"
              },
              {
                "compartment_id": "ocid1.tenancy.oc1..aaaaaaaaa3qmjxr43tjexx75r6gwk6vjw22ermohbw2vbxyhczksgjir7xdq",
                "defined_tags": {
                  "A-Team.Expires": "2019-12-24",
                  "A-Team.Owner": "venugopal.naik@oracle.com"
                },
                "description": "Test Group 1",
                "freeform_tags": {},
                "id": "ocid1.group.oc1..aaaaaaaalid2g2x45po3b3nreiwmrxudfbmqe6cn2p6cvnygxdnk6tbqnnka",
                "inactive_state": "",
                "name": "group_venu",
                "state": "ACTIVE",
                "time_created": "2019-09-24 09:19:35.324 +0000 UTC"
              },
              {
                "compartment_id": "ocid1.tenancy.oc1..aaaaaaaaa3qmjxr43tjexx75r6gwk6vjw22ermohbw2vbxyhczksgjir7xdq",
                "defined_tags": {
                  "A-Team.Creator": "oracleidentitycloudservice/manasi.vaishampayan@oracle.com",
                  "A-Team.Expires": "2020-06-10",
                  "A-Team.Owner": "manasi.vaishampayan@oracle.com"
                },
                "description": "Created with the Python SDK",
                "freeform_tags": {},
                "id": "ocid1.group.oc1..aaaaaaaacrj4dmqj3gejjmm4eibwvk6vjw3bwr7cdnsqp4s5nfpqd7bul5dq",
                "inactive_state": "",
                "name": "groupb",
                "state": "ACTIVE",
                "time_created": "2020-03-10 07:41:36.368 +0000 UTC"
              },
              {
                "compartment_id": "ocid1.tenancy.oc1..aaaaaaaaa3qmjxr43tjexx75r6gwk6vjw22ermohbw2vbxyhczksgjir7xdq",
                "defined_tags": {
                  "A-Team.Creator": "oracleidentitycloudservice/john.hazlewood@oracle.com",
                  "A-Team.Expires": "2020-10-01",
                  "A-Team.Owner": "john.hazlewood@oracle.com"
                },
                "description": "jhazlewo_EssbaseGroup",
                "freeform_tags": {},
                "id": "ocid1.group.oc1..aaaaaaaax4esoc2lr4ffujnca2wfii3rupzlc2w4xfp3pnp7txc4pgrkaaoa",
                "inactive_state": "",
                "name": "grp_OMCS_DBA_IMP",
                "state": "ACTIVE",
                "time_created": "2020-07-01 11:27:14.015 +0000 UTC"
              },
              {
                "compartment_id": "ocid1.tenancy.oc1..aaaaaaaaa3qmjxr43tjexx75r6gwk6vjw22ermohbw2vbxyhczksgjir7xdq",
                "defined_tags": {
                  "A-Team.Expires": "2019-11-16",
                  "A-Team.Owner": "gustavo.saurez@oracle.com"
                },
                "description": "Gustavo's",
                "freeform_tags": {},
                "id": "ocid1.group.oc1..aaaaaaaapykbfolsrn64f7n6cpvkugfxnyana65vauhmexaxroyiziw3jyqq",
                "inactive_state": "",
                "name": "GSGroup",
                "state": "ACTIVE",
                "time_created": "2019-08-16 15:21:11.978 +0000 UTC"
              },
              {
                "compartment_id": "ocid1.tenancy.oc1..aaaaaaaaa3qmjxr43tjexx75r6gwk6vjw22ermohbw2vbxyhczksgjir7xdq",
                "defined_tags": {
                  "A-Team.Expires": "2020-01-21",
                  "A-Team.Owner": "uday.sambhara@oracle.com"
                },
                "description": "HR-Admins ",
                "freeform_tags": {},
                "id": "ocid1.group.oc1..aaaaaaaaunh4uhvot54snnia67yegpmsh5oyy2tguneosng22puvwh3el3iq",
                "inactive_state": "",
                "name": "HR-Admins",
                "state": "ACTIVE",
                "time_created": "2019-10-21 21:50:47.257 +0000 UTC"
              },
              {
                "compartment_id": "ocid1.tenancy.oc1..aaaaaaaaa3qmjxr43tjexx75r6gwk6vjw22ermohbw2vbxyhczksgjir7xdq",
                "defined_tags": {
                  "A-Team.Expires": "2020-01-21",
                  "A-Team.Owner": "uday.sambhara@oracle.com"
                },
                "description": "HR-Dev-Admins",
                "freeform_tags": {},
                "id": "ocid1.group.oc1..aaaaaaaaefdhbntbobavd3wars6wt55nc6cshksyzoqxkcflbawmuom2rkla",
                "inactive_state": "",
                "name": "HR-Dev-Admins",
                "state": "ACTIVE",
                "time_created": "2019-10-21 21:54:21.078 +0000 UTC"
              },
              {
                "compartment_id": "ocid1.tenancy.oc1..aaaaaaaaa3qmjxr43tjexx75r6gwk6vjw22ermohbw2vbxyhczksgjir7xdq",
                "defined_tags": {
                  "A-Team.Expires": "2020-01-21",
                  "A-Team.Owner": "uday.sambhara@oracle.com"
                },
                "description": "HR-Prod-Admins",
                "freeform_tags": {},
                "id": "ocid1.group.oc1..aaaaaaaaeld624i4knlaok3hlowxov47howbzsx5ngulyjtedukhwi2t53qq",
                "inactive_state": "",
                "name": "HR-Prod-Admins",
                "state": "ACTIVE",
                "time_created": "2019-10-21 21:53:49.934 +0000 UTC"
              },
              {
                "compartment_id": "ocid1.tenancy.oc1..aaaaaaaaa3qmjxr43tjexx75r6gwk6vjw22ermohbw2vbxyhczksgjir7xdq",
                "defined_tags": {
                  "A-Team.Expires": "2020-01-21",
                  "A-Team.Owner": "uday.sambhara@oracle.com"
                },
                "description": "HR-Test-Admins",
                "freeform_tags": {},
                "id": "ocid1.group.oc1..aaaaaaaaf5qzdpudql2mxexckud2ofqyaca3gdlntbv3jp6qrmgagh6ipoea",
                "inactive_state": "",
                "name": "HR-Test-Admins",
                "state": "ACTIVE",
                "time_created": "2019-10-21 21:54:03.473 +0000 UTC"
              },
              {
                "compartment_id": "ocid1.tenancy.oc1..aaaaaaaaa3qmjxr43tjexx75r6gwk6vjw22ermohbw2vbxyhczksgjir7xdq",
                "defined_tags": {
                  "A-Team.Creator": "oracleidentitycloudservice/marc.paul@oracle.com",
                  "A-Team.Expires": "2021-03-14",
                  "A-Team.Owner": "marc.paul@oracle.com",
                  "A2CEngineeringBaseline.CreatedBy": "chris.wegenek@oracle.com"
                },
                "description": "JDE install group",
                "freeform_tags": {},
                "id": "ocid1.group.oc1..aaaaaaaabbas6cgzd5l56dq5finum5yzhzxazyqqidngofs5mv2jtcrig6ta",
                "inactive_state": "",
                "name": "jde_reference",
                "state": "ACTIVE",
                "time_created": "2020-12-14 20:18:43.761 +0000 UTC"
              },
              {
                "compartment_id": "ocid1.tenancy.oc1..aaaaaaaaa3qmjxr43tjexx75r6gwk6vjw22ermohbw2vbxyhczksgjir7xdq",
                "defined_tags": {
                  "A-Team.Creator": "oracleidentitycloudservice/jeevan.joseph@oracle.com",
                  "A-Team.Expires": "2020-10-25",
                  "A-Team.Owner": "jeevan.joseph@oracle.com",
                  "tehama.customer": "jeevan",
                  "tehama.room": "studio",
                  "tehama.tier": "room_control_plane"
                },
                "description": "Resource admins for jeevan",
                "freeform_tags": {},
                "id": "ocid1.group.oc1..aaaaaaaarpykpcvdagk7okb775jdx74wzwvg3hxaavpqhkl4hc3bgynsiy2a",
                "inactive_state": "",
                "name": "jeevan-admins",
                "state": "ACTIVE",
                "time_created": "2020-07-25 01:36:09.303 +0000 UTC"
              },
              {
                "compartment_id": "ocid1.tenancy.oc1..aaaaaaaaa3qmjxr43tjexx75r6gwk6vjw22ermohbw2vbxyhczksgjir7xdq",
                "defined_tags": {
                  "A-Team.Creator": "oracleidentitycloudservice/john.hazlewood@oracle.com",
                  "A-Team.Expires": "2020-07-28",
                  "A-Team.Owner": "john.hazlewood@oracle.com"
                },
                "description": "jhazlewo's Group",
                "freeform_tags": {},
                "id": "ocid1.group.oc1..aaaaaaaaoy7jm3zymkiadqhtvivjntvjrzffmtkdzp5xgkpypvl3zegjlxcq",
                "inactive_state": "",
                "name": "jhazlewo",
                "state": "ACTIVE",
                "time_created": "2020-04-28 10:23:52.143 +0000 UTC"
              },
              {
                "compartment_id": "ocid1.tenancy.oc1..aaaaaaaaa3qmjxr43tjexx75r6gwk6vjw22ermohbw2vbxyhczksgjir7xdq",
                "defined_tags": {
                  "A-Team.Creator": "oracleidentitycloudservice/jacob.jones@oracle.com",
                  "A-Team.Expires": "2021-01-26",
                  "A-Team.Owner": "jacob.jones@oracle.com"
                },
                "description": "Group created by EBSCM Stack",
                "freeform_tags": {},
                "id": "ocid1.group.oc1..aaaaaaaaksxc5dy6mfw45lqgwdfn4ke2qcr3gekjynrl3ggx4mgjrau6fvua",
                "inactive_state": "",
                "name": "jjebs_group",
                "state": "ACTIVE",
                "time_created": "2020-10-26 21:55:45.856 +0000 UTC"
              },
              {
                "compartment_id": "ocid1.tenancy.oc1..aaaaaaaaa3qmjxr43tjexx75r6gwk6vjw22ermohbw2vbxyhczksgjir7xdq",
                "defined_tags": {
                  "A-Team.Creator": " jmurmann_policy_test",
                  "A-Team.Expires": "2020-04-28"
                },
                "description": "Used for testing the minimum privs to access he Cost Analysis API",
                "freeform_tags": {},
                "id": "ocid1.group.oc1..aaaaaaaaynnbhpwhjs6dnqtf57r5dcekxbmweglix3y26jy633z4m3osfioa",
                "inactive_state": "",
                "name": "jmu_cost_API_Access",
                "state": "ACTIVE",
                "time_created": "2020-01-28 19:49:32.548 +0000 UTC"
              },
              {
                "compartment_id": "ocid1.tenancy.oc1..aaaaaaaaa3qmjxr43tjexx75r6gwk6vjw22ermohbw2vbxyhczksgjir7xdq",
                "defined_tags": {
                  "A-Team.Expires": "2021-02-01",
                  "A-Team.Owner": "johannes.murmann@oracle.com"
                },
                "description": "Used to test policies",
                "freeform_tags": {},
                "id": "ocid1.group.oc1..aaaaaaaagwovozi2dkdjv5xx42nb23poqsues4vwwyxr5qgcbcbenkeud44a",
                "inactive_state": "",
                "name": "jmurmann_test_group",
                "state": "ACTIVE",
                "time_created": "2019-11-01 18:43:19.444 +0000 UTC"
              },
              {
                "compartment_id": "ocid1.tenancy.oc1..aaaaaaaaa3qmjxr43tjexx75r6gwk6vjw22ermohbw2vbxyhczksgjir7xdq",
                "defined_tags": {
                  "A-Team.Creator": "oracleidentitycloudservice/manasi.vaishampayan@oracle.com",
                  "A-Team.Expires": "2020-12-01",
                  "A-Team.Owner": "manasi.vaishampayan@oracle.com"
                },
                "description": "Group for Johnnie Konstantas User",
                "freeform_tags": {},
                "id": "ocid1.group.oc1..aaaaaaaa4ez3sfuyzmbywyil4vyvkmy7o3v4vk4xfy7lt4onaeyeo5k57lmq",
                "inactive_state": "",
                "name": "johnnie_konstantas",
                "state": "ACTIVE",
                "time_created": "2020-09-01 14:50:36.5 +0000 UTC"
              },
              {
                "compartment_id": "ocid1.tenancy.oc1..aaaaaaaaa3qmjxr43tjexx75r6gwk6vjw22ermohbw2vbxyhczksgjir7xdq",
                "defined_tags": {
                  "A-Team.Creator": "oracleidentitycloudservice/tim.melander@oracle.com",
                  "A-Team.Expires": "2020-07-17",
                  "A-Team.Owner": "tim.melander@oracle.com"
                },
                "description": "Allow access to KDC-Vault",
                "freeform_tags": {},
                "id": "ocid1.group.oc1..aaaaaaaaqjxbxyakijnj45np4cuj6ir2sjgplkdo4of54hp5xof4u5ssnzyq",
                "inactive_state": "",
                "name": "KDC-Vault-Group",
                "state": "ACTIVE",
                "time_created": "2020-04-17 21:47:32.825 +0000 UTC"
              },
              {
                "compartment_id": "ocid1.tenancy.oc1..aaaaaaaaa3qmjxr43tjexx75r6gwk6vjw22ermohbw2vbxyhczksgjir7xdq",
                "defined_tags": {
                  "A-Team.Expires": "2019-07-03T06:00:00.000Z",
                  "A-Team.Owner": "kiran.thakkar@oracle.com"
                },
                "description": "This group is created for Kiran Thakkar created resources",
                "freeform_tags": {},
                "id": "ocid1.group.oc1..aaaaaaaap7maulo6uwmmzmyw6crupek4ksscc3pyuyuuqqx73gjkfxnpt6ba",
                "inactive_state": "",
                "name": "KTGroup",
                "state": "ACTIVE",
                "time_created": "2019-04-03 16:15:19.291 +0000 UTC"
              },
              {
                "compartment_id": "ocid1.tenancy.oc1..aaaaaaaaa3qmjxr43tjexx75r6gwk6vjw22ermohbw2vbxyhczksgjir7xdq",
                "defined_tags": {
                  "A-Team.Creator": "oracleidentitycloudservice/kaylien.phan@oracle.com"
                },
                "description": "Group created by EBSCM Stack",
                "freeform_tags": {},
                "id": "ocid1.group.oc1..aaaaaaaaszhmpasbkquscjqmggge46gzovk756uscdvzsczpq2wrt3sncklq",
                "inactive_state": "",
                "name": "kvpebs_group",
                "state": "ACTIVE",
                "time_created": "2021-01-31 21:01:49.45 +0000 UTC"
              },
              {
                "compartment_id": "ocid1.tenancy.oc1..aaaaaaaaa3qmjxr43tjexx75r6gwk6vjw22ermohbw2vbxyhczksgjir7xdq",
                "defined_tags": {
                  "A-Team.Creator": "oracleidentitycloudservice/loic.tregan@oracle.com",
                  "A-Team.Expires": "2020-07-08",
                  "A-Team.Owner": "loic.tregan@oracle.com"
                },
                "description": "test group, can be deleted anytime",
                "freeform_tags": {},
                "id": "ocid1.group.oc1..aaaaaaaaxkw5vbegt64uufbg2ig6kxnnt5ts3alao3bf5ha347jomvx3qcdq",
                "inactive_state": "",
                "name": "loic-testgroup",
                "state": "ACTIVE",
                "time_created": "2020-04-08 07:16:31.887 +0000 UTC"
              },
              {
                "compartment_id": "ocid1.tenancy.oc1..aaaaaaaaa3qmjxr43tjexx75r6gwk6vjw22ermohbw2vbxyhczksgjir7xdq",
                "defined_tags": {
                  "A-Team.Creator": "ocid1.saml2idp.oc1..aaaaaaaa64zc64fobwcuqyaspdxvddy26fbn3jmgn7cscufrlobsnli4l46q/leo.yuen@oracle.com",
                  "A-Team.Expires": "2046-05-31",
                  "A-Team.Owner": "leo.yuen@oracle.com"
                },
                "description": "Leo Yuen's Group",
                "freeform_tags": {},
                "id": "ocid1.group.oc1..aaaaaaaaj6474f7vqfzaxfwkipl7acuvklqykwkoffvrrjd7nkqxtnsxbeja",
                "inactive_state": "",
                "name": "lyuen-group",
                "state": "ACTIVE",
                "time_created": "2020-01-22 07:12:13.632 +0000 UTC"
              },
              {
                "compartment_id": "ocid1.tenancy.oc1..aaaaaaaaa3qmjxr43tjexx75r6gwk6vjw22ermohbw2vbxyhczksgjir7xdq",
                "defined_tags": {
                  "A-Team.Creator": "oracleidentitycloudservice/manasi.vaishampayan@oracle.com",
                  "A-Team.Expires": "2020-11-12",
                  "A-Team.Owner": "manasi.vaishampayan@oracle.com"
                },
                "description": "Group to allow full access to Marcus his compartment",
                "freeform_tags": {},
                "id": "ocid1.group.oc1..aaaaaaaahhfra4vl7dlgcg4mrdxj5wxlla5bux2n6yo4y4gplzjifc4ycmzq",
                "inactive_state": "",
                "name": "Marcus_Andrea_Group",
                "state": "ACTIVE",
                "time_created": "2020-08-12 15:23:02.56 +0000 UTC"
              },
              {
                "compartment_id": "ocid1.tenancy.oc1..aaaaaaaaa3qmjxr43tjexx75r6gwk6vjw22ermohbw2vbxyhczksgjir7xdq",
                "defined_tags": {
                  "A-Team.Creator": " ocid1.saml2idp.oc1..aaaaaaaa64zc64fobwcuqyaspdxvddy26fbn3jmgn7cscufrlobsnli4l46q/tamer.qumhieh@oracle.com",
                  "A-Team.Expires": "2020-05-04",
                  "A-Team.Owner": "tamer.qumhieh@oracle.com"
                },
                "description": "MarketPlace",
                "freeform_tags": {},
                "id": "ocid1.group.oc1..aaaaaaaaguqi4goxlqfb3rd6y3rorvzucd7z4syssw2jftyixmkixmjbnpxa",
                "inactive_state": "",
                "name": "MarketPlace",
                "state": "ACTIVE",
                "time_created": "2020-02-04 14:45:42.906 +0000 UTC"
              },
              {
                "compartment_id": "ocid1.tenancy.oc1..aaaaaaaaa3qmjxr43tjexx75r6gwk6vjw22ermohbw2vbxyhczksgjir7xdq",
                "defined_tags": {
                  "A-Team.Creator": "atjulian",
                  "A-Team.Expires": "2021-01-12"
                },
                "description": "GroupTest",
                "freeform_tags": {},
                "id": "ocid1.group.oc1..aaaaaaaaamdi467lxqyqfr2sriak7nx5clxsdiw7xobfv645edsmqy6gcpxa",
                "inactive_state": "",
                "name": "marketplaceGrouptest",
                "state": "ACTIVE",
                "time_created": "2020-10-12 23:27:48.411 +0000 UTC"
              },
              {
                "compartment_id": "ocid1.tenancy.oc1..aaaaaaaaa3qmjxr43tjexx75r6gwk6vjw22ermohbw2vbxyhczksgjir7xdq",
                "defined_tags": {
                  "A-Team.Creator": "oracleidentitycloudservice/vinay.kalra@oracle.com",
                  "A-Team.Expires": "2021-01-23",
                  "A-Team.Owner": "vinay.kalra@oracle.com"
                },
                "description": "Testing MFA verification",
                "freeform_tags": {},
                "id": "ocid1.group.oc1..aaaaaaaadr6cq7dv7y6q5peivjjgcpieb3xmawff65qy4ovoeuyj4wq4ni3q",
                "inactive_state": "",
                "name": "MFATest",
                "state": "ACTIVE",
                "time_created": "2020-10-23 16:40:12.48 +0000 UTC"
              },
              {
                "compartment_id": "ocid1.tenancy.oc1..aaaaaaaaa3qmjxr43tjexx75r6gwk6vjw22ermohbw2vbxyhczksgjir7xdq",
                "defined_tags": {
                  "A-Team.Creator": " ocid1.saml2idp.oc1..aaaaaaaa64zc64fobwcuqyaspdxvddy26fbn3jmgn7cscufrlobsnli4l46q/adao.junior@oracle.com",
                  "A-Team.Expires": "2021-04-27",
                  "A-Team.Owner": "adao.junior@oracle.com"
                },
                "description": "Group for MuShop Demo features",
                "freeform_tags": {},
                "id": "ocid1.group.oc1..aaaaaaaasneayscqxz35j7nok6vf3meyqtpnenqyg22kcpepp2v6pc5ejhuq",
                "inactive_state": "",
                "name": "mushop_demo",
                "state": "ACTIVE",
                "time_created": "2020-01-27 15:13:45.188 +0000 UTC"
              },
              {
                "compartment_id": "ocid1.tenancy.oc1..aaaaaaaaa3qmjxr43tjexx75r6gwk6vjw22ermohbw2vbxyhczksgjir7xdq",
                "defined_tags": {
                  "A-Team.Creator": "oracleidentitycloudservice/manasi.vaishampayan@oracle.com",
                  "A-Team.Expires": "2020-06-10",
                  "A-Team.Owner": "manasi.vaishampayan@oracle.com"
                },
                "description": "Created with the Python SDK",
                "freeform_tags": {},
                "id": "ocid1.group.oc1..aaaaaaaattowd27euv3rojd6pd2zaqqk6r3o54h3lp5b3apcj6xbz4zxbpaq",
                "inactive_state": "",
                "name": "mysocgroup",
                "state": "ACTIVE",
                "time_created": "2020-03-10 10:17:43.232 +0000 UTC"
              },
              {
                "compartment_id": "ocid1.tenancy.oc1..aaaaaaaaa3qmjxr43tjexx75r6gwk6vjw22ermohbw2vbxyhczksgjir7xdq",
                "defined_tags": {
                  "A-Team.Creator": "oracleidentitycloudservice/devashish.bhargava@oracle.com",
                  "A-Team.Expires": "2021-03-23",
                  "A-Team.Owner": "devashish.bhargava@oracle.com"
                },
                "description": "netadmin-dap-grp",
                "freeform_tags": {},
                "id": "ocid1.group.oc1..aaaaaaaatwl5ftc3am3chl5qt2yxfagcnzso462z5qoghyjz4bcagfpr3qzq",
                "inactive_state": "",
                "name": "netadmin-dap-grp",
                "state": "ACTIVE",
                "time_created": "2020-12-23 16:32:29.896 +0000 UTC"
              },
              {
                "compartment_id": "ocid1.tenancy.oc1..aaaaaaaaa3qmjxr43tjexx75r6gwk6vjw22ermohbw2vbxyhczksgjir7xdq",
                "defined_tags": {
                  "A-Team.Creator": "ocid1.saml2idp.oc1..aaaaaaaa64zc64fobwcuqyaspdxvddy26fbn3jmgn7cscufrlobsnli4l46q/babu.rallapalli@oracle.com",
                  "A-Team.Expires": "2020-06-04",
                  "A-Team.Owner": "babu.rallapalli@oracle.com"
                },
                "description": "NetworkAdmins",
                "freeform_tags": {},
                "id": "ocid1.group.oc1..aaaaaaaa4a5dg5qshmyypx4ma2yllcpfzzkmh3dh5557rbuejekjl2gayzna",
                "inactive_state": "",
                "name": "NetworkAdmins",
                "state": "ACTIVE",
                "time_created": "2020-03-04 20:44:38.896 +0000 UTC"
              },
              {
                "compartment_id": "ocid1.tenancy.oc1..aaaaaaaaa3qmjxr43tjexx75r6gwk6vjw22ermohbw2vbxyhczksgjir7xdq",
                "defined_tags": {
                  "A-Team.Creator": "oracleidentitycloudservice/gustavo.saurez@oracle.com",
                  "A-Team.Expires": "2020-08-20",
                  "A-Team.Owner": "gustavo.saurez@oracle.com"
                },
                "description": "nri usage test",
                "freeform_tags": {},
                "id": "ocid1.group.oc1..aaaaaaaafnlhgddil52fna2gebzibql3awjn7qywzv7xpgktow5uhksqngqa",
                "inactive_state": "",
                "name": "nri_usage_test",
                "state": "ACTIVE",
                "time_created": "2020-05-20 17:24:52.007 +0000 UTC"
              },
              {
                "compartment_id": "ocid1.tenancy.oc1..aaaaaaaaa3qmjxr43tjexx75r6gwk6vjw22ermohbw2vbxyhczksgjir7xdq",
                "defined_tags": {
                  "A-Team.Expires": "2022-12-31",
                  "A-Team.Owner": "olaf.heimburger@oracle.com"
                },
                "description": "OH_Learning group",
                "freeform_tags": {},
                "id": "ocid1.group.oc1..aaaaaaaa7h47zckporssakwkidfw2hxemy37tai4zsfthttfl5mnmw7bvbra",
                "inactive_state": "",
                "name": "oci-olaf_heimburger-group",
                "state": "ACTIVE",
                "time_created": "2019-03-25 10:12:22.767 +0000 UTC"
              },
              {
                "compartment_id": "ocid1.tenancy.oc1..aaaaaaaaa3qmjxr43tjexx75r6gwk6vjw22ermohbw2vbxyhczksgjir7xdq",
                "defined_tags": {
                  "A-Team.Expires": "2019-05-07T06:00:00.000Z",
                  "A-Team.Owner": "tim.melander@oracle.com"
                },
                "description": "New lab group for oci users",
                "freeform_tags": {},
                "id": "ocid1.group.oc1..aaaaaaaakdml5qszztdbtuf6oia64w4lfihxrixibr5gtirotqz7vymdx4zq",
                "inactive_state": "",
                "name": "oci-tim_melander-group",
                "state": "ACTIVE",
                "time_created": "2019-02-07 21:41:22.703 +0000 UTC"
              },
              {
                "compartment_id": "ocid1.tenancy.oc1..aaaaaaaaa3qmjxr43tjexx75r6gwk6vjw22ermohbw2vbxyhczksgjir7xdq",
                "defined_tags": {
                  "A-Team.Creator": "oracleidentitycloudservice/babu.rallapalli@oracle.com",
                  "A-Team.Expires": "2020-11-24",
                  "A-Team.Owner": "babu.rallapalli@oracle.com"
                },
                "description": "Brad's team",
                "freeform_tags": {},
                "id": "ocid1.group.oc1..aaaaaaaaz6jliyjhekp7nmn4x7b2k2ifb4iru7kkllijjirtvwadplqxwxsa",
                "inactive_state": "",
                "name": "oci_tier1_posner",
                "state": "ACTIVE",
                "time_created": "2020-08-24 21:36:48.635 +0000 UTC"
              },
              {
                "compartment_id": "ocid1.tenancy.oc1..aaaaaaaaa3qmjxr43tjexx75r6gwk6vjw22ermohbw2vbxyhczksgjir7xdq",
                "defined_tags": {
                  "A-Team.Expires": "2019-12-23",
                  "A-Team.Owner": "babu.rallapalli@oracle.com"
                },
                "description": "resource manager group",
                "freeform_tags": {},
                "id": "ocid1.group.oc1..aaaaaaaajwxjwaymudwgtz7ymuyt3wvys7hjoffku5ew5nuzqeyhcvi27qpa",
                "inactive_state": "",
                "name": "ociormgroup",
                "state": "ACTIVE",
                "time_created": "2019-09-23 17:51:38.649 +0000 UTC"
              },
              {
                "compartment_id": "ocid1.tenancy.oc1..aaaaaaaaa3qmjxr43tjexx75r6gwk6vjw22ermohbw2vbxyhczksgjir7xdq",
                "defined_tags": {
                  "A-Team.Creator": "oracleidentitycloudservice/olaf.heimburger@oracle.com",
                  "A-Team.Expires": "2030-12-31",
                  "A-Team.Owner": "olaf.heimburger@oracle.com"
                },
                "description": "Functions Group for Testing",
                "freeform_tags": {},
                "id": "ocid1.group.oc1..aaaaaaaaoy3zuh2df47sal3rhi3ub2esllfqwy3dssr72iaw6xifdz2v7saq",
                "inactive_state": "",
                "name": "OH_FN_Group",
                "state": "ACTIVE",
                "time_created": "2020-08-17 11:18:16.996 +0000 UTC"
              },
              {
                "compartment_id": "ocid1.tenancy.oc1..aaaaaaaaa3qmjxr43tjexx75r6gwk6vjw22ermohbw2vbxyhczksgjir7xdq",
                "defined_tags": {
                  "A-Team.Expires": "2020-01-18"
                },
                "description": "Group created during federation",
                "freeform_tags": {},
                "id": "ocid1.group.oc1..aaaaaaaaustsjkoreiuaj6gwergk6dpy2lurf5lkc2dmeaq475s6bmzqhf5q",
                "inactive_state": "",
                "name": "oh_security",
                "state": "ACTIVE",
                "time_created": "2019-10-18 11:39:05.991 +0000 UTC"
              },
              {
                "compartment_id": "ocid1.tenancy.oc1..aaaaaaaaa3qmjxr43tjexx75r6gwk6vjw22ermohbw2vbxyhczksgjir7xdq",
                "defined_tags": {
                  "A-Team.Creator": "oracleidentitycloudservice/andrew.hopkinson@oracle.com",
                  "A-Team.Expires": "2025-12-31",
                  "A-Team.Owner": "andrew.hopkinson@oracle.com"
                },
                "description": "OKIT Query \u0026 Management Group",
                "freeform_tags": {},
                "id": "ocid1.group.oc1..aaaaaaaahobrehsbgtofyco6ggsrkvxavxxx43xhxfhgdrqraxsdmmtj6dbq",
                "inactive_state": "",
                "name": "okit-management",
                "state": "ACTIVE",
                "time_created": "2020-09-02 13:16:09.659 +0000 UTC"
              },
              {
                "compartment_id": "ocid1.tenancy.oc1..aaaaaaaaa3qmjxr43tjexx75r6gwk6vjw22ermohbw2vbxyhczksgjir7xdq",
                "defined_tags": {
                  "A-Team.Creator": "oracleidentitycloudservice/andrew.hopkinson@oracle.com",
                  "A-Team.Expires": "2025-12-31",
                  "A-Team.Owner": "andrew.hopkinson@oracle.com"
                },
                "description": "OKIT Query Only Group",
                "freeform_tags": {},
                "id": "ocid1.group.oc1..aaaaaaaagqybaxiaqwtcleq5cadnlw2oqapo34gesnyhppq2wevqpcfvxfhq",
                "inactive_state": "",
                "name": "okit-query",
                "state": "ACTIVE",
                "time_created": "2020-09-02 13:15:41.302 +0000 UTC"
              },
              {
                "compartment_id": "ocid1.tenancy.oc1..aaaaaaaaa3qmjxr43tjexx75r6gwk6vjw22ermohbw2vbxyhczksgjir7xdq",
                "defined_tags": {
                  "A-Team.Creator": "oracleidentitycloudservice/mukul.bihari.prasad@oracle.com",
                  "A-Team.Expires": "2020-12-02",
                  "A-Team.Owner": "mukul.bihari.prasad@oracle.com"
                },
                "description": "Oracle Management Cloud Administrator",
                "freeform_tags": {},
                "id": "ocid1.group.oc1..aaaaaaaaoen6cbct42escijjfoahtbfkwvdpt7xx3a5bzmz7gxxlu5nwyzxa",
                "inactive_state": "",
                "name": "omc-admin",
                "state": "ACTIVE",
                "time_created": "2020-09-02 06:15:38.935 +0000 UTC"
              },
              {
                "compartment_id": "ocid1.tenancy.oc1..aaaaaaaaa3qmjxr43tjexx75r6gwk6vjw22ermohbw2vbxyhczksgjir7xdq",
                "defined_tags": {
                  "A-Team.Expires": "No Expiration",
                  "A-Team.Owner": "adao.junior@oracle.com"
                },
                "description": "Pegasus Compartment Users",
                "freeform_tags": {},
                "id": "ocid1.group.oc1..aaaaaaaa6k6cpml33uwe24z77vyr5gvehlikdbnedatx4xv7of7sdegptnfq",
                "inactive_state": "",
                "name": "pegasus_compartment_users",
                "state": "ACTIVE",
                "time_created": "2019-04-15 20:47:32.786 +0000 UTC"
              },
              {
                "compartment_id": "ocid1.tenancy.oc1..aaaaaaaaa3qmjxr43tjexx75r6gwk6vjw22ermohbw2vbxyhczksgjir7xdq",
                "defined_tags": {
                  "A-Team.Creator": "oracleidentitycloudservice/vinay.kalra@oracle.com",
                  "A-Team.Expires": "2020-12-09",
                  "A-Team.Owner": "vinay.kalra@oracle.com"
                },
                "description": "Testing Policies",
                "freeform_tags": {},
                "id": "ocid1.group.oc1..aaaaaaaarktmhku6lnmkeld5tkti6zhv6r4mwjen2ojqpxby3br4265iva7a",
                "inactive_state": "",
                "name": "PolicyTestGrp",
                "state": "ACTIVE",
                "time_created": "2020-09-09 16:32:13.506 +0000 UTC"
              },
              {
                "compartment_id": "ocid1.tenancy.oc1..aaaaaaaaa3qmjxr43tjexx75r6gwk6vjw22ermohbw2vbxyhczksgjir7xdq",
                "defined_tags": {
                  "A-Team.Creator": "oracleidentitycloudservice/pulkit.sharma@oracle.com",
                  "A-Team.Expires": "2021-12-31",
                  "A-Team.Owner": "pulkit.sharma@oracle.com"
                },
                "description": "Created by Pulkit Sharma",
                "freeform_tags": {},
                "id": "ocid1.group.oc1..aaaaaaaabfbv5vm3mqt3z2yuy4ef3wv7ejo47mz7pi7qdxmbmfjfslggtnna",
                "inactive_state": "",
                "name": "PSGroup",
                "state": "ACTIVE",
                "time_created": "2020-04-08 02:23:48.981 +0000 UTC"
              },
              {
                "compartment_id": "ocid1.tenancy.oc1..aaaaaaaaa3qmjxr43tjexx75r6gwk6vjw22ermohbw2vbxyhczksgjir7xdq",
                "defined_tags": {
                  "A-Team.Creator": "oracleidentitycloudservice/sara.lipowsky@oracle.com",
                  "A-Team.Expires": "2020-12-08",
                  "A-Team.Owner": "sara.lipowsky@oracle.com",
                  "A2CEngineeringBaseline.ForCustomer": "Yes"
                },
                "description": "Group to create policies for LPG",
                "freeform_tags": {},
                "id": "ocid1.group.oc1..aaaaaaaavetww2b6vldfku6tbojksoydnctn66yjln5n7lyb4fwywqow4fqa",
                "inactive_state": "",
                "name": "RequestorGrp",
                "state": "ACTIVE",
                "time_created": "2020-09-08 18:48:29.16 +0000 UTC"
              },
              {
                "compartment_id": "ocid1.tenancy.oc1..aaaaaaaaa3qmjxr43tjexx75r6gwk6vjw22ermohbw2vbxyhczksgjir7xdq",
                "defined_tags": {
                  "A-Team.Expires": "2020-01-21",
                  "A-Team.Owner": "uday.sambhara@oracle.com"
                },
                "description": "Sales-Admins",
                "freeform_tags": {},
                "id": "ocid1.group.oc1..aaaaaaaaxpxolngqmccaesqnjncgjuimftyq6dm525l2tjnqdalufzpiulma",
                "inactive_state": "",
                "name": "Sales-Admins",
                "state": "ACTIVE",
                "time_created": "2019-10-21 21:51:15.535 +0000 UTC"
              },
              {
                "compartment_id": "ocid1.tenancy.oc1..aaaaaaaaa3qmjxr43tjexx75r6gwk6vjw22ermohbw2vbxyhczksgjir7xdq",
                "defined_tags": {
                  "A-Team.Expires": "2020-01-21",
                  "A-Team.Owner": "uday.sambhara@oracle.com"
                },
                "description": "Sales-Dev-Admins",
                "freeform_tags": {},
                "id": "ocid1.group.oc1..aaaaaaaaeg3ruljr5uvbchjpwd252eakmvpd7tgznxlkiyswwx72izu6zeuq",
                "inactive_state": "",
                "name": "Sales-Dev-Admins",
                "state": "ACTIVE",
                "time_created": "2019-10-21 21:55:08.578 +0000 UTC"
              },
              {
                "compartment_id": "ocid1.tenancy.oc1..aaaaaaaaa3qmjxr43tjexx75r6gwk6vjw22ermohbw2vbxyhczksgjir7xdq",
                "defined_tags": {
                  "A-Team.Expires": "2020-01-21",
                  "A-Team.Owner": "uday.sambhara@oracle.com"
                },
                "description": "Sales-Prod-Admins",
                "freeform_tags": {},
                "id": "ocid1.group.oc1..aaaaaaaaddfxhysrqzlqtvcmpu2ve74hc6pmkgbgzkiqimiumhgq6v4coeaq",
                "inactive_state": "",
                "name": "Sales-Prod-Admins",
                "state": "ACTIVE",
                "time_created": "2019-10-21 21:54:41.345 +0000 UTC"
              },
              {
                "compartment_id": "ocid1.tenancy.oc1..aaaaaaaaa3qmjxr43tjexx75r6gwk6vjw22ermohbw2vbxyhczksgjir7xdq",
                "defined_tags": {
                  "A-Team.Expires": "2020-01-21",
                  "A-Team.Owner": "uday.sambhara@oracle.com"
                },
                "description": "Sales-Test-Admins",
                "freeform_tags": {},
                "id": "ocid1.group.oc1..aaaaaaaacay6uwtq5uc7z23xjpkkgjz4z53wcid5zjvmrbcvnewgqym4ai3q",
                "inactive_state": "",
                "name": "Sales-Test-Admins",
                "state": "ACTIVE",
                "time_created": "2019-10-21 21:54:53.987 +0000 UTC"
              },
              {
                "compartment_id": "ocid1.tenancy.oc1..aaaaaaaaa3qmjxr43tjexx75r6gwk6vjw22ermohbw2vbxyhczksgjir7xdq",
                "defined_tags": {
                  "A-Team.Creator": "oracleidentitycloudservice/marc.paul@oracle.com",
                  "A-Team.Expires": "2021-01-27",
                  "A-Team.Owner": "marc.paul@oracle.com"
                },
                "description": "Group created by EBSCM Stack",
                "freeform_tags": {},
                "id": "ocid1.group.oc1..aaaaaaaal4fqqwxr2pm7n5va7r7wmxchletatrdxqztxux3ezy7mjm7pa7fa",
                "inactive_state": "",
                "name": "sandbox_group",
                "state": "ACTIVE",
                "time_created": "2020-10-27 21:31:05.775 +0000 UTC"
              },
              {
                "compartment_id": "ocid1.tenancy.oc1..aaaaaaaaa3qmjxr43tjexx75r6gwk6vjw22ermohbw2vbxyhczksgjir7xdq",
                "defined_tags": {
                  "A-Team.Creator": "oracleidentitycloudservice/shaun.levey@oracle.com",
                  "A-Team.Expires": "2021-07-27",
                  "A-Team.Owner": "shaun.levey@oracle.com"
                },
                "description": "Shaun Levey IAM Policy testing group",
                "freeform_tags": {},
                "id": "ocid1.group.oc1..aaaaaaaac37wc5vmcxjsutqtqyqr6ebvja6cudwnhkehmtb6eixuiveolh3a",
                "inactive_state": "",
                "name": "slevey",
                "state": "ACTIVE",
                "time_created": "2020-04-27 02:28:36.623 +0000 UTC"
              },
              {
                "compartment_id": "ocid1.tenancy.oc1..aaaaaaaaa3qmjxr43tjexx75r6gwk6vjw22ermohbw2vbxyhczksgjir7xdq",
                "defined_tags": {
                  "A-Team.Creator": "oracleidentitycloudservice/aj.kurzman@oracle.com",
                  "A-Team.Expires": "2021-03-03",
                  "A-Team.Owner": "aj.kurzman@oracle.com"
                },
                "description": "Group for testing of SMTP Email Delivery",
                "freeform_tags": {},
                "id": "ocid1.group.oc1..aaaaaaaae2wnqkjxramd7tinr3znywcxsu22m3nbqkup7oilz7rixj2jtmla",
                "inactive_state": "",
                "name": "SMTPTest",
                "state": "ACTIVE",
                "time_created": "2020-12-03 21:49:43.297 +0000 UTC"
              },
              {
                "compartment_id": "ocid1.tenancy.oc1..aaaaaaaaa3qmjxr43tjexx75r6gwk6vjw22ermohbw2vbxyhczksgjir7xdq",
                "defined_tags": {
                  "A-Team.Expires": "2020-03-10"
                },
                "description": "api developers in the sphinx compartment",
                "freeform_tags": {
                  "owner": "sphinx"
                },
                "id": "ocid1.group.oc1..aaaaaaaaqqg6hvnk5s3mml2xbi5fuanxrbbw7ip2qdaobty4uprevxhogyuq",
                "inactive_state": "",
                "name": "sphinx-api-developers",
                "state": "ACTIVE",
                "time_created": "2019-12-10 01:08:26.91 +0000 UTC"
              },
              {
                "compartment_id": "ocid1.tenancy.oc1..aaaaaaaaa3qmjxr43tjexx75r6gwk6vjw22ermohbw2vbxyhczksgjir7xdq",
                "defined_tags": {
                  "A-Team.Expires": "2020-01-23",
                  "A-Team.Owner": "uday.sambhara@oracle.com"
                },
                "description": "Group created during federation",
                "freeform_tags": {},
                "id": "ocid1.group.oc1..aaaaaaaai4piairpef6hi6a66xorqm3fhzdqdzntqcum2up2dcmkfihbmu7a",
                "inactive_state": "",
                "name": "Tag-Admins",
                "state": "ACTIVE",
                "time_created": "2019-10-23 16:38:13.723 +0000 UTC"
              },
              {
                "compartment_id": "ocid1.tenancy.oc1..aaaaaaaaa3qmjxr43tjexx75r6gwk6vjw22ermohbw2vbxyhczksgjir7xdq",
                "defined_tags": {
                  "A-Team.Creator": "oracleidentitycloudservice/jeevan.joseph@oracle.com",
                  "A-Team.Expires": "2020-08-05",
                  "A-Team.Owner": "jeevan.joseph@oracle.com"
                },
                "description": "admins at tehama - test",
                "freeform_tags": {},
                "id": "ocid1.group.oc1..aaaaaaaa3wkaljf3rqqicw3i3v3tor2kpkhiucviab6gb5kt7pk3utk7xiya",
                "inactive_state": "",
                "name": "tehama-admin",
                "state": "ACTIVE",
                "time_created": "2020-05-05 19:33:07.428 +0000 UTC"
              },
              {
                "compartment_id": "ocid1.tenancy.oc1..aaaaaaaaa3qmjxr43tjexx75r6gwk6vjw22ermohbw2vbxyhczksgjir7xdq",
                "defined_tags": {
                  "A-Team.Creator": "",
                  "A-Team.Expires": "2020-07-28"
                },
                "description": "test cotud",
                "freeform_tags": {},
                "id": "ocid1.group.oc1..aaaaaaaaftcnnabwu4orjldfnllqicvauvay2srfxfurgt722oql5b6d2rfa",
                "inactive_state": "",
                "name": "testcotud",
                "state": "ACTIVE",
                "time_created": "2020-04-28 09:17:41.678 +0000 UTC"
              },
              {
                "compartment_id": "ocid1.tenancy.oc1..aaaaaaaaa3qmjxr43tjexx75r6gwk6vjw22ermohbw2vbxyhczksgjir7xdq",
                "defined_tags": {
                  "A-Team.Creator": "oracleidentitycloudservice/manasi.vaishampayan@oracle.com",
                  "A-Team.Expires": "2020-11-06",
                  "A-Team.Owner": "manasi.vaishampayan@oracle.com"
                },
                "description": "To test resource move usecase",
                "freeform_tags": {},
                "id": "ocid1.group.oc1..aaaaaaaa2uku5jh45n5kjsuvyi22ter7f3jfll4qvpvy3o4gjn4bdfgthy4a",
                "inactive_state": "",
                "name": "TestGroup",
                "state": "ACTIVE",
                "time_created": "2020-08-06 15:58:45.107 +0000 UTC"
              },
              {
                "compartment_id": "ocid1.tenancy.oc1..aaaaaaaaa3qmjxr43tjexx75r6gwk6vjw22ermohbw2vbxyhczksgjir7xdq",
                "defined_tags": {
                  "A-Team.Creator": "oracleidentitycloudservice/mitsu.mehta@oracle.com",
                  "A-Team.Expires": "2021-02-13",
                  "A-Team.Owner": "mitsu.mehta@oracle.com"
                },
                "description": "Testing functions Mitsu",
                "freeform_tags": {},
                "id": "ocid1.group.oc1..aaaaaaaawdyj3rliinrnysaw5ke3yuxaxe56lowl3furgrjt3cixfj6ccvaa",
                "inactive_state": "",
                "name": "TestingFuncMM",
                "state": "ACTIVE",
                "time_created": "2020-11-13 21:48:48.285 +0000 UTC"
              },
              {
                "compartment_id": "ocid1.tenancy.oc1..aaaaaaaaa3qmjxr43tjexx75r6gwk6vjw22ermohbw2vbxyhczksgjir7xdq",
                "defined_tags": {
                  "A-Team.Creator": "oracleidentitycloudservice/richard.jacobs@oracle.com",
                  "A-Team.Expires": "2020-08-15",
                  "A-Team.Owner": "richard.jacobs@oracle.com"
                },
                "description": "testservicegroup",
                "freeform_tags": {},
                "id": "ocid1.group.oc1..aaaaaaaax5m2jb46iplfbezyi3glz5c5jfcr2htqbjsdcg7xmkmplmo6nl4q",
                "inactive_state": "",
                "name": "testservicegroup",
                "state": "ACTIVE",
                "time_created": "2020-05-15 17:53:42.468 +0000 UTC"
              },
              {
                "compartment_id": "ocid1.tenancy.oc1..aaaaaaaaa3qmjxr43tjexx75r6gwk6vjw22ermohbw2vbxyhczksgjir7xdq",
                "defined_tags": {
                  "A-Team.Expires": "2020-03-11"
                },
                "description": "test for tier-0",
                "freeform_tags": {},
                "id": "ocid1.group.oc1..aaaaaaaa2kvmks4jfhvbllkrix6lk2k6zw5tw2khq2fdxiylh32g33xxct3q",
                "inactive_state": "",
                "name": "tier-0-admins",
                "state": "ACTIVE",
                "time_created": "2019-12-11 16:12:44.858 +0000 UTC"
              },
              {
                "compartment_id": "ocid1.tenancy.oc1..aaaaaaaaa3qmjxr43tjexx75r6gwk6vjw22ermohbw2vbxyhczksgjir7xdq",
                "defined_tags": {
                  "A-Team.Creator": "oracleidentitycloudservice/tim.melander@oracle.com",
                  "A-Team.Expires": "2020-12-14",
                  "A-Team.Owner": "tim.melander@oracle.com"
                },
                "description": "Functions Development",
                "freeform_tags": {},
                "id": "ocid1.group.oc1..aaaaaaaal3t2ijg3olz53q3zbqgpihudk3pkmorl2u6rcy5l66xa5rybhxua",
                "inactive_state": "",
                "name": "timmelander-fn-dev",
                "state": "ACTIVE",
                "time_created": "2020-09-14 15:31:41.702 +0000 UTC"
              },
              {
                "compartment_id": "ocid1.tenancy.oc1..aaaaaaaaa3qmjxr43tjexx75r6gwk6vjw22ermohbw2vbxyhczksgjir7xdq",
                "defined_tags": {
                  "A-Team.Expires": "2020-01-21",
                  "A-Team.Owner": "uday.sambhara@oracle.com"
                },
                "description": "Demo Group for udays",
                "freeform_tags": {},
                "id": "ocid1.group.oc1..aaaaaaaayu27sfufmx2kc4imb5fljz7qt4tenvevsoym7hl3hanqqxoyotgq",
                "inactive_state": "",
                "name": "udaysGroup",
                "state": "ACTIVE",
                "time_created": "2019-10-21 21:32:44.52 +0000 UTC"
              },
              {
                "compartment_id": "ocid1.tenancy.oc1..aaaaaaaaa3qmjxr43tjexx75r6gwk6vjw22ermohbw2vbxyhczksgjir7xdq",
                "defined_tags": {
                  "A-Team.Creator": "oracleidentitycloudservice/ryan.cronk@oracle.com",
                  "A-Team.Expires": "2021-02-25",
                  "A-Team.Owner": "ryan.cronk@oracle.com"
                },
                "description": "Access to WS Test Range",
                "freeform_tags": {},
                "id": "ocid1.group.oc1..aaaaaaaa5glkmkphtafnyymohwn2p4tmsyg4oxcwfy5dwokpjmh75kxwrw7q",
                "inactive_state": "",
                "name": "WhiteSandsTesting",
                "state": "ACTIVE",
                "time_created": "2020-11-25 19:33:59.191 +0000 UTC"
              },
              {
                "compartment_id": "ocid1.tenancy.oc1..aaaaaaaaa3qmjxr43tjexx75r6gwk6vjw22ermohbw2vbxyhczksgjir7xdq",
                "defined_tags": {
                  "A-Team.Creator": "oracleidentitycloudservice/pulkit.sharma@oracle.com",
                  "A-Team.Expires": "2025-12-31",
                  "A-Team.Owner": "pulkit.sharma@oracle.com"
                },
                "description": "zolltestgrpoci",
                "freeform_tags": {},
                "id": "ocid1.group.oc1..aaaaaaaaaw72cqs6xbk25yvti7e3r5f3ztt2qbeji7j4ao7a7diebxcoxzoa",
                "inactive_state": "",
                "name": "zolltestgrpoci",
                "state": "ACTIVE",
                "time_created": "2020-08-28 18:41:22.916 +0000 UTC"
              }
            ],
            "id": "IdentityGroupsDataSource-358839365",
            "name": null,
            "state": null
          },
          "sensitive_attributes": []
        }
      ]
    },
    {
      "module": "module.functions_quickstart",
      "mode": "data",
      "type": "oci_identity_groups",
      "name": "groups",
      "provider": "provider[\"registry.terraform.io/hashicorp/oci\"].home",
      "instances": [
        {
          "schema_version": 0,
          "attributes": {
            "compartment_id": "ocid1.tenancy.oc1..aaaaaaaaa3qmjxr43tjexx75r6gwk6vjw22ermohbw2vbxyhczksgjir7xdq",
            "filter": null,
            "groups": [
              {
                "compartment_id": "ocid1.tenancy.oc1..aaaaaaaaa3qmjxr43tjexx75r6gwk6vjw22ermohbw2vbxyhczksgjir7xdq",
                "defined_tags": {},
                "description": "Administrators",
                "freeform_tags": {},
                "id": "ocid1.group.oc1..aaaaaaaa2pyncdt6xgrguak5w3zqh36kncsvha2dmektjeugz5caolb57naq",
                "inactive_state": "",
                "name": "Administrators",
                "state": "ACTIVE",
                "time_created": "2019-01-15 23:43:47.715 +0000 UTC"
              },
              {
                "compartment_id": "ocid1.tenancy.oc1..aaaaaaaaa3qmjxr43tjexx75r6gwk6vjw22ermohbw2vbxyhczksgjir7xdq",
                "defined_tags": {
                  "A-Team.Creator": "andre.correa@oracle.com",
                  "A-Team.Expires": "2020-10-13",
                  "A-Team.Owner": "andre.correa@oracle.com"
                },
                "description": "Andre's group for DB backups",
                "freeform_tags": {},
                "id": "ocid1.group.oc1..aaaaaaaakahrpoux4tgdmminjua3rvvk3nkedkbceyd6ibtrs45vbawcfmwq",
                "inactive_state": "",
                "name": "andre-db-backups-group",
                "state": "ACTIVE",
                "time_created": "2020-07-13 13:12:06.801 +0000 UTC"
              },
              {
                "compartment_id": "ocid1.tenancy.oc1..aaaaaaaaa3qmjxr43tjexx75r6gwk6vjw22ermohbw2vbxyhczksgjir7xdq",
                "defined_tags": {
                  "A-Team.Creator": "andre",
                  "A-Team.Expires": "2020-12-09"
                },
                "description": "Managers of Object Storage",
                "freeform_tags": {},
                "id": "ocid1.group.oc1..aaaaaaaalfbus4hrtbn2gaxinmr6oy2o7locvoczcqzm4o6r4iwyy4jedywa",
                "inactive_state": "",
                "name": "andre-oss-managers",
                "state": "ACTIVE",
                "time_created": "2020-09-09 12:42:04.785 +0000 UTC"
              },
              {
                "compartment_id": "ocid1.tenancy.oc1..aaaaaaaaa3qmjxr43tjexx75r6gwk6vjw22ermohbw2vbxyhczksgjir7xdq",
                "defined_tags": {
                  "A-Team.Expires": "2020-12-31",
                  "A-Team.Owner": "andre.correa@oracle.com"
                },
                "description": "Function developers, created by Andre",
                "freeform_tags": {},
                "id": "ocid1.group.oc1..aaaaaaaa6bw3jhewk2bsgwpsvduubwc75kfx3wyxd5hncc6yqlif6phun5jq",
                "inactive_state": "",
                "name": "andrecorrea-fn-dev",
                "state": "ACTIVE",
                "time_created": "2019-07-29 20:11:24.421 +0000 UTC"
              },
              {
                "compartment_id": "ocid1.tenancy.oc1..aaaaaaaaa3qmjxr43tjexx75r6gwk6vjw22ermohbw2vbxyhczksgjir7xdq",
                "defined_tags": {
                  "A-Team.Expires": "2020-10-10",
                  "A-Team.Owner": "adao.junior@oracle.com"
                },
                "description": "OCI APIGW developers",
                "freeform_tags": {},
                "id": "ocid1.group.oc1..aaaaaaaanacx2mb5qb5jjrm6w6jxerpl3havjl6kd5eqlbkyioxluh3ecykq",
                "inactive_state": "",
                "name": "API_Developers",
                "state": "ACTIVE",
                "time_created": "2019-08-06 04:41:24.774 +0000 UTC"
              },
              {
                "compartment_id": "ocid1.tenancy.oc1..aaaaaaaaa3qmjxr43tjexx75r6gwk6vjw22ermohbw2vbxyhczksgjir7xdq",
                "defined_tags": {
                  "A-Team.Creator": " ocid1.saml2idp.oc1..aaaaaaaa64zc64fobwcuqyaspdxvddy26fbn3jmgn7cscufrlobsnli4l46q/julian.ortiz@oracle.com",
                  "A-Team.Expires": "2020-05-26",
                  "A-Team.Owner": "julian.ortiz@oracle.com"
                },
                "description": "Julian's Group",
                "freeform_tags": {},
                "id": "ocid1.group.oc1..aaaaaaaaiudipy6bdw67b65zp6xirr725iu3bdoiqtgp57dz4hcuzeb5igna",
                "inactive_state": "",
                "name": "atjulian",
                "state": "ACTIVE",
                "time_created": "2020-02-25 23:04:22.282 +0000 UTC"
              },
              {
                "compartment_id": "ocid1.tenancy.oc1..aaaaaaaaa3qmjxr43tjexx75r6gwk6vjw22ermohbw2vbxyhczksgjir7xdq",
                "defined_tags": {
                  "A-Team.Expires": "2019-12-03",
                  "A-Team.Owner": "tim.melander@oracle.com"
                },
                "description": "Audit event logs in tenancy",
                "freeform_tags": {},
                "id": "ocid1.group.oc1..aaaaaaaas5omdoc2sm73mmmlcphcfqlr6lyjlplralv2nybjtcjugdv6vkga",
                "inactive_state": "",
                "name": "Auditors",
                "state": "ACTIVE",
                "time_created": "2019-09-03 16:07:07.056 +0000 UTC"
              },
              {
                "compartment_id": "ocid1.tenancy.oc1..aaaaaaaaa3qmjxr43tjexx75r6gwk6vjw22ermohbw2vbxyhczksgjir7xdq",
                "defined_tags": {
                  "A-Team.Creator": "oracleidentitycloudservice/babu.rallapalli@oracle.com",
                  "A-Team.Expires": "2020-12-10",
                  "A-Team.Owner": "babu.rallapalli@oracle.com"
                },
                "description": "Readonly account for Babu",
                "freeform_tags": {},
                "id": "ocid1.group.oc1..aaaaaaaaxc4xmcjsggkbfedvhzb3g6cvcuhiol4slsowyrnggiugjunxnaga",
                "inactive_state": "",
                "name": "babu_readonly",
                "state": "ACTIVE",
                "time_created": "2020-09-10 16:36:26.741 +0000 UTC"
              },
              {
                "compartment_id": "ocid1.tenancy.oc1..aaaaaaaaa3qmjxr43tjexx75r6gwk6vjw22ermohbw2vbxyhczksgjir7xdq",
                "defined_tags": {
                  "A-Team.Creator": "oracleidentitycloudservice/babu.rallapalli@oracle.com",
                  "A-Team.Expires": "2020-07-17",
                  "A-Team.Owner": "babu.rallapalli@oracle.com"
                },
                "description": "PM Team.",
                "freeform_tags": {},
                "id": "ocid1.group.oc1..aaaaaaaaksrbmq22vqbt4stwh6lvtfafcysnb2zbuwfnmftvewz3yruxeptq",
                "inactive_state": "",
                "name": "BabuPMTeam",
                "state": "ACTIVE",
                "time_created": "2020-04-17 16:20:29.812 +0000 UTC"
              },
              {
                "compartment_id": "ocid1.tenancy.oc1..aaaaaaaaa3qmjxr43tjexx75r6gwk6vjw22ermohbw2vbxyhczksgjir7xdq",
                "defined_tags": {
                  "A-Team.Creator": "jim.prantzalos@oracle.com",
                  "A-Team.Expires": "2020-08-06"
                },
                "description": "bds_jim",
                "freeform_tags": {},
                "id": "ocid1.group.oc1..aaaaaaaaholgly4kezxno32xmup5tlt73si4rhumrfwxpoyo2nkllih2b7vq",
                "inactive_state": "",
                "name": "bds_jim",
                "state": "ACTIVE",
                "time_created": "2020-05-06 19:30:44.672 +0000 UTC"
              },
              {
                "compartment_id": "ocid1.tenancy.oc1..aaaaaaaaa3qmjxr43tjexx75r6gwk6vjw22ermohbw2vbxyhczksgjir7xdq",
                "defined_tags": {
                  "A-Team.Creator": "jim.prantzalos@oracle.com",
                  "A-Team.Expires": "2020-08-06"
                },
                "description": "siebel users",
                "freeform_tags": {},
                "id": "ocid1.group.oc1..aaaaaaaa3k3rq4czaqgt7572qztznwzp4k3hhbnpe6i2wciyvhlnbhzwk3nq",
                "inactive_state": "",
                "name": "bds_siebel",
                "state": "ACTIVE",
                "time_created": "2020-05-06 16:04:36.207 +0000 UTC"
              },
              {
                "compartment_id": "ocid1.tenancy.oc1..aaaaaaaaa3qmjxr43tjexx75r6gwk6vjw22ermohbw2vbxyhczksgjir7xdq",
                "defined_tags": {
                  "A-Team.Creator": "ocid1.saml2idp.oc1..aaaaaaaa64zc64fobwcuqyaspdxvddy26fbn3jmgn7cscufrlobsnli4l46q/jim.prantzalos@oracle.com",
                  "A-Team.Expires": "2020-04-09",
                  "A-Team.Owner": "jim.prantzalos@oracle.com"
                },
                "description": "Admins for BigData compartment",
                "freeform_tags": {},
                "id": "ocid1.group.oc1..aaaaaaaahr4wx4a52tid5fgvtoyfaxvexsdsgpm5kv7obl6vysrsw75ybsca",
                "inactive_state": "",
                "name": "BigDataAdmins",
                "state": "ACTIVE",
                "time_created": "2020-01-09 01:21:01.738 +0000 UTC"
              },
              {
                "compartment_id": "ocid1.tenancy.oc1..aaaaaaaaa3qmjxr43tjexx75r6gwk6vjw22ermohbw2vbxyhczksgjir7xdq",
                "defined_tags": {
                  "A-Team.Creator": "ocid1.saml2idp.oc1..aaaaaaaa64zc64fobwcuqyaspdxvddy26fbn3jmgn7cscufrlobsnli4l46q/christopher.johnson@oracle.com",
                  "A-Team.Expires": "2021-06-07",
                  "A-Team.Owner": "christopher.johnson@oracle.com"
                },
                "description": "Cloud Guard Users",
                "freeform_tags": {},
                "id": "ocid1.group.oc1..aaaaaaaax27j4vyed4vx7ne7lvgbp6fwv7f7p36bmthh4egtjy7fsn2lmaka",
                "inactive_state": "",
                "name": "CloudGuardUsers",
                "state": "ACTIVE",
                "time_created": "2020-03-06 22:20:25.456 +0000 UTC"
              },
              {
                "compartment_id": "ocid1.tenancy.oc1..aaaaaaaaa3qmjxr43tjexx75r6gwk6vjw22ermohbw2vbxyhczksgjir7xdq",
                "defined_tags": {
                  "A-Team.Expires": "2020-01-17"
                },
                "description": "cotud-orm-admin-group ",
                "freeform_tags": {},
                "id": "ocid1.group.oc1..aaaaaaaaglhghnj5n7wklo575tsujsspxxulvxrk3mkvsahktrzlwphqqeaa",
                "inactive_state": "",
                "name": "cotud-orm-admin-group",
                "state": "ACTIVE",
                "time_created": "2019-10-17 07:54:37.297 +0000 UTC"
              },
              {
                "compartment_id": "ocid1.tenancy.oc1..aaaaaaaaa3qmjxr43tjexx75r6gwk6vjw22ermohbw2vbxyhczksgjir7xdq",
                "defined_tags": {
                  "A-Team.Expires": "2019-12-20",
                  "A-Team.Owner": "cosmin.tudor@oracle.com"
                },
                "description": "test cotud",
                "freeform_tags": {},
                "id": "ocid1.group.oc1..aaaaaaaabisbnzo3s5p3lvox4axybnqalldxiukdzdi5yya2k3w4ogstv4lq",
                "inactive_state": "",
                "name": "cotud_test",
                "state": "ACTIVE",
                "time_created": "2019-09-20 06:47:36.223 +0000 UTC"
              },
              {
                "compartment_id": "ocid1.tenancy.oc1..aaaaaaaaa3qmjxr43tjexx75r6gwk6vjw22ermohbw2vbxyhczksgjir7xdq",
                "defined_tags": {
                  "A-Team.Creator": "ocid1.saml2idp.oc1..aaaaaaaa64zc64fobwcuqyaspdxvddy26fbn3jmgn7cscufrlobsnli4l46q/tim.melander@oracle.com",
                  "A-Team.Expires": "2020-04-13",
                  "A-Team.Owner": "tim.melander@oracle.com"
                },
                "description": "Owner - Tim Melander",
                "freeform_tags": {},
                "id": "ocid1.group.oc1..aaaaaaaafzczuxkt4cghx35ttfliln5ejq2x2qqbi4zbxtqfbskeu4zeojja",
                "inactive_state": "",
                "name": "CustomImages",
                "state": "ACTIVE",
                "time_created": "2020-01-13 20:28:25.696 +0000 UTC"
              },
              {
                "compartment_id": "ocid1.tenancy.oc1..aaaaaaaaa3qmjxr43tjexx75r6gwk6vjw22ermohbw2vbxyhczksgjir7xdq",
                "defined_tags": {
                  "A-Team.Creator": "oracleidentitycloudservice/pulkit.sharma@oracle.com",
                  "A-Team.Expires": "2025-12-31",
                  "A-Team.Owner": "pulkit.sharma@oracle.com"
                },
                "description": "Data-Safe-Admins",
                "freeform_tags": {},
                "id": "ocid1.group.oc1..aaaaaaaaxl55wjhegosjx5r72sdwsx3g4xx7wnor3ehppn6n65mtsueopg7a",
                "inactive_state": "",
                "name": "Data-Safe-Admins",
                "state": "ACTIVE",
                "time_created": "2020-08-24 21:32:44.28 +0000 UTC"
              },
              {
                "compartment_id": "ocid1.tenancy.oc1..aaaaaaaaa3qmjxr43tjexx75r6gwk6vjw22ermohbw2vbxyhczksgjir7xdq",
                "defined_tags": {
                  "A-Team.Creator": "oracleidentitycloudservice/lyudmil.x.pelov@oracle.com",
                  "A-Team.Expires": "2020-11-06",
                  "A-Team.Owner": "lyudmil.x.pelov@oracle.com"
                },
                "description": "Data Science Group",
                "freeform_tags": {},
                "id": "ocid1.group.oc1..aaaaaaaaldfbtchboqqyqzezssbqasqkqo3fpqhxydcjqamg4q2h5zdh7e6q",
                "inactive_state": "",
                "name": "DataScienceGroup",
                "state": "ACTIVE",
                "time_created": "2020-08-06 14:35:54.686 +0000 UTC"
              },
              {
                "compartment_id": "ocid1.tenancy.oc1..aaaaaaaaa3qmjxr43tjexx75r6gwk6vjw22ermohbw2vbxyhczksgjir7xdq",
                "defined_tags": {
                  "A-Team.Expires": "2020-01-01",
                  "A-Team.Owner": "flavius.sana@oracle.com"
                },
                "description": "Group for DevCS users",
                "freeform_tags": {},
                "id": "ocid1.group.oc1..aaaaaaaakd5hd6jjf6uz3djq3o334oq6cfxz6pjv3jw3mzkmfqtlajzbnkza",
                "inactive_state": "",
                "name": "DevCSGroup",
                "state": "ACTIVE",
                "time_created": "2019-10-01 12:45:48.659 +0000 UTC"
              },
              {
                "compartment_id": "ocid1.tenancy.oc1..aaaaaaaaa3qmjxr43tjexx75r6gwk6vjw22ermohbw2vbxyhczksgjir7xdq",
                "defined_tags": {
                  "A-Team.Creator": "oracleidentitycloudservice/manasi.vaishampayan@oracle.com",
                  "A-Team.Expires": "2020-11-06",
                  "A-Team.Owner": "manasi.vaishampayan@oracle.com"
                },
                "description": "To test resource move usecase",
                "freeform_tags": {},
                "id": "ocid1.group.oc1..aaaaaaaatjseyei2ntohrhfn277k3lxruqikbpjems5evvaoabzrywkpxzaq",
                "inactive_state": "",
                "name": "DevGroup",
                "state": "ACTIVE",
                "time_created": "2020-08-06 15:58:56.473 +0000 UTC"
              },
              {
                "compartment_id": "ocid1.tenancy.oc1..aaaaaaaaa3qmjxr43tjexx75r6gwk6vjw22ermohbw2vbxyhczksgjir7xdq",
                "defined_tags": {
                  "A-Team.Creator": "oracleidentitycloudservice/manasi.vaishampayan@oracle.com",
                  "A-Team.Expires": "2020-11-12",
                  "A-Team.Owner": "manasi.vaishampayan@oracle.com"
                },
                "description": "Group to allow full access to Domenic Curty to his compartment",
                "freeform_tags": {},
                "id": "ocid1.group.oc1..aaaaaaaa7oaidxsal5xlz4j4wabb2w7w4vsh6p3wtpoaklytv65mtyepmvkq",
                "inactive_state": "",
                "name": "Domenic_Cutry_Group",
                "state": "ACTIVE",
                "time_created": "2020-08-12 15:22:22.731 +0000 UTC"
              },
              {
                "compartment_id": "ocid1.tenancy.oc1..aaaaaaaaa3qmjxr43tjexx75r6gwk6vjw22ermohbw2vbxyhczksgjir7xdq",
                "defined_tags": {
                  "A-Team.Expires": "2020-03-05"
                },
                "description": "DS_FUNCTIONS",
                "freeform_tags": {},
                "id": "ocid1.group.oc1..aaaaaaaajvahmiv7aud7dz4bvqda67l4lc3xbk7ljzugqz4bslarbhbqrnxa",
                "inactive_state": "",
                "name": "DS_FUNCTIONS",
                "state": "ACTIVE",
                "time_created": "2019-12-05 15:18:58.929 +0000 UTC"
              },
              {
                "compartment_id": "ocid1.tenancy.oc1..aaaaaaaaa3qmjxr43tjexx75r6gwk6vjw22ermohbw2vbxyhczksgjir7xdq",
                "defined_tags": {
                  "A-Team.Creator": "oracleidentitycloudservice/mitsu.mehta@oracle.com",
                  "A-Team.Expires": "2021-03-10",
                  "A-Team.Owner": "mitsu.mehta@oracle.com"
                },
                "description": "User group for data safe user 1",
                "freeform_tags": {},
                "id": "ocid1.group.oc1..aaaaaaaa2zbidpbzaxtoixi6hjruz37c5fodhlyfwaoontwi45n75l3wi5qa",
                "inactive_state": "",
                "name": "dsg01",
                "state": "ACTIVE",
                "time_created": "2020-12-10 14:31:30.553 +0000 UTC"
              },
              {
                "compartment_id": "ocid1.tenancy.oc1..aaaaaaaaa3qmjxr43tjexx75r6gwk6vjw22ermohbw2vbxyhczksgjir7xdq",
                "defined_tags": {
                  "A-Team.Creator": "oracleidentitycloudservice/devashish.bhargava@oracle.com",
                  "A-Team.Expires": "2021-03-23",
                  "A-Team.Owner": "devashish.bhargava@oracle.com"
                },
                "description": "ebscmadmin-dap-grp",
                "freeform_tags": {},
                "id": "ocid1.group.oc1..aaaaaaaakehjdyh6xwppkprrqo6vnpa3i2qz6535kwzkvcwegaagvx3sof6a",
                "inactive_state": "",
                "name": "ebscmadmin-dap-grp",
                "state": "ACTIVE",
                "time_created": "2020-12-23 16:32:54.136 +0000 UTC"
              },
              {
                "compartment_id": "ocid1.tenancy.oc1..aaaaaaaaa3qmjxr43tjexx75r6gwk6vjw22ermohbw2vbxyhczksgjir7xdq",
                "defined_tags": {
                  "A-Team.Creator": "oracleidentitycloudservice/aj.kurzman@oracle.com",
                  "A-Team.Expires": "2021-03-07",
                  "A-Team.Owner": "aj.kurzman@oracle.com"
                },
                "description": "Group created by EBSCM Stack",
                "freeform_tags": {},
                "id": "ocid1.group.oc1..aaaaaaaa7yhgwz2goqfxdaor6gjn5niei5lma7iv6wnb4qtctz5rwno4aheq",
                "inactive_state": "",
                "name": "ebsholAJ_group",
                "state": "ACTIVE",
                "time_created": "2020-12-07 20:48:39.747 +0000 UTC"
              },
              {
                "compartment_id": "ocid1.tenancy.oc1..aaaaaaaaa3qmjxr43tjexx75r6gwk6vjw22ermohbw2vbxyhczksgjir7xdq",
                "defined_tags": {
                  "A-Team.Creator": "oracleidentitycloudservice/jb.anderson@oracle.com",
                  "A-Team.Expires": "2021-04-25",
                  "A-Team.Owner": "jb.anderson@oracle.com"
                },
                "description": "Group created by EBSCM Stack",
                "freeform_tags": {},
                "id": "ocid1.group.oc1..aaaaaaaam5rq6ly4c5a372thhap4uogtiqfqleolwwmabqvtuizcuteqdriq",
                "inactive_state": "",
                "name": "ebsholJB_group",
                "state": "ACTIVE",
                "time_created": "2021-01-25 17:06:25.628 +0000 UTC"
              },
              {
                "compartment_id": "ocid1.tenancy.oc1..aaaaaaaaa3qmjxr43tjexx75r6gwk6vjw22ermohbw2vbxyhczksgjir7xdq",
                "defined_tags": {
                  "A-Team.Creator": "oracleidentitycloudservice/quintin.hill@oracle.com",
                  "A-Team.Expires": "2021-04-15",
                  "A-Team.Owner": "quintin.hill@oracle.com"
                },
                "description": "Group created by EBSCM Stack",
                "freeform_tags": {},
                "id": "ocid1.group.oc1..aaaaaaaazsyvca5vlwogmp4g7cdfxttdzaqbc4gx74zdo6n2g7cr3yqcidjq",
                "inactive_state": "",
                "name": "ebsholq_group",
                "state": "ACTIVE",
                "time_created": "2021-01-15 01:35:20.358 +0000 UTC"
              },
              {
                "compartment_id": "ocid1.tenancy.oc1..aaaaaaaaa3qmjxr43tjexx75r6gwk6vjw22ermohbw2vbxyhczksgjir7xdq",
                "defined_tags": {
                  "A-Team.Creator": "oracleidentitycloudservice/william.masdon@oracle.com",
                  "A-Team.Expires": "2021-04-27",
                  "A-Team.Owner": "william.masdon@oracle.com"
                },
                "description": "Group created by EBSCM Stack",
                "freeform_tags": {},
                "id": "ocid1.group.oc1..aaaaaaaauzjagxw32udmztyb2vceyoolvqnhkv7fmgji7voon2rlyajyluva",
                "inactive_state": "",
                "name": "ebswjm_group",
                "state": "ACTIVE",
                "time_created": "2021-01-27 22:27:02.438 +0000 UTC"
              },
              {
                "compartment_id": "ocid1.tenancy.oc1..aaaaaaaaa3qmjxr43tjexx75r6gwk6vjw22ermohbw2vbxyhczksgjir7xdq",
                "defined_tags": {
                  "A-Team.Creator": "oracleidentitycloudservice/markus.taugwalder@oracle.com",
                  "A-Team.Expires": "2020-12-30",
                  "A-Team.Owner": "markus.taugwalder@oracle.com",
                  "ESC-Tags.CostCenter": "133",
                  "ESC-Tags.Project": "Databases"
                },
                "description": "Temporary Exercise Group",
                "freeform_tags": {},
                "id": "ocid1.group.oc1..aaaaaaaaf4a7tvpjymyle2d5nvq5tx2zmohfgt7yw5sy2aqhno2c5lqnn5ha",
                "inactive_state": "",
                "name": "ESC-DBAs",
                "state": "ACTIVE",
                "time_created": "2020-04-30 12:26:31.415 +0000 UTC"
              },
              {
                "compartment_id": "ocid1.tenancy.oc1..aaaaaaaaa3qmjxr43tjexx75r6gwk6vjw22ermohbw2vbxyhczksgjir7xdq",
                "defined_tags": {
                  "A-Team.Creator": "oracleidentitycloudservice/markus.taugwalder@oracle.com",
                  "A-Team.Expires": "2020-12-30",
                  "A-Team.Owner": "markus.taugwalder@oracle.com",
                  "ESC-Tags.CostCenter": "133",
                  "ESC-Tags.Project": "Networks"
                },
                "description": "Temporary Exercise Group",
                "freeform_tags": {},
                "id": "ocid1.group.oc1..aaaaaaaaph7477wqwfa3zo7qnkynwb3dyc2wozzkbomxvgyxjscyu6j2isja",
                "inactive_state": "",
                "name": "ESC-NetAdmin",
                "state": "ACTIVE",
                "time_created": "2020-04-30 12:24:14.284 +0000 UTC"
              },
              {
                "compartment_id": "ocid1.tenancy.oc1..aaaaaaaaa3qmjxr43tjexx75r6gwk6vjw22ermohbw2vbxyhczksgjir7xdq",
                "defined_tags": {
                  "A-Team.Creator": "oracleidentitycloudservice/markus.taugwalder@oracle.com",
                  "A-Team.Expires": "2020-12-30",
                  "A-Team.Owner": "markus.taugwalder@oracle.com",
                  "ESC-Tags.CostCenter": "133",
                  "ESC-Tags.Project": "Security"
                },
                "description": "Temporary Exercise Group",
                "freeform_tags": {},
                "id": "ocid1.group.oc1..aaaaaaaammicoo5fmqihvesq6xyipp7425g7d33rhgrtqkqy6l3rvx5a5qbq",
                "inactive_state": "",
                "name": "ESC-SecAdmins",
                "state": "ACTIVE",
                "time_created": "2020-04-30 12:27:18.017 +0000 UTC"
              },
              {
                "compartment_id": "ocid1.tenancy.oc1..aaaaaaaaa3qmjxr43tjexx75r6gwk6vjw22ermohbw2vbxyhczksgjir7xdq",
                "defined_tags": {
                  "A-Team.Creator": "oracleidentitycloudservice/markus.taugwalder@oracle.com",
                  "A-Team.Expires": "2020-12-30",
                  "A-Team.Owner": "markus.taugwalder@oracle.com",
                  "ESC-Tags.CostCenter": "133",
                  "ESC-Tags.Project": "Storage"
                },
                "description": "Temporary Exercise Group",
                "freeform_tags": {},
                "id": "ocid1.group.oc1..aaaaaaaatgklptbg2brqb2z3zherptwhpdfxarw6iycmskqets7xzxfhjbmq",
                "inactive_state": "",
                "name": "ESC-StorAdmin",
                "state": "ACTIVE",
                "time_created": "2020-04-30 12:25:13.858 +0000 UTC"
              },
              {
                "compartment_id": "ocid1.tenancy.oc1..aaaaaaaaa3qmjxr43tjexx75r6gwk6vjw22ermohbw2vbxyhczksgjir7xdq",
                "defined_tags": {
                  "A-Team.Creator": "oracleidentitycloudservice/markus.taugwalder@oracle.com",
                  "A-Team.Expires": "2020-12-30",
                  "A-Team.Owner": "markus.taugwalder@oracle.com",
                  "ESC-Tags.CostCenter": "133",
                  "ESC-Tags.Project": "Systems"
                },
                "description": "Temporary Exercise Group",
                "freeform_tags": {},
                "id": "ocid1.group.oc1..aaaaaaaaw72ktwslpsagpcehneu6v7wp7cslcn2fxcmc3cxbty7af6zezxsa",
                "inactive_state": "",
                "name": "ESC-SysAdmins",
                "state": "ACTIVE",
                "time_created": "2020-04-30 12:25:50.753 +0000 UTC"
              },
              {
                "compartment_id": "ocid1.tenancy.oc1..aaaaaaaaa3qmjxr43tjexx75r6gwk6vjw22ermohbw2vbxyhczksgjir7xdq",
                "defined_tags": {
                  "A-Team.Creator": "oracleidentitycloudservice/gustavo.saurez@oracle.com",
                  "A-Team.Expires": "2020-09-01",
                  "A-Team.Owner": "gustavo.saurez@oracle.com"
                },
                "description": "fedex group",
                "freeform_tags": {},
                "id": "ocid1.group.oc1..aaaaaaaatpt3sc77zvuzruox4q7kxplo3da77yxeld5qace4vpmt7vx2bemq",
                "inactive_state": "",
                "name": "fedexgroup",
                "state": "ACTIVE",
                "time_created": "2020-06-01 16:45:21.716 +0000 UTC"
              },
              {
                "compartment_id": "ocid1.tenancy.oc1..aaaaaaaaa3qmjxr43tjexx75r6gwk6vjw22ermohbw2vbxyhczksgjir7xdq",
                "defined_tags": {
                  "A-Team.Creator": " ocid1.saml2idp.oc1..aaaaaaaa64zc64fobwcuqyaspdxvddy26fbn3jmgn7cscufrlobsnli4l46q/babu.rallapalli@oracle.com",
                  "A-Team.Expires": "2020-05-05",
                  "A-Team.Owner": "babu.rallapalli@oracle.com"
                },
                "description": "group for functions developers",
                "freeform_tags": {},
                "id": "ocid1.group.oc1..aaaaaaaazq46dez7c2uqioztp6hwwbkm37nfsxckb6q3452xw3xbavwupa2a",
                "inactive_state": "",
                "name": "functions-developers",
                "state": "ACTIVE",
                "time_created": "2020-02-05 17:11:40.599 +0000 UTC"
              },
              {
                "compartment_id": "ocid1.tenancy.oc1..aaaaaaaaa3qmjxr43tjexx75r6gwk6vjw22ermohbw2vbxyhczksgjir7xdq",
                "defined_tags": {
                  "A-Team.Creator": "oracleidentitycloudservice/venugopal.naik@oracle.com"
                },
                "description": "Functions Group",
                "freeform_tags": {},
                "id": "ocid1.group.oc1..aaaaaaaaap5y55k77ehgskq5dn4ppmemw7tsvzssk2jdlhtbgoev5pf4jqva",
                "inactive_state": "",
                "name": "Functions-Group",
                "state": "ACTIVE",
                "time_created": "2021-02-01 04:20:06.549 +0000 UTC"
              },
              {
                "compartment_id": "ocid1.tenancy.oc1..aaaaaaaaa3qmjxr43tjexx75r6gwk6vjw22ermohbw2vbxyhczksgjir7xdq",
                "defined_tags": {
                  "A-Team.Creator": "andre",
                  "A-Team.Expires": "2020-11-10",
                  "A-Team.Owner": "andre.correa@oracle.com"
                },
                "description": "group-y",
                "freeform_tags": {},
                "id": "ocid1.group.oc1..aaaaaaaarm242tz42g24znp7vlsuax75zte4tje4jbmlglgekulzt5t4tyrq",
                "inactive_state": "",
                "name": "group-y",
                "state": "ACTIVE",
                "time_created": "2020-08-10 18:47:16.191 +0000 UTC"
              },
              {
                "compartment_id": "ocid1.tenancy.oc1..aaaaaaaaa3qmjxr43tjexx75r6gwk6vjw22ermohbw2vbxyhczksgjir7xdq",
                "defined_tags": {
                  "A-Team.Creator": "oracleidentitycloudservice/adao.junior@oracle.com",
                  "A-Team.Expires": "2020-08-14",
                  "A-Team.Owner": "adao.junior@oracle.com"
                },
                "description": "Test Group One",
                "freeform_tags": {},
                "id": "ocid1.group.oc1..aaaaaaaaae7fg75leqolh4luqr7hwrugqphcky737w4yvo4kynyqatqki7ma",
                "inactive_state": "",
                "name": "group1",
                "state": "ACTIVE",
                "time_created": "2020-05-14 21:02:27.266 +0000 UTC"
              },
              {
                "compartment_id": "ocid1.tenancy.oc1..aaaaaaaaa3qmjxr43tjexx75r6gwk6vjw22ermohbw2vbxyhczksgjir7xdq",
                "defined_tags": {
                  "A-Team.Expires": "2019-12-24",
                  "A-Team.Owner": "venugopal.naik@oracle.com"
                },
                "description": "Test Group 1",
                "freeform_tags": {},
                "id": "ocid1.group.oc1..aaaaaaaalid2g2x45po3b3nreiwmrxudfbmqe6cn2p6cvnygxdnk6tbqnnka",
                "inactive_state": "",
                "name": "group_venu",
                "state": "ACTIVE",
                "time_created": "2019-09-24 09:19:35.324 +0000 UTC"
              },
              {
                "compartment_id": "ocid1.tenancy.oc1..aaaaaaaaa3qmjxr43tjexx75r6gwk6vjw22ermohbw2vbxyhczksgjir7xdq",
                "defined_tags": {
                  "A-Team.Creator": "oracleidentitycloudservice/manasi.vaishampayan@oracle.com",
                  "A-Team.Expires": "2020-06-10",
                  "A-Team.Owner": "manasi.vaishampayan@oracle.com"
                },
                "description": "Created with the Python SDK",
                "freeform_tags": {},
                "id": "ocid1.group.oc1..aaaaaaaacrj4dmqj3gejjmm4eibwvk6vjw3bwr7cdnsqp4s5nfpqd7bul5dq",
                "inactive_state": "",
                "name": "groupb",
                "state": "ACTIVE",
                "time_created": "2020-03-10 07:41:36.368 +0000 UTC"
              },
              {
                "compartment_id": "ocid1.tenancy.oc1..aaaaaaaaa3qmjxr43tjexx75r6gwk6vjw22ermohbw2vbxyhczksgjir7xdq",
                "defined_tags": {
                  "A-Team.Creator": "oracleidentitycloudservice/john.hazlewood@oracle.com",
                  "A-Team.Expires": "2020-10-01",
                  "A-Team.Owner": "john.hazlewood@oracle.com"
                },
                "description": "jhazlewo_EssbaseGroup",
                "freeform_tags": {},
                "id": "ocid1.group.oc1..aaaaaaaax4esoc2lr4ffujnca2wfii3rupzlc2w4xfp3pnp7txc4pgrkaaoa",
                "inactive_state": "",
                "name": "grp_OMCS_DBA_IMP",
                "state": "ACTIVE",
                "time_created": "2020-07-01 11:27:14.015 +0000 UTC"
              },
              {
                "compartment_id": "ocid1.tenancy.oc1..aaaaaaaaa3qmjxr43tjexx75r6gwk6vjw22ermohbw2vbxyhczksgjir7xdq",
                "defined_tags": {
                  "A-Team.Expires": "2019-11-16",
                  "A-Team.Owner": "gustavo.saurez@oracle.com"
                },
                "description": "Gustavo's",
                "freeform_tags": {},
                "id": "ocid1.group.oc1..aaaaaaaapykbfolsrn64f7n6cpvkugfxnyana65vauhmexaxroyiziw3jyqq",
                "inactive_state": "",
                "name": "GSGroup",
                "state": "ACTIVE",
                "time_created": "2019-08-16 15:21:11.978 +0000 UTC"
              },
              {
                "compartment_id": "ocid1.tenancy.oc1..aaaaaaaaa3qmjxr43tjexx75r6gwk6vjw22ermohbw2vbxyhczksgjir7xdq",
                "defined_tags": {
                  "A-Team.Expires": "2020-01-21",
                  "A-Team.Owner": "uday.sambhara@oracle.com"
                },
                "description": "HR-Admins ",
                "freeform_tags": {},
                "id": "ocid1.group.oc1..aaaaaaaaunh4uhvot54snnia67yegpmsh5oyy2tguneosng22puvwh3el3iq",
                "inactive_state": "",
                "name": "HR-Admins",
                "state": "ACTIVE",
                "time_created": "2019-10-21 21:50:47.257 +0000 UTC"
              },
              {
                "compartment_id": "ocid1.tenancy.oc1..aaaaaaaaa3qmjxr43tjexx75r6gwk6vjw22ermohbw2vbxyhczksgjir7xdq",
                "defined_tags": {
                  "A-Team.Expires": "2020-01-21",
                  "A-Team.Owner": "uday.sambhara@oracle.com"
                },
                "description": "HR-Dev-Admins",
                "freeform_tags": {},
                "id": "ocid1.group.oc1..aaaaaaaaefdhbntbobavd3wars6wt55nc6cshksyzoqxkcflbawmuom2rkla",
                "inactive_state": "",
                "name": "HR-Dev-Admins",
                "state": "ACTIVE",
                "time_created": "2019-10-21 21:54:21.078 +0000 UTC"
              },
              {
                "compartment_id": "ocid1.tenancy.oc1..aaaaaaaaa3qmjxr43tjexx75r6gwk6vjw22ermohbw2vbxyhczksgjir7xdq",
                "defined_tags": {
                  "A-Team.Expires": "2020-01-21",
                  "A-Team.Owner": "uday.sambhara@oracle.com"
                },
                "description": "HR-Prod-Admins",
                "freeform_tags": {},
                "id": "ocid1.group.oc1..aaaaaaaaeld624i4knlaok3hlowxov47howbzsx5ngulyjtedukhwi2t53qq",
                "inactive_state": "",
                "name": "HR-Prod-Admins",
                "state": "ACTIVE",
                "time_created": "2019-10-21 21:53:49.934 +0000 UTC"
              },
              {
                "compartment_id": "ocid1.tenancy.oc1..aaaaaaaaa3qmjxr43tjexx75r6gwk6vjw22ermohbw2vbxyhczksgjir7xdq",
                "defined_tags": {
                  "A-Team.Expires": "2020-01-21",
                  "A-Team.Owner": "uday.sambhara@oracle.com"
                },
                "description": "HR-Test-Admins",
                "freeform_tags": {},
                "id": "ocid1.group.oc1..aaaaaaaaf5qzdpudql2mxexckud2ofqyaca3gdlntbv3jp6qrmgagh6ipoea",
                "inactive_state": "",
                "name": "HR-Test-Admins",
                "state": "ACTIVE",
                "time_created": "2019-10-21 21:54:03.473 +0000 UTC"
              },
              {
                "compartment_id": "ocid1.tenancy.oc1..aaaaaaaaa3qmjxr43tjexx75r6gwk6vjw22ermohbw2vbxyhczksgjir7xdq",
                "defined_tags": {
                  "A-Team.Creator": "oracleidentitycloudservice/marc.paul@oracle.com",
                  "A-Team.Expires": "2021-03-14",
                  "A-Team.Owner": "marc.paul@oracle.com",
                  "A2CEngineeringBaseline.CreatedBy": "chris.wegenek@oracle.com"
                },
                "description": "JDE install group",
                "freeform_tags": {},
                "id": "ocid1.group.oc1..aaaaaaaabbas6cgzd5l56dq5finum5yzhzxazyqqidngofs5mv2jtcrig6ta",
                "inactive_state": "",
                "name": "jde_reference",
                "state": "ACTIVE",
                "time_created": "2020-12-14 20:18:43.761 +0000 UTC"
              },
              {
                "compartment_id": "ocid1.tenancy.oc1..aaaaaaaaa3qmjxr43tjexx75r6gwk6vjw22ermohbw2vbxyhczksgjir7xdq",
                "defined_tags": {
                  "A-Team.Creator": "oracleidentitycloudservice/jeevan.joseph@oracle.com",
                  "A-Team.Expires": "2020-10-25",
                  "A-Team.Owner": "jeevan.joseph@oracle.com",
                  "tehama.customer": "jeevan",
                  "tehama.room": "studio",
                  "tehama.tier": "room_control_plane"
                },
                "description": "Resource admins for jeevan",
                "freeform_tags": {},
                "id": "ocid1.group.oc1..aaaaaaaarpykpcvdagk7okb775jdx74wzwvg3hxaavpqhkl4hc3bgynsiy2a",
                "inactive_state": "",
                "name": "jeevan-admins",
                "state": "ACTIVE",
                "time_created": "2020-07-25 01:36:09.303 +0000 UTC"
              },
              {
                "compartment_id": "ocid1.tenancy.oc1..aaaaaaaaa3qmjxr43tjexx75r6gwk6vjw22ermohbw2vbxyhczksgjir7xdq",
                "defined_tags": {
                  "A-Team.Creator": "oracleidentitycloudservice/john.hazlewood@oracle.com",
                  "A-Team.Expires": "2020-07-28",
                  "A-Team.Owner": "john.hazlewood@oracle.com"
                },
                "description": "jhazlewo's Group",
                "freeform_tags": {},
                "id": "ocid1.group.oc1..aaaaaaaaoy7jm3zymkiadqhtvivjntvjrzffmtkdzp5xgkpypvl3zegjlxcq",
                "inactive_state": "",
                "name": "jhazlewo",
                "state": "ACTIVE",
                "time_created": "2020-04-28 10:23:52.143 +0000 UTC"
              },
              {
                "compartment_id": "ocid1.tenancy.oc1..aaaaaaaaa3qmjxr43tjexx75r6gwk6vjw22ermohbw2vbxyhczksgjir7xdq",
                "defined_tags": {
                  "A-Team.Creator": "oracleidentitycloudservice/jacob.jones@oracle.com",
                  "A-Team.Expires": "2021-01-26",
                  "A-Team.Owner": "jacob.jones@oracle.com"
                },
                "description": "Group created by EBSCM Stack",
                "freeform_tags": {},
                "id": "ocid1.group.oc1..aaaaaaaaksxc5dy6mfw45lqgwdfn4ke2qcr3gekjynrl3ggx4mgjrau6fvua",
                "inactive_state": "",
                "name": "jjebs_group",
                "state": "ACTIVE",
                "time_created": "2020-10-26 21:55:45.856 +0000 UTC"
              },
              {
                "compartment_id": "ocid1.tenancy.oc1..aaaaaaaaa3qmjxr43tjexx75r6gwk6vjw22ermohbw2vbxyhczksgjir7xdq",
                "defined_tags": {
                  "A-Team.Creator": " jmurmann_policy_test",
                  "A-Team.Expires": "2020-04-28"
                },
                "description": "Used for testing the minimum privs to access he Cost Analysis API",
                "freeform_tags": {},
                "id": "ocid1.group.oc1..aaaaaaaaynnbhpwhjs6dnqtf57r5dcekxbmweglix3y26jy633z4m3osfioa",
                "inactive_state": "",
                "name": "jmu_cost_API_Access",
                "state": "ACTIVE",
                "time_created": "2020-01-28 19:49:32.548 +0000 UTC"
              },
              {
                "compartment_id": "ocid1.tenancy.oc1..aaaaaaaaa3qmjxr43tjexx75r6gwk6vjw22ermohbw2vbxyhczksgjir7xdq",
                "defined_tags": {
                  "A-Team.Expires": "2021-02-01",
                  "A-Team.Owner": "johannes.murmann@oracle.com"
                },
                "description": "Used to test policies",
                "freeform_tags": {},
                "id": "ocid1.group.oc1..aaaaaaaagwovozi2dkdjv5xx42nb23poqsues4vwwyxr5qgcbcbenkeud44a",
                "inactive_state": "",
                "name": "jmurmann_test_group",
                "state": "ACTIVE",
                "time_created": "2019-11-01 18:43:19.444 +0000 UTC"
              },
              {
                "compartment_id": "ocid1.tenancy.oc1..aaaaaaaaa3qmjxr43tjexx75r6gwk6vjw22ermohbw2vbxyhczksgjir7xdq",
                "defined_tags": {
                  "A-Team.Creator": "oracleidentitycloudservice/manasi.vaishampayan@oracle.com",
                  "A-Team.Expires": "2020-12-01",
                  "A-Team.Owner": "manasi.vaishampayan@oracle.com"
                },
                "description": "Group for Johnnie Konstantas User",
                "freeform_tags": {},
                "id": "ocid1.group.oc1..aaaaaaaa4ez3sfuyzmbywyil4vyvkmy7o3v4vk4xfy7lt4onaeyeo5k57lmq",
                "inactive_state": "",
                "name": "johnnie_konstantas",
                "state": "ACTIVE",
                "time_created": "2020-09-01 14:50:36.5 +0000 UTC"
              },
              {
                "compartment_id": "ocid1.tenancy.oc1..aaaaaaaaa3qmjxr43tjexx75r6gwk6vjw22ermohbw2vbxyhczksgjir7xdq",
                "defined_tags": {
                  "A-Team.Creator": "oracleidentitycloudservice/tim.melander@oracle.com",
                  "A-Team.Expires": "2020-07-17",
                  "A-Team.Owner": "tim.melander@oracle.com"
                },
                "description": "Allow access to KDC-Vault",
                "freeform_tags": {},
                "id": "ocid1.group.oc1..aaaaaaaaqjxbxyakijnj45np4cuj6ir2sjgplkdo4of54hp5xof4u5ssnzyq",
                "inactive_state": "",
                "name": "KDC-Vault-Group",
                "state": "ACTIVE",
                "time_created": "2020-04-17 21:47:32.825 +0000 UTC"
              },
              {
                "compartment_id": "ocid1.tenancy.oc1..aaaaaaaaa3qmjxr43tjexx75r6gwk6vjw22ermohbw2vbxyhczksgjir7xdq",
                "defined_tags": {
                  "A-Team.Expires": "2019-07-03T06:00:00.000Z",
                  "A-Team.Owner": "kiran.thakkar@oracle.com"
                },
                "description": "This group is created for Kiran Thakkar created resources",
                "freeform_tags": {},
                "id": "ocid1.group.oc1..aaaaaaaap7maulo6uwmmzmyw6crupek4ksscc3pyuyuuqqx73gjkfxnpt6ba",
                "inactive_state": "",
                "name": "KTGroup",
                "state": "ACTIVE",
                "time_created": "2019-04-03 16:15:19.291 +0000 UTC"
              },
              {
                "compartment_id": "ocid1.tenancy.oc1..aaaaaaaaa3qmjxr43tjexx75r6gwk6vjw22ermohbw2vbxyhczksgjir7xdq",
                "defined_tags": {
                  "A-Team.Creator": "oracleidentitycloudservice/kaylien.phan@oracle.com"
                },
                "description": "Group created by EBSCM Stack",
                "freeform_tags": {},
                "id": "ocid1.group.oc1..aaaaaaaaszhmpasbkquscjqmggge46gzovk756uscdvzsczpq2wrt3sncklq",
                "inactive_state": "",
                "name": "kvpebs_group",
                "state": "ACTIVE",
                "time_created": "2021-01-31 21:01:49.45 +0000 UTC"
              },
              {
                "compartment_id": "ocid1.tenancy.oc1..aaaaaaaaa3qmjxr43tjexx75r6gwk6vjw22ermohbw2vbxyhczksgjir7xdq",
                "defined_tags": {
                  "A-Team.Creator": "oracleidentitycloudservice/loic.tregan@oracle.com",
                  "A-Team.Expires": "2020-07-08",
                  "A-Team.Owner": "loic.tregan@oracle.com"
                },
                "description": "test group, can be deleted anytime",
                "freeform_tags": {},
                "id": "ocid1.group.oc1..aaaaaaaaxkw5vbegt64uufbg2ig6kxnnt5ts3alao3bf5ha347jomvx3qcdq",
                "inactive_state": "",
                "name": "loic-testgroup",
                "state": "ACTIVE",
                "time_created": "2020-04-08 07:16:31.887 +0000 UTC"
              },
              {
                "compartment_id": "ocid1.tenancy.oc1..aaaaaaaaa3qmjxr43tjexx75r6gwk6vjw22ermohbw2vbxyhczksgjir7xdq",
                "defined_tags": {
                  "A-Team.Creator": "ocid1.saml2idp.oc1..aaaaaaaa64zc64fobwcuqyaspdxvddy26fbn3jmgn7cscufrlobsnli4l46q/leo.yuen@oracle.com",
                  "A-Team.Expires": "2046-05-31",
                  "A-Team.Owner": "leo.yuen@oracle.com"
                },
                "description": "Leo Yuen's Group",
                "freeform_tags": {},
                "id": "ocid1.group.oc1..aaaaaaaaj6474f7vqfzaxfwkipl7acuvklqykwkoffvrrjd7nkqxtnsxbeja",
                "inactive_state": "",
                "name": "lyuen-group",
                "state": "ACTIVE",
                "time_created": "2020-01-22 07:12:13.632 +0000 UTC"
              },
              {
                "compartment_id": "ocid1.tenancy.oc1..aaaaaaaaa3qmjxr43tjexx75r6gwk6vjw22ermohbw2vbxyhczksgjir7xdq",
                "defined_tags": {
                  "A-Team.Creator": "oracleidentitycloudservice/manasi.vaishampayan@oracle.com",
                  "A-Team.Expires": "2020-11-12",
                  "A-Team.Owner": "manasi.vaishampayan@oracle.com"
                },
                "description": "Group to allow full access to Marcus his compartment",
                "freeform_tags": {},
                "id": "ocid1.group.oc1..aaaaaaaahhfra4vl7dlgcg4mrdxj5wxlla5bux2n6yo4y4gplzjifc4ycmzq",
                "inactive_state": "",
                "name": "Marcus_Andrea_Group",
                "state": "ACTIVE",
                "time_created": "2020-08-12 15:23:02.56 +0000 UTC"
              },
              {
                "compartment_id": "ocid1.tenancy.oc1..aaaaaaaaa3qmjxr43tjexx75r6gwk6vjw22ermohbw2vbxyhczksgjir7xdq",
                "defined_tags": {
                  "A-Team.Creator": " ocid1.saml2idp.oc1..aaaaaaaa64zc64fobwcuqyaspdxvddy26fbn3jmgn7cscufrlobsnli4l46q/tamer.qumhieh@oracle.com",
                  "A-Team.Expires": "2020-05-04",
                  "A-Team.Owner": "tamer.qumhieh@oracle.com"
                },
                "description": "MarketPlace",
                "freeform_tags": {},
                "id": "ocid1.group.oc1..aaaaaaaaguqi4goxlqfb3rd6y3rorvzucd7z4syssw2jftyixmkixmjbnpxa",
                "inactive_state": "",
                "name": "MarketPlace",
                "state": "ACTIVE",
                "time_created": "2020-02-04 14:45:42.906 +0000 UTC"
              },
              {
                "compartment_id": "ocid1.tenancy.oc1..aaaaaaaaa3qmjxr43tjexx75r6gwk6vjw22ermohbw2vbxyhczksgjir7xdq",
                "defined_tags": {
                  "A-Team.Creator": "atjulian",
                  "A-Team.Expires": "2021-01-12"
                },
                "description": "GroupTest",
                "freeform_tags": {},
                "id": "ocid1.group.oc1..aaaaaaaaamdi467lxqyqfr2sriak7nx5clxsdiw7xobfv645edsmqy6gcpxa",
                "inactive_state": "",
                "name": "marketplaceGrouptest",
                "state": "ACTIVE",
                "time_created": "2020-10-12 23:27:48.411 +0000 UTC"
              },
              {
                "compartment_id": "ocid1.tenancy.oc1..aaaaaaaaa3qmjxr43tjexx75r6gwk6vjw22ermohbw2vbxyhczksgjir7xdq",
                "defined_tags": {
                  "A-Team.Creator": "oracleidentitycloudservice/vinay.kalra@oracle.com",
                  "A-Team.Expires": "2021-01-23",
                  "A-Team.Owner": "vinay.kalra@oracle.com"
                },
                "description": "Testing MFA verification",
                "freeform_tags": {},
                "id": "ocid1.group.oc1..aaaaaaaadr6cq7dv7y6q5peivjjgcpieb3xmawff65qy4ovoeuyj4wq4ni3q",
                "inactive_state": "",
                "name": "MFATest",
                "state": "ACTIVE",
                "time_created": "2020-10-23 16:40:12.48 +0000 UTC"
              },
              {
                "compartment_id": "ocid1.tenancy.oc1..aaaaaaaaa3qmjxr43tjexx75r6gwk6vjw22ermohbw2vbxyhczksgjir7xdq",
                "defined_tags": {
                  "A-Team.Creator": " ocid1.saml2idp.oc1..aaaaaaaa64zc64fobwcuqyaspdxvddy26fbn3jmgn7cscufrlobsnli4l46q/adao.junior@oracle.com",
                  "A-Team.Expires": "2021-04-27",
                  "A-Team.Owner": "adao.junior@oracle.com"
                },
                "description": "Group for MuShop Demo features",
                "freeform_tags": {},
                "id": "ocid1.group.oc1..aaaaaaaasneayscqxz35j7nok6vf3meyqtpnenqyg22kcpepp2v6pc5ejhuq",
                "inactive_state": "",
                "name": "mushop_demo",
                "state": "ACTIVE",
                "time_created": "2020-01-27 15:13:45.188 +0000 UTC"
              },
              {
                "compartment_id": "ocid1.tenancy.oc1..aaaaaaaaa3qmjxr43tjexx75r6gwk6vjw22ermohbw2vbxyhczksgjir7xdq",
                "defined_tags": {
                  "A-Team.Creator": "oracleidentitycloudservice/manasi.vaishampayan@oracle.com",
                  "A-Team.Expires": "2020-06-10",
                  "A-Team.Owner": "manasi.vaishampayan@oracle.com"
                },
                "description": "Created with the Python SDK",
                "freeform_tags": {},
                "id": "ocid1.group.oc1..aaaaaaaattowd27euv3rojd6pd2zaqqk6r3o54h3lp5b3apcj6xbz4zxbpaq",
                "inactive_state": "",
                "name": "mysocgroup",
                "state": "ACTIVE",
                "time_created": "2020-03-10 10:17:43.232 +0000 UTC"
              },
              {
                "compartment_id": "ocid1.tenancy.oc1..aaaaaaaaa3qmjxr43tjexx75r6gwk6vjw22ermohbw2vbxyhczksgjir7xdq",
                "defined_tags": {
                  "A-Team.Creator": "oracleidentitycloudservice/devashish.bhargava@oracle.com",
                  "A-Team.Expires": "2021-03-23",
                  "A-Team.Owner": "devashish.bhargava@oracle.com"
                },
                "description": "netadmin-dap-grp",
                "freeform_tags": {},
                "id": "ocid1.group.oc1..aaaaaaaatwl5ftc3am3chl5qt2yxfagcnzso462z5qoghyjz4bcagfpr3qzq",
                "inactive_state": "",
                "name": "netadmin-dap-grp",
                "state": "ACTIVE",
                "time_created": "2020-12-23 16:32:29.896 +0000 UTC"
              },
              {
                "compartment_id": "ocid1.tenancy.oc1..aaaaaaaaa3qmjxr43tjexx75r6gwk6vjw22ermohbw2vbxyhczksgjir7xdq",
                "defined_tags": {
                  "A-Team.Creator": "ocid1.saml2idp.oc1..aaaaaaaa64zc64fobwcuqyaspdxvddy26fbn3jmgn7cscufrlobsnli4l46q/babu.rallapalli@oracle.com",
                  "A-Team.Expires": "2020-06-04",
                  "A-Team.Owner": "babu.rallapalli@oracle.com"
                },
                "description": "NetworkAdmins",
                "freeform_tags": {},
                "id": "ocid1.group.oc1..aaaaaaaa4a5dg5qshmyypx4ma2yllcpfzzkmh3dh5557rbuejekjl2gayzna",
                "inactive_state": "",
                "name": "NetworkAdmins",
                "state": "ACTIVE",
                "time_created": "2020-03-04 20:44:38.896 +0000 UTC"
              },
              {
                "compartment_id": "ocid1.tenancy.oc1..aaaaaaaaa3qmjxr43tjexx75r6gwk6vjw22ermohbw2vbxyhczksgjir7xdq",
                "defined_tags": {
                  "A-Team.Creator": "oracleidentitycloudservice/gustavo.saurez@oracle.com",
                  "A-Team.Expires": "2020-08-20",
                  "A-Team.Owner": "gustavo.saurez@oracle.com"
                },
                "description": "nri usage test",
                "freeform_tags": {},
                "id": "ocid1.group.oc1..aaaaaaaafnlhgddil52fna2gebzibql3awjn7qywzv7xpgktow5uhksqngqa",
                "inactive_state": "",
                "name": "nri_usage_test",
                "state": "ACTIVE",
                "time_created": "2020-05-20 17:24:52.007 +0000 UTC"
              },
              {
                "compartment_id": "ocid1.tenancy.oc1..aaaaaaaaa3qmjxr43tjexx75r6gwk6vjw22ermohbw2vbxyhczksgjir7xdq",
                "defined_tags": {
                  "A-Team.Expires": "2022-12-31",
                  "A-Team.Owner": "olaf.heimburger@oracle.com"
                },
                "description": "OH_Learning group",
                "freeform_tags": {},
                "id": "ocid1.group.oc1..aaaaaaaa7h47zckporssakwkidfw2hxemy37tai4zsfthttfl5mnmw7bvbra",
                "inactive_state": "",
                "name": "oci-olaf_heimburger-group",
                "state": "ACTIVE",
                "time_created": "2019-03-25 10:12:22.767 +0000 UTC"
              },
              {
                "compartment_id": "ocid1.tenancy.oc1..aaaaaaaaa3qmjxr43tjexx75r6gwk6vjw22ermohbw2vbxyhczksgjir7xdq",
                "defined_tags": {
                  "A-Team.Expires": "2019-05-07T06:00:00.000Z",
                  "A-Team.Owner": "tim.melander@oracle.com"
                },
                "description": "New lab group for oci users",
                "freeform_tags": {},
                "id": "ocid1.group.oc1..aaaaaaaakdml5qszztdbtuf6oia64w4lfihxrixibr5gtirotqz7vymdx4zq",
                "inactive_state": "",
                "name": "oci-tim_melander-group",
                "state": "ACTIVE",
                "time_created": "2019-02-07 21:41:22.703 +0000 UTC"
              },
              {
                "compartment_id": "ocid1.tenancy.oc1..aaaaaaaaa3qmjxr43tjexx75r6gwk6vjw22ermohbw2vbxyhczksgjir7xdq",
                "defined_tags": {
                  "A-Team.Creator": "oracleidentitycloudservice/babu.rallapalli@oracle.com",
                  "A-Team.Expires": "2020-11-24",
                  "A-Team.Owner": "babu.rallapalli@oracle.com"
                },
                "description": "Brad's team",
                "freeform_tags": {},
                "id": "ocid1.group.oc1..aaaaaaaaz6jliyjhekp7nmn4x7b2k2ifb4iru7kkllijjirtvwadplqxwxsa",
                "inactive_state": "",
                "name": "oci_tier1_posner",
                "state": "ACTIVE",
                "time_created": "2020-08-24 21:36:48.635 +0000 UTC"
              },
              {
                "compartment_id": "ocid1.tenancy.oc1..aaaaaaaaa3qmjxr43tjexx75r6gwk6vjw22ermohbw2vbxyhczksgjir7xdq",
                "defined_tags": {
                  "A-Team.Expires": "2019-12-23",
                  "A-Team.Owner": "babu.rallapalli@oracle.com"
                },
                "description": "resource manager group",
                "freeform_tags": {},
                "id": "ocid1.group.oc1..aaaaaaaajwxjwaymudwgtz7ymuyt3wvys7hjoffku5ew5nuzqeyhcvi27qpa",
                "inactive_state": "",
                "name": "ociormgroup",
                "state": "ACTIVE",
                "time_created": "2019-09-23 17:51:38.649 +0000 UTC"
              },
              {
                "compartment_id": "ocid1.tenancy.oc1..aaaaaaaaa3qmjxr43tjexx75r6gwk6vjw22ermohbw2vbxyhczksgjir7xdq",
                "defined_tags": {
                  "A-Team.Creator": "oracleidentitycloudservice/olaf.heimburger@oracle.com",
                  "A-Team.Expires": "2030-12-31",
                  "A-Team.Owner": "olaf.heimburger@oracle.com"
                },
                "description": "Functions Group for Testing",
                "freeform_tags": {},
                "id": "ocid1.group.oc1..aaaaaaaaoy3zuh2df47sal3rhi3ub2esllfqwy3dssr72iaw6xifdz2v7saq",
                "inactive_state": "",
                "name": "OH_FN_Group",
                "state": "ACTIVE",
                "time_created": "2020-08-17 11:18:16.996 +0000 UTC"
              },
              {
                "compartment_id": "ocid1.tenancy.oc1..aaaaaaaaa3qmjxr43tjexx75r6gwk6vjw22ermohbw2vbxyhczksgjir7xdq",
                "defined_tags": {
                  "A-Team.Expires": "2020-01-18"
                },
                "description": "Group created during federation",
                "freeform_tags": {},
                "id": "ocid1.group.oc1..aaaaaaaaustsjkoreiuaj6gwergk6dpy2lurf5lkc2dmeaq475s6bmzqhf5q",
                "inactive_state": "",
                "name": "oh_security",
                "state": "ACTIVE",
                "time_created": "2019-10-18 11:39:05.991 +0000 UTC"
              },
              {
                "compartment_id": "ocid1.tenancy.oc1..aaaaaaaaa3qmjxr43tjexx75r6gwk6vjw22ermohbw2vbxyhczksgjir7xdq",
                "defined_tags": {
                  "A-Team.Creator": "oracleidentitycloudservice/andrew.hopkinson@oracle.com",
                  "A-Team.Expires": "2025-12-31",
                  "A-Team.Owner": "andrew.hopkinson@oracle.com"
                },
                "description": "OKIT Query \u0026 Management Group",
                "freeform_tags": {},
                "id": "ocid1.group.oc1..aaaaaaaahobrehsbgtofyco6ggsrkvxavxxx43xhxfhgdrqraxsdmmtj6dbq",
                "inactive_state": "",
                "name": "okit-management",
                "state": "ACTIVE",
                "time_created": "2020-09-02 13:16:09.659 +0000 UTC"
              },
              {
                "compartment_id": "ocid1.tenancy.oc1..aaaaaaaaa3qmjxr43tjexx75r6gwk6vjw22ermohbw2vbxyhczksgjir7xdq",
                "defined_tags": {
                  "A-Team.Creator": "oracleidentitycloudservice/andrew.hopkinson@oracle.com",
                  "A-Team.Expires": "2025-12-31",
                  "A-Team.Owner": "andrew.hopkinson@oracle.com"
                },
                "description": "OKIT Query Only Group",
                "freeform_tags": {},
                "id": "ocid1.group.oc1..aaaaaaaagqybaxiaqwtcleq5cadnlw2oqapo34gesnyhppq2wevqpcfvxfhq",
                "inactive_state": "",
                "name": "okit-query",
                "state": "ACTIVE",
                "time_created": "2020-09-02 13:15:41.302 +0000 UTC"
              },
              {
                "compartment_id": "ocid1.tenancy.oc1..aaaaaaaaa3qmjxr43tjexx75r6gwk6vjw22ermohbw2vbxyhczksgjir7xdq",
                "defined_tags": {
                  "A-Team.Creator": "oracleidentitycloudservice/mukul.bihari.prasad@oracle.com",
                  "A-Team.Expires": "2020-12-02",
                  "A-Team.Owner": "mukul.bihari.prasad@oracle.com"
                },
                "description": "Oracle Management Cloud Administrator",
                "freeform_tags": {},
                "id": "ocid1.group.oc1..aaaaaaaaoen6cbct42escijjfoahtbfkwvdpt7xx3a5bzmz7gxxlu5nwyzxa",
                "inactive_state": "",
                "name": "omc-admin",
                "state": "ACTIVE",
                "time_created": "2020-09-02 06:15:38.935 +0000 UTC"
              },
              {
                "compartment_id": "ocid1.tenancy.oc1..aaaaaaaaa3qmjxr43tjexx75r6gwk6vjw22ermohbw2vbxyhczksgjir7xdq",
                "defined_tags": {
                  "A-Team.Expires": "No Expiration",
                  "A-Team.Owner": "adao.junior@oracle.com"
                },
                "description": "Pegasus Compartment Users",
                "freeform_tags": {},
                "id": "ocid1.group.oc1..aaaaaaaa6k6cpml33uwe24z77vyr5gvehlikdbnedatx4xv7of7sdegptnfq",
                "inactive_state": "",
                "name": "pegasus_compartment_users",
                "state": "ACTIVE",
                "time_created": "2019-04-15 20:47:32.786 +0000 UTC"
              },
              {
                "compartment_id": "ocid1.tenancy.oc1..aaaaaaaaa3qmjxr43tjexx75r6gwk6vjw22ermohbw2vbxyhczksgjir7xdq",
                "defined_tags": {
                  "A-Team.Creator": "oracleidentitycloudservice/vinay.kalra@oracle.com",
                  "A-Team.Expires": "2020-12-09",
                  "A-Team.Owner": "vinay.kalra@oracle.com"
                },
                "description": "Testing Policies",
                "freeform_tags": {},
                "id": "ocid1.group.oc1..aaaaaaaarktmhku6lnmkeld5tkti6zhv6r4mwjen2ojqpxby3br4265iva7a",
                "inactive_state": "",
                "name": "PolicyTestGrp",
                "state": "ACTIVE",
                "time_created": "2020-09-09 16:32:13.506 +0000 UTC"
              },
              {
                "compartment_id": "ocid1.tenancy.oc1..aaaaaaaaa3qmjxr43tjexx75r6gwk6vjw22ermohbw2vbxyhczksgjir7xdq",
                "defined_tags": {
                  "A-Team.Creator": "oracleidentitycloudservice/pulkit.sharma@oracle.com",
                  "A-Team.Expires": "2021-12-31",
                  "A-Team.Owner": "pulkit.sharma@oracle.com"
                },
                "description": "Created by Pulkit Sharma",
                "freeform_tags": {},
                "id": "ocid1.group.oc1..aaaaaaaabfbv5vm3mqt3z2yuy4ef3wv7ejo47mz7pi7qdxmbmfjfslggtnna",
                "inactive_state": "",
                "name": "PSGroup",
                "state": "ACTIVE",
                "time_created": "2020-04-08 02:23:48.981 +0000 UTC"
              },
              {
                "compartment_id": "ocid1.tenancy.oc1..aaaaaaaaa3qmjxr43tjexx75r6gwk6vjw22ermohbw2vbxyhczksgjir7xdq",
                "defined_tags": {
                  "A-Team.Creator": "oracleidentitycloudservice/sara.lipowsky@oracle.com",
                  "A-Team.Expires": "2020-12-08",
                  "A-Team.Owner": "sara.lipowsky@oracle.com",
                  "A2CEngineeringBaseline.ForCustomer": "Yes"
                },
                "description": "Group to create policies for LPG",
                "freeform_tags": {},
                "id": "ocid1.group.oc1..aaaaaaaavetww2b6vldfku6tbojksoydnctn66yjln5n7lyb4fwywqow4fqa",
                "inactive_state": "",
                "name": "RequestorGrp",
                "state": "ACTIVE",
                "time_created": "2020-09-08 18:48:29.16 +0000 UTC"
              },
              {
                "compartment_id": "ocid1.tenancy.oc1..aaaaaaaaa3qmjxr43tjexx75r6gwk6vjw22ermohbw2vbxyhczksgjir7xdq",
                "defined_tags": {
                  "A-Team.Expires": "2020-01-21",
                  "A-Team.Owner": "uday.sambhara@oracle.com"
                },
                "description": "Sales-Admins",
                "freeform_tags": {},
                "id": "ocid1.group.oc1..aaaaaaaaxpxolngqmccaesqnjncgjuimftyq6dm525l2tjnqdalufzpiulma",
                "inactive_state": "",
                "name": "Sales-Admins",
                "state": "ACTIVE",
                "time_created": "2019-10-21 21:51:15.535 +0000 UTC"
              },
              {
                "compartment_id": "ocid1.tenancy.oc1..aaaaaaaaa3qmjxr43tjexx75r6gwk6vjw22ermohbw2vbxyhczksgjir7xdq",
                "defined_tags": {
                  "A-Team.Expires": "2020-01-21",
                  "A-Team.Owner": "uday.sambhara@oracle.com"
                },
                "description": "Sales-Dev-Admins",
                "freeform_tags": {},
                "id": "ocid1.group.oc1..aaaaaaaaeg3ruljr5uvbchjpwd252eakmvpd7tgznxlkiyswwx72izu6zeuq",
                "inactive_state": "",
                "name": "Sales-Dev-Admins",
                "state": "ACTIVE",
                "time_created": "2019-10-21 21:55:08.578 +0000 UTC"
              },
              {
                "compartment_id": "ocid1.tenancy.oc1..aaaaaaaaa3qmjxr43tjexx75r6gwk6vjw22ermohbw2vbxyhczksgjir7xdq",
                "defined_tags": {
                  "A-Team.Expires": "2020-01-21",
                  "A-Team.Owner": "uday.sambhara@oracle.com"
                },
                "description": "Sales-Prod-Admins",
                "freeform_tags": {},
                "id": "ocid1.group.oc1..aaaaaaaaddfxhysrqzlqtvcmpu2ve74hc6pmkgbgzkiqimiumhgq6v4coeaq",
                "inactive_state": "",
                "name": "Sales-Prod-Admins",
                "state": "ACTIVE",
                "time_created": "2019-10-21 21:54:41.345 +0000 UTC"
              },
              {
                "compartment_id": "ocid1.tenancy.oc1..aaaaaaaaa3qmjxr43tjexx75r6gwk6vjw22ermohbw2vbxyhczksgjir7xdq",
                "defined_tags": {
                  "A-Team.Expires": "2020-01-21",
                  "A-Team.Owner": "uday.sambhara@oracle.com"
                },
                "description": "Sales-Test-Admins",
                "freeform_tags": {},
                "id": "ocid1.group.oc1..aaaaaaaacay6uwtq5uc7z23xjpkkgjz4z53wcid5zjvmrbcvnewgqym4ai3q",
                "inactive_state": "",
                "name": "Sales-Test-Admins",
                "state": "ACTIVE",
                "time_created": "2019-10-21 21:54:53.987 +0000 UTC"
              },
              {
                "compartment_id": "ocid1.tenancy.oc1..aaaaaaaaa3qmjxr43tjexx75r6gwk6vjw22ermohbw2vbxyhczksgjir7xdq",
                "defined_tags": {
                  "A-Team.Creator": "oracleidentitycloudservice/marc.paul@oracle.com",
                  "A-Team.Expires": "2021-01-27",
                  "A-Team.Owner": "marc.paul@oracle.com"
                },
                "description": "Group created by EBSCM Stack",
                "freeform_tags": {},
                "id": "ocid1.group.oc1..aaaaaaaal4fqqwxr2pm7n5va7r7wmxchletatrdxqztxux3ezy7mjm7pa7fa",
                "inactive_state": "",
                "name": "sandbox_group",
                "state": "ACTIVE",
                "time_created": "2020-10-27 21:31:05.775 +0000 UTC"
              },
              {
                "compartment_id": "ocid1.tenancy.oc1..aaaaaaaaa3qmjxr43tjexx75r6gwk6vjw22ermohbw2vbxyhczksgjir7xdq",
                "defined_tags": {
                  "A-Team.Creator": "oracleidentitycloudservice/shaun.levey@oracle.com",
                  "A-Team.Expires": "2021-07-27",
                  "A-Team.Owner": "shaun.levey@oracle.com"
                },
                "description": "Shaun Levey IAM Policy testing group",
                "freeform_tags": {},
                "id": "ocid1.group.oc1..aaaaaaaac37wc5vmcxjsutqtqyqr6ebvja6cudwnhkehmtb6eixuiveolh3a",
                "inactive_state": "",
                "name": "slevey",
                "state": "ACTIVE",
                "time_created": "2020-04-27 02:28:36.623 +0000 UTC"
              },
              {
                "compartment_id": "ocid1.tenancy.oc1..aaaaaaaaa3qmjxr43tjexx75r6gwk6vjw22ermohbw2vbxyhczksgjir7xdq",
                "defined_tags": {
                  "A-Team.Creator": "oracleidentitycloudservice/aj.kurzman@oracle.com",
                  "A-Team.Expires": "2021-03-03",
                  "A-Team.Owner": "aj.kurzman@oracle.com"
                },
                "description": "Group for testing of SMTP Email Delivery",
                "freeform_tags": {},
                "id": "ocid1.group.oc1..aaaaaaaae2wnqkjxramd7tinr3znywcxsu22m3nbqkup7oilz7rixj2jtmla",
                "inactive_state": "",
                "name": "SMTPTest",
                "state": "ACTIVE",
                "time_created": "2020-12-03 21:49:43.297 +0000 UTC"
              },
              {
                "compartment_id": "ocid1.tenancy.oc1..aaaaaaaaa3qmjxr43tjexx75r6gwk6vjw22ermohbw2vbxyhczksgjir7xdq",
                "defined_tags": {
                  "A-Team.Expires": "2020-03-10"
                },
                "description": "api developers in the sphinx compartment",
                "freeform_tags": {
                  "owner": "sphinx"
                },
                "id": "ocid1.group.oc1..aaaaaaaaqqg6hvnk5s3mml2xbi5fuanxrbbw7ip2qdaobty4uprevxhogyuq",
                "inactive_state": "",
                "name": "sphinx-api-developers",
                "state": "ACTIVE",
                "time_created": "2019-12-10 01:08:26.91 +0000 UTC"
              },
              {
                "compartment_id": "ocid1.tenancy.oc1..aaaaaaaaa3qmjxr43tjexx75r6gwk6vjw22ermohbw2vbxyhczksgjir7xdq",
                "defined_tags": {
                  "A-Team.Expires": "2020-01-23",
                  "A-Team.Owner": "uday.sambhara@oracle.com"
                },
                "description": "Group created during federation",
                "freeform_tags": {},
                "id": "ocid1.group.oc1..aaaaaaaai4piairpef6hi6a66xorqm3fhzdqdzntqcum2up2dcmkfihbmu7a",
                "inactive_state": "",
                "name": "Tag-Admins",
                "state": "ACTIVE",
                "time_created": "2019-10-23 16:38:13.723 +0000 UTC"
              },
              {
                "compartment_id": "ocid1.tenancy.oc1..aaaaaaaaa3qmjxr43tjexx75r6gwk6vjw22ermohbw2vbxyhczksgjir7xdq",
                "defined_tags": {
                  "A-Team.Creator": "oracleidentitycloudservice/jeevan.joseph@oracle.com",
                  "A-Team.Expires": "2020-08-05",
                  "A-Team.Owner": "jeevan.joseph@oracle.com"
                },
                "description": "admins at tehama - test",
                "freeform_tags": {},
                "id": "ocid1.group.oc1..aaaaaaaa3wkaljf3rqqicw3i3v3tor2kpkhiucviab6gb5kt7pk3utk7xiya",
                "inactive_state": "",
                "name": "tehama-admin",
                "state": "ACTIVE",
                "time_created": "2020-05-05 19:33:07.428 +0000 UTC"
              },
              {
                "compartment_id": "ocid1.tenancy.oc1..aaaaaaaaa3qmjxr43tjexx75r6gwk6vjw22ermohbw2vbxyhczksgjir7xdq",
                "defined_tags": {
                  "A-Team.Creator": "",
                  "A-Team.Expires": "2020-07-28"
                },
                "description": "test cotud",
                "freeform_tags": {},
                "id": "ocid1.group.oc1..aaaaaaaaftcnnabwu4orjldfnllqicvauvay2srfxfurgt722oql5b6d2rfa",
                "inactive_state": "",
                "name": "testcotud",
                "state": "ACTIVE",
                "time_created": "2020-04-28 09:17:41.678 +0000 UTC"
              },
              {
                "compartment_id": "ocid1.tenancy.oc1..aaaaaaaaa3qmjxr43tjexx75r6gwk6vjw22ermohbw2vbxyhczksgjir7xdq",
                "defined_tags": {
                  "A-Team.Creator": "oracleidentitycloudservice/manasi.vaishampayan@oracle.com",
                  "A-Team.Expires": "2020-11-06",
                  "A-Team.Owner": "manasi.vaishampayan@oracle.com"
                },
                "description": "To test resource move usecase",
                "freeform_tags": {},
                "id": "ocid1.group.oc1..aaaaaaaa2uku5jh45n5kjsuvyi22ter7f3jfll4qvpvy3o4gjn4bdfgthy4a",
                "inactive_state": "",
                "name": "TestGroup",
                "state": "ACTIVE",
                "time_created": "2020-08-06 15:58:45.107 +0000 UTC"
              },
              {
                "compartment_id": "ocid1.tenancy.oc1..aaaaaaaaa3qmjxr43tjexx75r6gwk6vjw22ermohbw2vbxyhczksgjir7xdq",
                "defined_tags": {
                  "A-Team.Creator": "oracleidentitycloudservice/mitsu.mehta@oracle.com",
                  "A-Team.Expires": "2021-02-13",
                  "A-Team.Owner": "mitsu.mehta@oracle.com"
                },
                "description": "Testing functions Mitsu",
                "freeform_tags": {},
                "id": "ocid1.group.oc1..aaaaaaaawdyj3rliinrnysaw5ke3yuxaxe56lowl3furgrjt3cixfj6ccvaa",
                "inactive_state": "",
                "name": "TestingFuncMM",
                "state": "ACTIVE",
                "time_created": "2020-11-13 21:48:48.285 +0000 UTC"
              },
              {
                "compartment_id": "ocid1.tenancy.oc1..aaaaaaaaa3qmjxr43tjexx75r6gwk6vjw22ermohbw2vbxyhczksgjir7xdq",
                "defined_tags": {
                  "A-Team.Creator": "oracleidentitycloudservice/richard.jacobs@oracle.com",
                  "A-Team.Expires": "2020-08-15",
                  "A-Team.Owner": "richard.jacobs@oracle.com"
                },
                "description": "testservicegroup",
                "freeform_tags": {},
                "id": "ocid1.group.oc1..aaaaaaaax5m2jb46iplfbezyi3glz5c5jfcr2htqbjsdcg7xmkmplmo6nl4q",
                "inactive_state": "",
                "name": "testservicegroup",
                "state": "ACTIVE",
                "time_created": "2020-05-15 17:53:42.468 +0000 UTC"
              },
              {
                "compartment_id": "ocid1.tenancy.oc1..aaaaaaaaa3qmjxr43tjexx75r6gwk6vjw22ermohbw2vbxyhczksgjir7xdq",
                "defined_tags": {
                  "A-Team.Expires": "2020-03-11"
                },
                "description": "test for tier-0",
                "freeform_tags": {},
                "id": "ocid1.group.oc1..aaaaaaaa2kvmks4jfhvbllkrix6lk2k6zw5tw2khq2fdxiylh32g33xxct3q",
                "inactive_state": "",
                "name": "tier-0-admins",
                "state": "ACTIVE",
                "time_created": "2019-12-11 16:12:44.858 +0000 UTC"
              },
              {
                "compartment_id": "ocid1.tenancy.oc1..aaaaaaaaa3qmjxr43tjexx75r6gwk6vjw22ermohbw2vbxyhczksgjir7xdq",
                "defined_tags": {
                  "A-Team.Creator": "oracleidentitycloudservice/tim.melander@oracle.com",
                  "A-Team.Expires": "2020-12-14",
                  "A-Team.Owner": "tim.melander@oracle.com"
                },
                "description": "Functions Development",
                "freeform_tags": {},
                "id": "ocid1.group.oc1..aaaaaaaal3t2ijg3olz53q3zbqgpihudk3pkmorl2u6rcy5l66xa5rybhxua",
                "inactive_state": "",
                "name": "timmelander-fn-dev",
                "state": "ACTIVE",
                "time_created": "2020-09-14 15:31:41.702 +0000 UTC"
              },
              {
                "compartment_id": "ocid1.tenancy.oc1..aaaaaaaaa3qmjxr43tjexx75r6gwk6vjw22ermohbw2vbxyhczksgjir7xdq",
                "defined_tags": {
                  "A-Team.Expires": "2020-01-21",
                  "A-Team.Owner": "uday.sambhara@oracle.com"
                },
                "description": "Demo Group for udays",
                "freeform_tags": {},
                "id": "ocid1.group.oc1..aaaaaaaayu27sfufmx2kc4imb5fljz7qt4tenvevsoym7hl3hanqqxoyotgq",
                "inactive_state": "",
                "name": "udaysGroup",
                "state": "ACTIVE",
                "time_created": "2019-10-21 21:32:44.52 +0000 UTC"
              },
              {
                "compartment_id": "ocid1.tenancy.oc1..aaaaaaaaa3qmjxr43tjexx75r6gwk6vjw22ermohbw2vbxyhczksgjir7xdq",
                "defined_tags": {
                  "A-Team.Creator": "oracleidentitycloudservice/ryan.cronk@oracle.com",
                  "A-Team.Expires": "2021-02-25",
                  "A-Team.Owner": "ryan.cronk@oracle.com"
                },
                "description": "Access to WS Test Range",
                "freeform_tags": {},
                "id": "ocid1.group.oc1..aaaaaaaa5glkmkphtafnyymohwn2p4tmsyg4oxcwfy5dwokpjmh75kxwrw7q",
                "inactive_state": "",
                "name": "WhiteSandsTesting",
                "state": "ACTIVE",
                "time_created": "2020-11-25 19:33:59.191 +0000 UTC"
              },
              {
                "compartment_id": "ocid1.tenancy.oc1..aaaaaaaaa3qmjxr43tjexx75r6gwk6vjw22ermohbw2vbxyhczksgjir7xdq",
                "defined_tags": {
                  "A-Team.Creator": "oracleidentitycloudservice/pulkit.sharma@oracle.com",
                  "A-Team.Expires": "2025-12-31",
                  "A-Team.Owner": "pulkit.sharma@oracle.com"
                },
                "description": "zolltestgrpoci",
                "freeform_tags": {},
                "id": "ocid1.group.oc1..aaaaaaaaaw72cqs6xbk25yvti7e3r5f3ztt2qbeji7j4ao7a7diebxcoxzoa",
                "inactive_state": "",
                "name": "zolltestgrpoci",
                "state": "ACTIVE",
                "time_created": "2020-08-28 18:41:22.916 +0000 UTC"
              }
            ],
            "id": "IdentityGroupsDataSource-358839365",
            "name": null,
            "state": null
          },
          "sensitive_attributes": []
        }
      ]
    },
    {
      "module": "module.functions_quickstart",
      "mode": "managed",
      "type": "oci_identity_group",
      "name": "groups",
      "provider": "provider[\"registry.terraform.io/hashicorp/oci\"].home",
      "instances": [
        {
          "index_key": "Functions-Group",
          "schema_version": 0,
          "attributes": {
            "compartment_id": "ocid1.tenancy.oc1..aaaaaaaaa3qmjxr43tjexx75r6gwk6vjw22ermohbw2vbxyhczksgjir7xdq",
            "defined_tags": {
              "A-Team.Creator": "oracleidentitycloudservice/venugopal.naik@oracle.com"
            },
            "description": "Functions Group",
            "freeform_tags": {},
            "id": "ocid1.group.oc1..aaaaaaaaap5y55k77ehgskq5dn4ppmemw7tsvzssk2jdlhtbgoev5pf4jqva",
            "inactive_state": null,
            "name": "Functions-Group",
            "state": "ACTIVE",
            "time_created": "2021-02-01 04:20:06.549 +0000 UTC",
            "timeouts": null
          },
          "sensitive_attributes": [],
          "private": "eyJlMmJmYjczMC1lY2FhLTExZTYtOGY4OC0zNDM2M2JjN2M0YzAiOnsiY3JlYXRlIjoxMjAwMDAwMDAwMDAwLCJkZWxldGUiOjEyMDAwMDAwMDAwMDAsInVwZGF0ZSI6MTIwMDAwMDAwMDAwMH19",
          "dependencies": [
            "data.oci_identity_region_subscriptions.this",
            "module.functions_compartment.data.oci_identity_groups.groups",
            "module.functions_compartment.oci_identity_compartment.compartments",
            "module.functions_compartment.oci_identity_dynamic_group.dynamic_groups",
            "module.functions_compartment.oci_identity_group.groups",
            "module.functions_compartment.oci_identity_policy.policies",
            "module.functions_compartment.oci_identity_user.users",
            "module.functions_compartment.oci_identity_user_group_membership.users_groups_membership",
            "module.functions_quickstart.oci_identity_compartment.compartments"
          ]
        }
      ]
    },
    {
      "module": "module.functions_quickstart",
      "mode": "managed",
      "type": "oci_identity_policy",
      "name": "policies",
      "provider": "provider[\"registry.terraform.io/hashicorp/oci\"].home",
      "instances": [
        {
          "index_key": "Functions-Policy",
          "schema_version": 0,
          "attributes": {
            "ETag": "c7c05f4df0cb966f150b42d5df665f73523fe745",
            "compartment_id": "ocid1.tenancy.oc1..aaaaaaaaa3qmjxr43tjexx75r6gwk6vjw22ermohbw2vbxyhczksgjir7xdq",
            "defined_tags": {
              "A-Team.Creator": "oracleidentitycloudservice/venugopal.naik@oracle.com"
            },
            "description": "Functions Policy",
            "freeform_tags": {},
            "id": "ocid1.policy.oc1..aaaaaaaadvd6y7mmpmtz6jnr3xl4a6igk54jiszri2i2zojr6db455jyttnq",
            "inactive_state": null,
            "lastUpdateETag": "c7c05f4df0cb966f150b42d5df665f73523fe745",
            "name": "Functions-Policy",
            "policyHash": "3254a9ae32e49ba515883bd4e093f3ff",
            "state": "ACTIVE",
            "statements": [
              "allow group Functions-Group to use cloud-shell in tenancy",
              "allow group Functions-Group to manage repos in tenancy",
              "allow group Functions-Group to read objectstorage-namespaces in tenancy",
              "allow group Functions-Group to read metrics in tenancy",
              "allow group Functions-Group to manage functions-family in tenancy",
              "allow group Functions-Group to use virtual-network-family in tenancy"
            ],
            "time_created": "2021-02-01 04:20:10.967 +0000 UTC",
            "timeouts": null,
            "version_date": "2021-02-01"
          },
          "sensitive_attributes": [],
          "private": "eyJlMmJmYjczMC1lY2FhLTExZTYtOGY4OC0zNDM2M2JjN2M0YzAiOnsiY3JlYXRlIjoxMjAwMDAwMDAwMDAwLCJkZWxldGUiOjEyMDAwMDAwMDAwMDAsInVwZGF0ZSI6MTIwMDAwMDAwMDAwMH19",
          "dependencies": [
            "data.oci_identity_region_subscriptions.this",
            "module.functions_compartment.data.oci_identity_groups.groups",
            "module.functions_compartment.oci_identity_compartment.compartments",
            "module.functions_compartment.oci_identity_dynamic_group.dynamic_groups",
            "module.functions_compartment.oci_identity_group.groups",
            "module.functions_compartment.oci_identity_policy.policies",
            "module.functions_compartment.oci_identity_user.users",
            "module.functions_compartment.oci_identity_user_group_membership.users_groups_membership",
            "module.functions_quickstart.oci_identity_compartment.compartments",
            "module.functions_quickstart.oci_identity_dynamic_group.dynamic_groups",
            "module.functions_quickstart.oci_identity_group.groups",
            "module.functions_quickstart.oci_identity_user.users"
          ]
        }
      ]
    },
    {
      "module": "module.functions_quickstart",
      "mode": "managed",
      "type": "oci_identity_user",
      "name": "users",
      "provider": "provider[\"registry.terraform.io/hashicorp/oci\"].home",
      "instances": [
        {
          "index_key": "Functions-User-01",
          "schema_version": 0,
          "attributes": {
            "capabilities": [
              {
                "can_use_api_keys": true,
                "can_use_auth_tokens": true,
                "can_use_console_password": true,
                "can_use_customer_secret_keys": true,
                "can_use_oauth2client_credentials": true,
                "can_use_smtp_credentials": true
              }
            ],
            "compartment_id": "ocid1.tenancy.oc1..aaaaaaaaa3qmjxr43tjexx75r6gwk6vjw22ermohbw2vbxyhczksgjir7xdq",
            "defined_tags": {
              "A-Team.Creator": "oracleidentitycloudservice/venugopal.naik@oracle.com"
            },
            "description": "Functions User",
            "email": "\u003cYour-Functions-User@oracle.com\u003e",
            "email_verified": false,
            "external_identifier": null,
            "freeform_tags": {},
            "id": "ocid1.user.oc1..aaaaaaaahah2npmc2lc4lqffcbx7ayrue6towzao4prvui52ijkun65gvcrq",
            "identity_provider_id": null,
            "inactive_state": null,
            "last_successful_login_time": null,
            "name": "Functions-User-01",
            "previous_successful_login_time": null,
            "state": "ACTIVE",
            "time_created": "2021-02-01 04:20:09.48 +0000 UTC",
            "timeouts": null
          },
          "sensitive_attributes": [],
          "private": "eyJlMmJmYjczMC1lY2FhLTExZTYtOGY4OC0zNDM2M2JjN2M0YzAiOnsiY3JlYXRlIjoxMjAwMDAwMDAwMDAwLCJkZWxldGUiOjEyMDAwMDAwMDAwMDAsInVwZGF0ZSI6MTIwMDAwMDAwMDAwMH19",
          "dependencies": [
            "data.oci_identity_region_subscriptions.this",
            "module.functions_compartment.data.oci_identity_groups.groups",
            "module.functions_compartment.oci_identity_compartment.compartments",
            "module.functions_compartment.oci_identity_dynamic_group.dynamic_groups",
            "module.functions_compartment.oci_identity_group.groups",
            "module.functions_compartment.oci_identity_policy.policies",
            "module.functions_compartment.oci_identity_user.users",
            "module.functions_compartment.oci_identity_user_group_membership.users_groups_membership",
            "module.functions_quickstart.oci_identity_compartment.compartments",
            "module.functions_quickstart.oci_identity_group.groups"
          ]
        }
      ]
    },
    {
      "module": "module.functions_quickstart",
      "mode": "managed",
      "type": "oci_identity_user_group_membership",
      "name": "users_groups_membership",
      "provider": "provider[\"registry.terraform.io/hashicorp/oci\"].home",
      "instances": [
        {
          "index_key": 0,
          "schema_version": 0,
          "attributes": {
            "compartment_id": "ocid1.tenancy.oc1..aaaaaaaaa3qmjxr43tjexx75r6gwk6vjw22ermohbw2vbxyhczksgjir7xdq",
            "group_id": "ocid1.group.oc1..aaaaaaaaap5y55k77ehgskq5dn4ppmemw7tsvzssk2jdlhtbgoev5pf4jqva",
            "id": "ocid1.groupmembership.oc1..aaaaaaaasrsrh6y72b5icxwsi5reqweugutzwzp2cjj7nh4zfng7mjcgstmq",
            "inactive_state": null,
            "state": "ACTIVE",
            "time_created": "2021-02-01 04:20:11.124 +0000 UTC",
            "timeouts": null,
            "user_id": "ocid1.user.oc1..aaaaaaaahah2npmc2lc4lqffcbx7ayrue6towzao4prvui52ijkun65gvcrq"
          },
          "sensitive_attributes": [],
          "private": "eyJlMmJmYjczMC1lY2FhLTExZTYtOGY4OC0zNDM2M2JjN2M0YzAiOnsiY3JlYXRlIjoxMjAwMDAwMDAwMDAwLCJkZWxldGUiOjEyMDAwMDAwMDAwMDAsInVwZGF0ZSI6MTIwMDAwMDAwMDAwMH19",
          "dependencies": [
            "data.oci_identity_region_subscriptions.this",
            "module.functions_compartment.data.oci_identity_groups.groups",
            "module.functions_compartment.oci_identity_compartment.compartments",
            "module.functions_compartment.oci_identity_dynamic_group.dynamic_groups",
            "module.functions_compartment.oci_identity_group.groups",
            "module.functions_compartment.oci_identity_policy.policies",
            "module.functions_compartment.oci_identity_user.users",
            "module.functions_compartment.oci_identity_user_group_membership.users_groups_membership",
            "module.functions_quickstart.data.oci_identity_groups.groups",
            "module.functions_quickstart.oci_identity_compartment.compartments",
            "module.functions_quickstart.oci_identity_group.groups",
            "module.functions_quickstart.oci_identity_user.users"
          ]
        }
      ]
    },
    {
      "module": "module.oci_network",
      "mode": "data",
      "type": "oci_core_services",
      "name": "this",
      "provider": "provider[\"registry.terraform.io/hashicorp/oci\"]",
      "instances": [
        {
          "schema_version": 0,
          "attributes": {
            "filter": null,
            "id": "CoreServicesDataSource-0",
            "services": [
              {
                "cidr_block": "oci-syd-objectstorage",
                "description": "OCI SYD Object Storage",
                "id": "ocid1.service.oc1.ap-sydney-1.aaaaaaaa6vvyrut32nvlvddwomq6f6mh4aawzytyt5vepj2ibvjcy32b77ua",
                "name": "OCI SYD Object Storage"
              },
              {
                "cidr_block": "all-syd-services-in-oracle-services-network",
                "description": "All SYD Services In Oracle Services Network",
                "id": "ocid1.service.oc1.ap-sydney-1.aaaaaaaaar6xfo4rtfjgv2mmjvo7u77zyr4uyqkc764f2t2jxwwayrjhsjyq",
                "name": "All SYD Services In Oracle Services Network"
              }
            ]
          },
          "sensitive_attributes": []
        }
      ]
    },
    {
      "module": "module.oci_network",
      "mode": "data",
      "type": "oci_identity_availability_domains",
      "name": "this",
      "provider": "provider[\"registry.terraform.io/hashicorp/oci\"]",
      "instances": [
        {
          "schema_version": 0,
          "attributes": {
            "availability_domains": [
              {
                "compartment_id": "ocid1.compartment.oc1..aaaaaaaacnmuyhg2mpb3z6v6egermq47nai3jk5qaoieg3ztinqhamalealq",
                "id": "ocid1.availabilitydomain.oc1..aaaaaaaalhnzffyixz4hyhp7gtcdskahy22cekpcgndvwdjffrdv6d5iqi5a",
                "name": "uFjs:AP-SYDNEY-1-AD-1"
              }
            ],
            "compartment_id": "ocid1.compartment.oc1..aaaaaaaacnmuyhg2mpb3z6v6egermq47nai3jk5qaoieg3ztinqhamalealq",
            "filter": null,
            "id": "IdentityAvailabilityDomainsDataSource-899358597"
          },
          "sensitive_attributes": []
        }
      ]
    },
    {
      "module": "module.oci_network",
      "mode": "managed",
      "type": "oci_core_internet_gateway",
      "name": "this",
      "provider": "provider[\"registry.terraform.io/hashicorp/oci\"]",
      "instances": [
        {
          "index_key": 0,
          "schema_version": 0,
          "attributes": {
            "compartment_id": "ocid1.compartment.oc1..aaaaaaaacnmuyhg2mpb3z6v6egermq47nai3jk5qaoieg3ztinqhamalealq",
            "defined_tags": {
              "A-Team.Creator": "oracleidentitycloudservice/venugopal.naik@oracle.com",
              "A-Team.Owner": "oracleidentitycloudservice/venugopal.naik@oracle.com"
            },
            "display_name": "igw",
            "enabled": true,
            "freeform_tags": {},
            "id": "ocid1.internetgateway.oc1.ap-sydney-1.aaaaaaaahrfjvkzynqkslk6fwyv7xd6lqh7ewht2iftzt4eiew2ag3rm66ya",
            "state": "AVAILABLE",
            "time_created": "2021-02-01 04:20:07.99 +0000 UTC",
            "timeouts": null,
            "vcn_id": "ocid1.vcn.oc1.ap-sydney-1.amaaaaaac3adhhqaobfgmwacrvihyg73dxvsaeojkvjloukn3h2gdubntnra"
          },
          "sensitive_attributes": [],
          "private": "eyJlMmJmYjczMC1lY2FhLTExZTYtOGY4OC0zNDM2M2JjN2M0YzAiOnsiY3JlYXRlIjoxMjAwMDAwMDAwMDAwLCJkZWxldGUiOjEyMDAwMDAwMDAwMDAsInVwZGF0ZSI6MTIwMDAwMDAwMDAwMH19",
          "dependencies": [
            "module.oci_network.oci_core_vcn.this"
          ]
        }
      ]
    },
    {
      "module": "module.oci_network",
      "mode": "managed",
      "type": "oci_core_route_table",
      "name": "this",
      "provider": "provider[\"registry.terraform.io/hashicorp/oci\"]",
      "instances": [
        {
          "index_key": 0,
          "schema_version": 0,
          "attributes": {
            "compartment_id": "ocid1.compartment.oc1..aaaaaaaacnmuyhg2mpb3z6v6egermq47nai3jk5qaoieg3ztinqhamalealq",
            "defined_tags": {
              "A-Team.Creator": "oracleidentitycloudservice/venugopal.naik@oracle.com",
              "A-Team.Owner": "oracleidentitycloudservice/venugopal.naik@oracle.com"
            },
            "display_name": "igw",
            "freeform_tags": {},
            "id": "ocid1.routetable.oc1.ap-sydney-1.aaaaaaaakhdfu7hjdlkt6sisab5sd33bpjoaporauef7wxzvioegki4zurnq",
            "route_rules": [
              {
                "cidr_block": "",
                "description": "",
                "destination": "0.0.0.0/0",
                "destination_type": "CIDR_BLOCK",
                "network_entity_id": "ocid1.internetgateway.oc1.ap-sydney-1.aaaaaaaahrfjvkzynqkslk6fwyv7xd6lqh7ewht2iftzt4eiew2ag3rm66ya"
              }
            ],
            "state": "AVAILABLE",
            "time_created": "2021-02-01 04:20:08.994 +0000 UTC",
            "timeouts": null,
            "vcn_id": "ocid1.vcn.oc1.ap-sydney-1.amaaaaaac3adhhqaobfgmwacrvihyg73dxvsaeojkvjloukn3h2gdubntnra"
          },
          "sensitive_attributes": [],
          "private": "eyJlMmJmYjczMC1lY2FhLTExZTYtOGY4OC0zNDM2M2JjN2M0YzAiOnsiY3JlYXRlIjoxMjAwMDAwMDAwMDAwLCJkZWxldGUiOjEyMDAwMDAwMDAwMDAsInVwZGF0ZSI6MTIwMDAwMDAwMDAwMH19",
          "dependencies": [
            "module.oci_network.oci_core_internet_gateway.this",
            "module.oci_network.oci_core_vcn.this"
          ]
        }
      ]
    },
    {
      "module": "module.oci_network",
      "mode": "managed",
      "type": "oci_core_vcn",
      "name": "this",
      "provider": "provider[\"registry.terraform.io/hashicorp/oci\"]",
      "instances": [
        {
          "index_key": 0,
          "schema_version": 0,
          "attributes": {
            "cidr_block": "10.0.0.0/24",
            "cidr_blocks": [
              "10.0.0.0/24"
            ],
            "compartment_id": "ocid1.compartment.oc1..aaaaaaaacnmuyhg2mpb3z6v6egermq47nai3jk5qaoieg3ztinqhamalealq",
            "default_dhcp_options_id": "ocid1.dhcpoptions.oc1.ap-sydney-1.aaaaaaaaagtnuz4ewlrcb6wxubtftkxozkhdtjhcddsr32m4bbvpaaylaanq",
            "default_route_table_id": "ocid1.routetable.oc1.ap-sydney-1.aaaaaaaarxf4qpjcwx4ghq7rbs2crafx76ez5ddzodneofgzzfp3yymwa57q",
            "default_security_list_id": "ocid1.securitylist.oc1.ap-sydney-1.aaaaaaaa5xtul63zsdpm2xl4cafq4f6hgnhizmaofruokmfjomlb53fr2jra",
            "defined_tags": {
              "A-Team.Creator": "oracleidentitycloudservice/venugopal.naik@oracle.com",
              "A-Team.Owner": "oracleidentitycloudservice/venugopal.naik@oracle.com"
            },
            "display_name": "simpletest",
            "dns_label": "simpletest",
            "freeform_tags": {},
            "id": "ocid1.vcn.oc1.ap-sydney-1.amaaaaaac3adhhqaobfgmwacrvihyg73dxvsaeojkvjloukn3h2gdubntnra",
            "ipv6cidr_block": null,
            "ipv6public_cidr_block": null,
            "is_ipv6enabled": null,
            "state": "AVAILABLE",
            "time_created": "2021-02-01 04:20:06.794 +0000 UTC",
            "timeouts": null,
            "vcn_domain_name": "simpletest.oraclevcn.com"
          },
          "sensitive_attributes": [],
          "private": "eyJlMmJmYjczMC1lY2FhLTExZTYtOGY4OC0zNDM2M2JjN2M0YzAiOnsiY3JlYXRlIjoxMjAwMDAwMDAwMDAwLCJkZWxldGUiOjEyMDAwMDAwMDAwMDAsInVwZGF0ZSI6MTIwMDAwMDAwMDAwMH19"
        }
      ]
    },
    {
      "module": "module.oci_subnets",
      "mode": "data",
      "type": "oci_identity_availability_domains",
      "name": "this",
      "provider": "provider[\"registry.terraform.io/hashicorp/oci\"]",
      "instances": [
        {
          "schema_version": 0,
          "attributes": {
            "availability_domains": [
              {
                "compartment_id": "ocid1.compartment.oc1..aaaaaaaacnmuyhg2mpb3z6v6egermq47nai3jk5qaoieg3ztinqhamalealq",
                "id": "ocid1.availabilitydomain.oc1..aaaaaaaalhnzffyixz4hyhp7gtcdskahy22cekpcgndvwdjffrdv6d5iqi5a",
                "name": "uFjs:AP-SYDNEY-1-AD-1"
              }
            ],
            "compartment_id": "ocid1.compartment.oc1..aaaaaaaacnmuyhg2mpb3z6v6egermq47nai3jk5qaoieg3ztinqhamalealq",
            "filter": null,
            "id": "IdentityAvailabilityDomainsDataSource-899358597"
          },
          "sensitive_attributes": []
        }
      ]
    },
    {
      "module": "module.oci_subnets",
      "mode": "managed",
      "type": "oci_core_subnet",
      "name": "this",
      "provider": "provider[\"registry.terraform.io/hashicorp/oci\"]",
      "instances": [
        {
          "index_key": 0,
          "schema_version": 0,
          "attributes": {
            "availability_domain": null,
            "cidr_block": "10.0.0.0/26",
            "compartment_id": "ocid1.compartment.oc1..aaaaaaaacnmuyhg2mpb3z6v6egermq47nai3jk5qaoieg3ztinqhamalealq",
            "defined_tags": {
              "A-Team.Creator": "oracleidentitycloudservice/venugopal.naik@oracle.com",
              "A-Team.Owner": "oracleidentitycloudservice/venugopal.naik@oracle.com"
            },
            "dhcp_options_id": "ocid1.dhcpoptions.oc1.ap-sydney-1.aaaaaaaaagtnuz4ewlrcb6wxubtftkxozkhdtjhcddsr32m4bbvpaaylaanq",
            "display_name": "public",
            "dns_label": "public",
            "freeform_tags": {},
            "id": "ocid1.subnet.oc1.ap-sydney-1.aaaaaaaa4pvggrwhir5fz3jp4zv3yfrcfaaykhqx4adgl7fx4blzqep7rraq",
            "ipv6cidr_block": null,
            "ipv6public_cidr_block": null,
            "ipv6virtual_router_ip": null,
            "prohibit_public_ip_on_vnic": false,
            "route_table_id": "ocid1.routetable.oc1.ap-sydney-1.aaaaaaaakhdfu7hjdlkt6sisab5sd33bpjoaporauef7wxzvioegki4zurnq",
            "security_list_ids": [
              "ocid1.securitylist.oc1.ap-sydney-1.aaaaaaaa5xtul63zsdpm2xl4cafq4f6hgnhizmaofruokmfjomlb53fr2jra"
            ],
            "state": "AVAILABLE",
            "subnet_domain_name": "public.simpletest.oraclevcn.com",
            "time_created": "2021-02-01 04:20:10.532 +0000 UTC",
            "timeouts": null,
            "vcn_id": "ocid1.vcn.oc1.ap-sydney-1.amaaaaaac3adhhqaobfgmwacrvihyg73dxvsaeojkvjloukn3h2gdubntnra",
            "virtual_router_ip": "10.0.0.1",
            "virtual_router_mac": "00:00:17:69:09:33"
          },
          "sensitive_attributes": [],
          "private": "eyJlMmJmYjczMC1lY2FhLTExZTYtOGY4OC0zNDM2M2JjN2M0YzAiOnsiY3JlYXRlIjoxMjAwMDAwMDAwMDAwLCJkZWxldGUiOjEyMDAwMDAwMDAwMDAsInVwZGF0ZSI6MTIwMDAwMDAwMDAwMH19",
          "dependencies": [
            "module.oci_network.oci_core_internet_gateway.this",
            "module.oci_network.oci_core_route_table.this",
            "module.oci_network.oci_core_vcn.this",
            "module.oci_subnets.data.oci_identity_availability_domains.this"
          ]
        }
      ]
    }
  ]
}
